{
  "version": 4,
  "terraform_version": "1.9.8",
  "serial": 169,
  "lineage": "cd5fded5-8b4b-6d68-4f63-b3d7b135a143",
  "outputs": {
    "bookinfo_raw_content": {
      "value": "apiVersion: v1\r\nkind: Service\r\nmetadata:\r\n  name: details\r\n  namespace: bookinfo\r\n  labels:\r\n    app: details\r\n    service: details\r\nspec:\r\n  ports:\r\n  - port: 9080\r\n    name: http\r\n  selector:\r\n    app: details\r\n---\r\napiVersion: v1\r\nkind: ServiceAccount\r\nmetadata:\r\n  name: bookinfo-details\r\n  namespace: bookinfo\r\n  labels:\r\n    account: details\r\n---\r\napiVersion: apps/v1\r\nkind: Deployment\r\nmetadata:\r\n  name: details-v1\r\n  namespace: bookinfo\r\n  labels:\r\n    app: details\r\n    version: v1\r\nspec:\r\n  replicas: 1\r\n  selector:\r\n    matchLabels:\r\n      app: details\r\n      version: v1\r\n  template:\r\n    metadata:\r\n      labels:\r\n        app: details\r\n        version: v1\r\n    spec:\r\n      serviceAccountName: bookinfo-details\r\n      containers:\r\n      - name: details\r\n        image: docker.io/istio/examples-bookinfo-details-v1:1.17.0\r\n        imagePullPolicy: IfNotPresent\r\n        ports:\r\n        - containerPort: 9080\r\n---\r\napiVersion: v1\r\nkind: Service\r\nmetadata:\r\n  name: ratings\r\n  namespace: bookinfo\r\n  labels:\r\n    app: ratings\r\n    service: ratings\r\nspec:\r\n  ports:\r\n  - port: 9080\r\n    name: http\r\n  selector:\r\n    app: ratings\r\n---\r\napiVersion: v1\r\nkind: ServiceAccount\r\nmetadata:\r\n  name: bookinfo-ratings\r\n  namespace: bookinfo\r\n  labels:\r\n    account: ratings\r\n---\r\napiVersion: apps/v1\r\nkind: Deployment\r\nmetadata:\r\n  name: ratings-v1\r\n  namespace: bookinfo\r\n  labels:\r\n    app: ratings\r\n    version: v1\r\nspec:\r\n  replicas: 1\r\n  selector:\r\n    matchLabels:\r\n      app: ratings\r\n      version: v1\r\n  template:\r\n    metadata:\r\n      labels:\r\n        app: ratings\r\n        version: v1\r\n    spec:\r\n      serviceAccountName: bookinfo-ratings\r\n      containers:\r\n      - name: ratings\r\n        image: docker.io/istio/examples-bookinfo-ratings-v1:1.17.0\r\n        imagePullPolicy: IfNotPresent\r\n        ports:\r\n        - containerPort: 9080\r\n---\r\napiVersion: v1\r\nkind: Service\r\nmetadata:\r\n  name: reviews\r\n  namespace: bookinfo\r\n  labels:\r\n    app: reviews\r\n    service: reviews\r\nspec:\r\n  ports:\r\n  - port: 9080\r\n    name: http\r\n  selector:\r\n    app: reviews\r\n---\r\napiVersion: v1\r\nkind: ServiceAccount\r\nmetadata:\r\n  name: bookinfo-reviews\r\n  namespace: bookinfo\r\n  labels:\r\n    account: reviews\r\n---\r\napiVersion: apps/v1\r\nkind: Deployment\r\nmetadata:\r\n  name: reviews-v1\r\n  namespace: bookinfo\r\n  labels:\r\n    app: reviews\r\n    version: v1\r\nspec:\r\n  replicas: 1\r\n  selector:\r\n    matchLabels:\r\n      app: reviews\r\n      version: v1\r\n  template:\r\n    metadata:\r\n      labels:\r\n        app: reviews\r\n        version: v1\r\n    spec:\r\n      serviceAccountName: bookinfo-reviews\r\n      containers:\r\n      - name: reviews\r\n        image: docker.io/istio/examples-bookinfo-reviews-v1:1.17.0\r\n        imagePullPolicy: IfNotPresent\r\n        ports:\r\n        - containerPort: 9080\r\n---\r\napiVersion: apps/v1\r\nkind: Deployment\r\nmetadata:\r\n  name: reviews-v2\r\n  namespace: bookinfo\r\n  labels:\r\n    app: reviews\r\n    version: v2\r\nspec:\r\n  replicas: 1\r\n  selector:\r\n    matchLabels:\r\n      app: reviews\r\n      version: v2\r\n  template:\r\n    metadata:\r\n      labels:\r\n        app: reviews\r\n        version: v2\r\n    spec:\r\n      serviceAccountName: bookinfo-reviews\r\n      containers:\r\n      - name: reviews\r\n        image: docker.io/istio/examples-bookinfo-reviews-v2:1.17.0\r\n        imagePullPolicy: IfNotPresent\r\n        ports:\r\n        - containerPort: 9080\r\n---\r\napiVersion: apps/v1\r\nkind: Deployment\r\nmetadata:\r\n  name: reviews-v3\r\n  namespace: bookinfo\r\n  labels:\r\n    app: reviews\r\n    version: v3\r\nspec:\r\n  replicas: 1\r\n  selector:\r\n    matchLabels:\r\n      app: reviews\r\n      version: v3\r\n  template:\r\n    metadata:\r\n      labels:\r\n        app: reviews\r\n        version: v3\r\n    spec:\r\n      serviceAccountName: bookinfo-reviews\r\n      containers:\r\n      - name: reviews\r\n        image: docker.io/istio/examples-bookinfo-reviews-v3:1.17.0\r\n        imagePullPolicy: IfNotPresent\r\n        ports:\r\n        - containerPort: 9080\r\n---\r\napiVersion: v1\r\nkind: Service\r\nmetadata:\r\n  name: productpage\r\n  namespace: bookinfo\r\n  labels:\r\n    app: productpage\r\n    service: productpage\r\nspec:\r\n  ports:\r\n  - port: 9080\r\n    name: http\r\n  selector:\r\n    app: productpage\r\n---\r\napiVersion: v1\r\nkind: ServiceAccount\r\nmetadata:\r\n  name: bookinfo-productpage\r\n  namespace: bookinfo\r\n  labels:\r\n    account: productpage\r\n---\r\napiVersion: apps/v1\r\nkind: Deployment\r\nmetadata:\r\n  name: productpage-v1\r\n  namespace: bookinfo\r\n  labels:\r\n    app: productpage\r\n    version: v1\r\nspec:\r\n  replicas: 1\r\n  selector:\r\n    matchLabels:\r\n      app: productpage\r\n      version: v1\r\n  template:\r\n    metadata:\r\n      labels:\r\n        app: productpage\r\n        version: v1\r\n    spec:\r\n      serviceAccountName: bookinfo-productpage\r\n      containers:\r\n      - name: productpage\r\n        image: docker.io/istio/examples-bookinfo-productpage-v1:1.17.0\r\n        imagePullPolicy: IfNotPresent\r\n        ports:\r\n        - containerPort: 9080",
      "type": "string",
      "sensitive": true
    },
    "bookinfo_split_debug": {
      "value": [
        "apiVersion: v1\r\nkind: Service\r\nmetadata:\r\n  name: details\r\n  namespace: bookinfo\r\n  labels:\r\n    app: details\r\n    service: details\r\nspec:\r\n  ports:\r\n  - port: 9080\r\n    name: http\r\n  selector:\r\n    app: details\r\n---\r\napiVersion: v1\r\nkind: ServiceAccount\r\nmetadata:\r\n  name: bookinfo-details\r\n  namespace: bookinfo\r\n  labels:\r\n    account: details\r\n---\r\napiVersion: apps/v1\r\nkind: Deployment\r\nmetadata:\r\n  name: details-v1\r\n  namespace: bookinfo\r\n  labels:\r\n    app: details\r\n    version: v1\r\nspec:\r\n  replicas: 1\r\n  selector:\r\n    matchLabels:\r\n      app: details\r\n      version: v1\r\n  template:\r\n    metadata:\r\n      labels:\r\n        app: details\r\n        version: v1\r\n    spec:\r\n      serviceAccountName: bookinfo-details\r\n      containers:\r\n      - name: details\r\n        image: docker.io/istio/examples-bookinfo-details-v1:1.17.0\r\n        imagePullPolicy: IfNotPresent\r\n        ports:\r\n        - containerPort: 9080\r\n---\r\napiVersion: v1\r\nkind: Service\r\nmetadata:\r\n  name: ratings\r\n  namespace: bookinfo\r\n  labels:\r\n    app: ratings\r\n    service: ratings\r\nspec:\r\n  ports:\r\n  - port: 9080\r\n    name: http\r\n  selector:\r\n    app: ratings\r\n---\r\napiVersion: v1\r\nkind: ServiceAccount\r\nmetadata:\r\n  name: bookinfo-ratings\r\n  namespace: bookinfo\r\n  labels:\r\n    account: ratings\r\n---\r\napiVersion: apps/v1\r\nkind: Deployment\r\nmetadata:\r\n  name: ratings-v1\r\n  namespace: bookinfo\r\n  labels:\r\n    app: ratings\r\n    version: v1\r\nspec:\r\n  replicas: 1\r\n  selector:\r\n    matchLabels:\r\n      app: ratings\r\n      version: v1\r\n  template:\r\n    metadata:\r\n      labels:\r\n        app: ratings\r\n        version: v1\r\n    spec:\r\n      serviceAccountName: bookinfo-ratings\r\n      containers:\r\n      - name: ratings\r\n        image: docker.io/istio/examples-bookinfo-ratings-v1:1.17.0\r\n        imagePullPolicy: IfNotPresent\r\n        ports:\r\n        - containerPort: 9080\r\n---\r\napiVersion: v1\r\nkind: Service\r\nmetadata:\r\n  name: reviews\r\n  namespace: bookinfo\r\n  labels:\r\n    app: reviews\r\n    service: reviews\r\nspec:\r\n  ports:\r\n  - port: 9080\r\n    name: http\r\n  selector:\r\n    app: reviews\r\n---\r\napiVersion: v1\r\nkind: ServiceAccount\r\nmetadata:\r\n  name: bookinfo-reviews\r\n  namespace: bookinfo\r\n  labels:\r\n    account: reviews\r\n---\r\napiVersion: apps/v1\r\nkind: Deployment\r\nmetadata:\r\n  name: reviews-v1\r\n  namespace: bookinfo\r\n  labels:\r\n    app: reviews\r\n    version: v1\r\nspec:\r\n  replicas: 1\r\n  selector:\r\n    matchLabels:\r\n      app: reviews\r\n      version: v1\r\n  template:\r\n    metadata:\r\n      labels:\r\n        app: reviews\r\n        version: v1\r\n    spec:\r\n      serviceAccountName: bookinfo-reviews\r\n      containers:\r\n      - name: reviews\r\n        image: docker.io/istio/examples-bookinfo-reviews-v1:1.17.0\r\n        imagePullPolicy: IfNotPresent\r\n        ports:\r\n        - containerPort: 9080\r\n---\r\napiVersion: apps/v1\r\nkind: Deployment\r\nmetadata:\r\n  name: reviews-v2\r\n  namespace: bookinfo\r\n  labels:\r\n    app: reviews\r\n    version: v2\r\nspec:\r\n  replicas: 1\r\n  selector:\r\n    matchLabels:\r\n      app: reviews\r\n      version: v2\r\n  template:\r\n    metadata:\r\n      labels:\r\n        app: reviews\r\n        version: v2\r\n    spec:\r\n      serviceAccountName: bookinfo-reviews\r\n      containers:\r\n      - name: reviews\r\n        image: docker.io/istio/examples-bookinfo-reviews-v2:1.17.0\r\n        imagePullPolicy: IfNotPresent\r\n        ports:\r\n        - containerPort: 9080\r\n---\r\napiVersion: apps/v1\r\nkind: Deployment\r\nmetadata:\r\n  name: reviews-v3\r\n  namespace: bookinfo\r\n  labels:\r\n    app: reviews\r\n    version: v3\r\nspec:\r\n  replicas: 1\r\n  selector:\r\n    matchLabels:\r\n      app: reviews\r\n      version: v3\r\n  template:\r\n    metadata:\r\n      labels:\r\n        app: reviews\r\n        version: v3\r\n    spec:\r\n      serviceAccountName: bookinfo-reviews\r\n      containers:\r\n      - name: reviews\r\n        image: docker.io/istio/examples-bookinfo-reviews-v3:1.17.0\r\n        imagePullPolicy: IfNotPresent\r\n        ports:\r\n        - containerPort: 9080\r\n---\r\napiVersion: v1\r\nkind: Service\r\nmetadata:\r\n  name: productpage\r\n  namespace: bookinfo\r\n  labels:\r\n    app: productpage\r\n    service: productpage\r\nspec:\r\n  ports:\r\n  - port: 9080\r\n    name: http\r\n  selector:\r\n    app: productpage\r\n---\r\napiVersion: v1\r\nkind: ServiceAccount\r\nmetadata:\r\n  name: bookinfo-productpage\r\n  namespace: bookinfo\r\n  labels:\r\n    account: productpage\r\n---\r\napiVersion: apps/v1\r\nkind: Deployment\r\nmetadata:\r\n  name: productpage-v1\r\n  namespace: bookinfo\r\n  labels:\r\n    app: productpage\r\n    version: v1\r\nspec:\r\n  replicas: 1\r\n  selector:\r\n    matchLabels:\r\n      app: productpage\r\n      version: v1\r\n  template:\r\n    metadata:\r\n      labels:\r\n        app: productpage\r\n        version: v1\r\n    spec:\r\n      serviceAccountName: bookinfo-productpage\r\n      containers:\r\n      - name: productpage\r\n        image: docker.io/istio/examples-bookinfo-productpage-v1:1.17.0\r\n        imagePullPolicy: IfNotPresent\r\n        ports:\r\n        - containerPort: 9080: apiVersion: v1\r\nkind: Service\r\nmetadata:\r\n  name: det..."
      ],
      "type": [
        "tuple",
        [
          "string"
        ]
      ]
    }
  },
  "resources": [
    {
      "mode": "managed",
      "type": "helm_release",
      "name": "istio_base",
      "provider": "provider[\"registry.terraform.io/hashicorp/helm\"]",
      "instances": [
        {
          "schema_version": 1,
          "attributes": {
            "atomic": false,
            "chart": "base",
            "cleanup_on_fail": false,
            "create_namespace": false,
            "dependency_update": false,
            "description": null,
            "devel": null,
            "disable_crd_hooks": false,
            "disable_openapi_validation": false,
            "disable_webhooks": false,
            "force_update": false,
            "id": "istio-base",
            "keyring": null,
            "lint": false,
            "manifest": null,
            "max_history": 0,
            "metadata": [
              {
                "app_version": "1.20.0",
                "chart": "base",
                "name": "istio-base",
                "namespace": "istio-system",
                "revision": 1,
                "values": "null",
                "version": "1.20.0"
              }
            ],
            "name": "istio-base",
            "namespace": "istio-system",
            "pass_credentials": false,
            "postrender": [],
            "recreate_pods": false,
            "render_subchart_notes": true,
            "replace": false,
            "repository": "https://istio-release.storage.googleapis.com/charts",
            "repository_ca_file": null,
            "repository_cert_file": null,
            "repository_key_file": null,
            "repository_password": null,
            "repository_username": null,
            "reset_values": false,
            "reuse_values": false,
            "set": [],
            "set_sensitive": [],
            "skip_crds": false,
            "status": "deployed",
            "timeout": 900,
            "values": null,
            "verify": false,
            "version": "1.20.0",
            "wait": true,
            "wait_for_jobs": false
          },
          "sensitive_attributes": [
            [
              {
                "type": "get_attr",
                "value": "repository_password"
              }
            ]
          ],
          "private": "eyJzY2hlbWFfdmVyc2lvbiI6IjEifQ==",
          "dependencies": [
            "kind_cluster.istio_cluster",
            "kubectl_manifest.namespace_istio"
          ]
        }
      ]
    },
    {
      "mode": "managed",
      "type": "helm_release",
      "name": "istio_ingress",
      "provider": "provider[\"registry.terraform.io/hashicorp/helm\"]",
      "instances": [
        {
          "schema_version": 1,
          "attributes": {
            "atomic": false,
            "chart": "gateway",
            "cleanup_on_fail": false,
            "create_namespace": false,
            "dependency_update": false,
            "description": null,
            "devel": null,
            "disable_crd_hooks": false,
            "disable_openapi_validation": false,
            "disable_webhooks": false,
            "force_update": false,
            "id": "istio-ingressgateway",
            "keyring": null,
            "lint": false,
            "manifest": null,
            "max_history": 0,
            "metadata": [
              {
                "app_version": "1.20.0",
                "chart": "gateway",
                "name": "istio-ingressgateway",
                "namespace": "istio-system",
                "revision": 1,
                "values": "{\"service\":{\"ports\":[{\"name\":\"http2\",\"nodePort\":30000,\"port\":80,\"targetPort\":80},{\"name\":\"https\",\"nodePort\":30001,\"port\":443,\"targetPort\":443}],\"type\":\"NodePort\"}}",
                "version": "1.20.0"
              }
            ],
            "name": "istio-ingressgateway",
            "namespace": "istio-system",
            "pass_credentials": false,
            "postrender": [],
            "recreate_pods": false,
            "render_subchart_notes": true,
            "replace": false,
            "repository": "https://istio-release.storage.googleapis.com/charts",
            "repository_ca_file": null,
            "repository_cert_file": null,
            "repository_key_file": null,
            "repository_password": null,
            "repository_username": null,
            "reset_values": false,
            "reuse_values": false,
            "set": [
              {
                "name": "service.ports[0].name",
                "type": "",
                "value": "http2"
              },
              {
                "name": "service.ports[0].nodePort",
                "type": "",
                "value": "30000"
              },
              {
                "name": "service.ports[0].port",
                "type": "",
                "value": "80"
              },
              {
                "name": "service.ports[0].targetPort",
                "type": "",
                "value": "80"
              },
              {
                "name": "service.ports[1].name",
                "type": "",
                "value": "https"
              },
              {
                "name": "service.ports[1].nodePort",
                "type": "",
                "value": "30001"
              },
              {
                "name": "service.ports[1].port",
                "type": "",
                "value": "443"
              },
              {
                "name": "service.ports[1].targetPort",
                "type": "",
                "value": "443"
              },
              {
                "name": "service.type",
                "type": "",
                "value": "NodePort"
              }
            ],
            "set_sensitive": [],
            "skip_crds": false,
            "status": "deployed",
            "timeout": 900,
            "values": null,
            "verify": false,
            "version": "1.20.0",
            "wait": true,
            "wait_for_jobs": false
          },
          "sensitive_attributes": [
            [
              {
                "type": "get_attr",
                "value": "repository_password"
              }
            ]
          ],
          "private": "eyJzY2hlbWFfdmVyc2lvbiI6IjEifQ==",
          "dependencies": [
            "helm_release.istio_base",
            "helm_release.istiod",
            "kind_cluster.istio_cluster",
            "kubectl_manifest.namespace_istio"
          ]
        }
      ]
    },
    {
      "mode": "managed",
      "type": "helm_release",
      "name": "istiod",
      "provider": "provider[\"registry.terraform.io/hashicorp/helm\"]",
      "instances": [
        {
          "schema_version": 1,
          "attributes": {
            "atomic": false,
            "chart": "istiod",
            "cleanup_on_fail": false,
            "create_namespace": false,
            "dependency_update": false,
            "description": null,
            "devel": null,
            "disable_crd_hooks": false,
            "disable_openapi_validation": false,
            "disable_webhooks": false,
            "force_update": false,
            "id": "istiod",
            "keyring": null,
            "lint": false,
            "manifest": null,
            "max_history": 0,
            "metadata": [
              {
                "app_version": "1.20.0",
                "chart": "istiod",
                "name": "istiod",
                "namespace": "istio-system",
                "revision": 1,
                "values": "null",
                "version": "1.20.0"
              }
            ],
            "name": "istiod",
            "namespace": "istio-system",
            "pass_credentials": false,
            "postrender": [],
            "recreate_pods": false,
            "render_subchart_notes": true,
            "replace": false,
            "repository": "https://istio-release.storage.googleapis.com/charts",
            "repository_ca_file": null,
            "repository_cert_file": null,
            "repository_key_file": null,
            "repository_password": null,
            "repository_username": null,
            "reset_values": false,
            "reuse_values": false,
            "set": [],
            "set_sensitive": [],
            "skip_crds": false,
            "status": "deployed",
            "timeout": 900,
            "values": null,
            "verify": false,
            "version": "1.20.0",
            "wait": true,
            "wait_for_jobs": false
          },
          "sensitive_attributes": [
            [
              {
                "type": "get_attr",
                "value": "repository_password"
              }
            ]
          ],
          "private": "eyJzY2hlbWFfdmVyc2lvbiI6IjEifQ==",
          "dependencies": [
            "helm_release.istio_base",
            "kind_cluster.istio_cluster",
            "kubectl_manifest.namespace_istio"
          ]
        }
      ]
    },
    {
      "mode": "managed",
      "type": "helm_release",
      "name": "keycloak",
      "provider": "provider[\"registry.terraform.io/hashicorp/helm\"]",
      "instances": [
        {
          "schema_version": 1,
          "attributes": {
            "atomic": false,
            "chart": "keycloak",
            "cleanup_on_fail": false,
            "create_namespace": true,
            "dependency_update": false,
            "description": null,
            "devel": null,
            "disable_crd_hooks": false,
            "disable_openapi_validation": false,
            "disable_webhooks": false,
            "force_update": false,
            "id": "keycloak",
            "keyring": null,
            "lint": false,
            "manifest": null,
            "max_history": 0,
            "metadata": [
              {
                "app_version": "22.0.5",
                "chart": "keycloak",
                "name": "keycloak",
                "namespace": "keycloak",
                "revision": 1,
                "values": "{\"auth\":{\"adminPassword\":\"admin123\",\"adminUser\":\"admin\"},\"service\":{\"nodePorts\":{\"http\":30002},\"type\":\"NodePort\"}}",
                "version": "17.3.6"
              }
            ],
            "name": "keycloak",
            "namespace": "keycloak",
            "pass_credentials": false,
            "postrender": [],
            "recreate_pods": false,
            "render_subchart_notes": true,
            "replace": false,
            "repository": "https://charts.bitnami.com/bitnami",
            "repository_ca_file": null,
            "repository_cert_file": null,
            "repository_key_file": null,
            "repository_password": null,
            "repository_username": null,
            "reset_values": false,
            "reuse_values": false,
            "set": [
              {
                "name": "auth.adminPassword",
                "type": "",
                "value": "admin123"
              },
              {
                "name": "auth.adminUser",
                "type": "",
                "value": "admin"
              },
              {
                "name": "service.nodePorts.http",
                "type": "",
                "value": "30002"
              },
              {
                "name": "service.type",
                "type": "",
                "value": "NodePort"
              }
            ],
            "set_sensitive": [],
            "skip_crds": false,
            "status": "deployed",
            "timeout": 900,
            "values": null,
            "verify": false,
            "version": "17.3.6",
            "wait": true,
            "wait_for_jobs": false
          },
          "sensitive_attributes": [
            [
              {
                "type": "get_attr",
                "value": "repository_password"
              }
            ]
          ],
          "private": "eyJzY2hlbWFfdmVyc2lvbiI6IjEifQ==",
          "dependencies": [
            "kind_cluster.istio_cluster",
            "kubectl_manifest.namespace_keycloak"
          ]
        }
      ]
    },
    {
      "mode": "managed",
      "type": "kind_cluster",
      "name": "istio_cluster",
      "provider": "provider[\"registry.terraform.io/tehcyx/kind\"]",
      "instances": [
        {
          "schema_version": 0,
          "attributes": {
            "client_certificate": "-----BEGIN CERTIFICATE-----\nMIIDITCCAgmgAwIBAgIIIs3JuKUmWCIwDQYJKoZIhvcNAQELBQAwFTETMBEGA1UE\nAxMKa3ViZXJuZXRlczAeFw0yNDEyMDIyMzUwMzBaFw0yNTEyMDIyMzUwMzFaMDQx\nFzAVBgNVBAoTDnN5c3RlbTptYXN0ZXJzMRkwFwYDVQQDExBrdWJlcm5ldGVzLWFk\nbWluMIIBIjANBgkqhkiG9w0BAQEFAAOCAQ8AMIIBCgKCAQEAvHMCmdQsf8EAkj+r\nyMC+DCV3TM5gEf3zZNJPT/0rlGeOJOYj05lpABqB0jayhSKprBBj6dOYG2Bt43N3\n/RyeAPYwb8vzUqRjboUdj6dQLBCxBzgT8ycQ0CefX584TSluaYFs3fVuqVEI2Wb4\nNBFwb1boBWr6cCG/ngkfU+qtAJgrJ9y9wXhXWCat96cR/HpP7rQZL+P2PMauWsfS\n8OcLRbyX2go0zY/AgYK0VB4mRrDhxEdeslxpEczuxphBU62mLBytQY/5PLrn33F+\nZMKPmcIrn1xw+5mQo/W+v3AJcKavvtRiPBkSj+MGQ65YJEq/fPxCDJELSlX+ZJkO\nXhDKHQIDAQABo1YwVDAOBgNVHQ8BAf8EBAMCBaAwEwYDVR0lBAwwCgYIKwYBBQUH\nAwIwDAYDVR0TAQH/BAIwADAfBgNVHSMEGDAWgBSlkpCnDq3FP//UgF/7sN+Q0n8L\nrjANBgkqhkiG9w0BAQsFAAOCAQEAW3Q9ijduS9imnCEPqS6QE0tpAOhs+lMQdYbY\nJ/R5FxDA04GtrtSm1/jYkN0A6QLjn+eDDl9z7dM32t7VqQsBtxELiXhyq2AFojpL\n1rHWH32FlumcnXnQngg679LplbuF/3w6XI9q0QcS1flPSrZ/bMfzvk7za6dP9mXp\nNX+xWOnoDbgOJxbrcW0WUtTQelNc6inu7Ce1hC5S1EStcN8FPSCjh5MQ30mHBcSp\nzweW4pZjszJ4v+MIXJ3uGg11xKGL4U4bFKb3Z0uPRtP3rIO9iJQyLYuQNTl6CPBh\nU5Ax29dudTqou0RHTfMDGhjm5IVO5gJS9pUxdAgMiElc6sFwDQ==\n-----END CERTIFICATE-----\n",
            "client_key": "-----BEGIN RSA PRIVATE KEY-----\nMIIEowIBAAKCAQEAvHMCmdQsf8EAkj+ryMC+DCV3TM5gEf3zZNJPT/0rlGeOJOYj\n05lpABqB0jayhSKprBBj6dOYG2Bt43N3/RyeAPYwb8vzUqRjboUdj6dQLBCxBzgT\n8ycQ0CefX584TSluaYFs3fVuqVEI2Wb4NBFwb1boBWr6cCG/ngkfU+qtAJgrJ9y9\nwXhXWCat96cR/HpP7rQZL+P2PMauWsfS8OcLRbyX2go0zY/AgYK0VB4mRrDhxEde\nslxpEczuxphBU62mLBytQY/5PLrn33F+ZMKPmcIrn1xw+5mQo/W+v3AJcKavvtRi\nPBkSj+MGQ65YJEq/fPxCDJELSlX+ZJkOXhDKHQIDAQABAoIBAEbmencHxco3AhEE\nFYyNP7NwMSdbifea9QTcv2xX0xqdr3QghiApWsDoOCmv3JCMjwumiwDBVDwQlqd5\nnQ5EwwmXlnepYx2XrbU6LfoLN/WsPf56Ub8s1n2KOsMOM2+Mg/b788q6eW0IiOzK\ned2VJhktuFO5gQnJGL/LrNa0t2w+LXzMlv/7lIb8njYBUPrXnhq3BBhuG/a73Tjz\noYRoqicbq7SLbMDZxmSZENJkQllV69Oss3DuyAFvu3gO85UBdGzCG+1qN3FlfvCs\nT9uTc/QAuAsEaYzbJrODS2s02Zuj4VLH7qWh/DOoip9yhIFXzxqQrqVD0jHgLmSy\npGyM4EECgYEA+UV9JGkmI5QxWoDrw+4reJLGqfXHjscd2+82DG+pt+SmxOQiwJKR\ndDvb+jgu2o52yz7AIGiMhbgrFbgS692s2+ks3mhg+rJXzQkbUQZZuv7XGT7iicQm\nsA74Sg2rCtigfIwZxnGdNmvYQ+bGr0DHs6L6heMlKNcEg1k4WR1zPK0CgYEAwYk6\nm8IXaVfoG2xap6T2IlkaKf4BPVRKxI/A+Bnz/RfUGuifpVt5e69RrhTdC887Smgp\nR+1SqoED+9cQVnfvEBIiOnpOqYh6NnFCyaWEAZkS1glszhaaDgoykrnC3jdec4AL\nW9mYF22irsLOo3XMHQKIHOKeYUkcF1/MDQYLgTECgYB3wvIYD0jaqTV5FR2xGfna\nyTIXsFU7fOEUrP5bxT5Wcs3JJQ6pVQH7RVMwCdRA/1eF2NU3/OMez9grbC/zEKMf\nWQ1MofuOFydmBC0Spalw1UWFBJiUtiAcUGTsN1rpMCETFcDAfg+ZeQEDxpnI06fe\n37vbncFZuMybSr9u2V5nVQKBgQCd85DItFSFHkCJuRoXvnM/PzcyVGLQme3XlHdq\nRUwzIHJ0b6xzuT9hqYlhKRfq3nvGU1J1qIQSMe99Z12nJIUQuawDy/RNOtx7eF6I\n0jP1VefglZqebCXZFYuG4mLfF5NXcoZStTkCzfC67rTVBXvLpVhPMskOHyv1C7Mu\nYeOb0QKBgAWRZLBbGEnIkcyRD68cdy/axjihZTKICgmphYS4XDTL4f4/RfMPArD2\nEFj+VbqDgC2SoXITs3ApFEZeg1Fuzi5eFgiOlzEnzmmncYZiQnUzlJW3JvcWBItE\n0XQg/Y0GpUWZiXcHg1OTJjNJZLoh7SMz7p67YXpX6AIs8Gr4I7Gi\n-----END RSA PRIVATE KEY-----\n",
            "cluster_ca_certificate": "-----BEGIN CERTIFICATE-----\nMIIC/jCCAeagAwIBAgIBADANBgkqhkiG9w0BAQsFADAVMRMwEQYDVQQDEwprdWJl\ncm5ldGVzMB4XDTI0MTIwMjIzNTAzMFoXDTM0MTEzMDIzNTAzMFowFTETMBEGA1UE\nAxMKa3ViZXJuZXRlczCCASIwDQYJKoZIhvcNAQEBBQADggEPADCCAQoCggEBAKEt\n3AOB502GoFHCRYXQRwW9jXaaGggHPdlgmEG/se+eCiDkbQUE8D7Mm2ZJMqG7EYXS\n6rKSpOQ+IuhyTSVGLPhREbx44P9brqd0UOglbnq13TWq7dNqQp7qHTn54Eg2WCbo\nVQagVAvKojli28v/e4wEF3eDuz84bX3p/p+OyjHPi3EpU/wZEVrDDPO+hYN5rftf\nRrxqX7OFep//xiWEAh9pNC3CWd0NFrTwLnr/SPgs6s5bKiyaqoz+DnMKSBYgjUMt\nZi/VMM5ZVb//rmujvlfeEkeZeFSPbkx5r13kNgDcaxjlJnu3Q7hTo7W/KxHGGqo2\nuuOWjncSSFYP63tyM9ECAwEAAaNZMFcwDgYDVR0PAQH/BAQDAgKkMA8GA1UdEwEB\n/wQFMAMBAf8wHQYDVR0OBBYEFKWSkKcOrcU//9SAX/uw35DSfwuuMBUGA1UdEQQO\nMAyCCmt1YmVybmV0ZXMwDQYJKoZIhvcNAQELBQADggEBACsPaJ8IB3hTxnDQah49\nUAHI5RWvU3V8qpwlH7iF+g2iY6BWNaTZL/ylcryIBdWJvD1abldiEtI3xDfm1dSO\nNnt5acUgfMhQ5s36lkojon6ux22nN2vUeAXJq8CZzh1i4VhMveAZKFkXgJvWJ2RC\nKzY4o7pwEW8G4i3DGhdnuzYwiq3KaM2lM3aYHSESnaEboiyuwa6oTywNWiNYqjhY\n0bKqy3aoTTfrQapVyrhAxsJPr7frGdBYj67rJohzDEAlUwHqLBkXLmO4rli+WaiU\nUx5QiZZu7QFA+69IgmrMaAZRF62eNh1DQ5w60ukIxJW2LMhiz2QhD7dGyUrDjYdj\ng4E=\n-----END CERTIFICATE-----\n",
            "completed": true,
            "endpoint": "https://127.0.0.1:60896",
            "id": "istio-cluster-1-kindest/node:v1.27.3",
            "kind_config": [
              {
                "api_version": "kind.x-k8s.io/v1alpha4",
                "containerd_config_patches": [],
                "feature_gates": {},
                "kind": "Cluster",
                "networking": [
                  {
                    "api_server_address": "127.0.0.1",
                    "api_server_port": 0,
                    "disable_default_cni": false,
                    "dns_search": [],
                    "ip_family": "",
                    "kube_proxy_mode": "",
                    "pod_subnet": "",
                    "service_subnet": ""
                  }
                ],
                "node": [
                  {
                    "extra_mounts": [],
                    "extra_port_mappings": [
                      {
                        "container_port": 30000,
                        "host_port": 30000,
                        "listen_address": "",
                        "protocol": "TCP"
                      },
                      {
                        "container_port": 30001,
                        "host_port": 30001,
                        "listen_address": "",
                        "protocol": "TCP"
                      },
                      {
                        "container_port": 30002,
                        "host_port": 30002,
                        "listen_address": "",
                        "protocol": "TCP"
                      }
                    ],
                    "image": "",
                    "kubeadm_config_patches": [],
                    "labels": {},
                    "role": "control-plane"
                  },
                  {
                    "extra_mounts": [],
                    "extra_port_mappings": [],
                    "image": "",
                    "kubeadm_config_patches": [],
                    "labels": {},
                    "role": "worker"
                  }
                ],
                "runtime_config": {}
              }
            ],
            "kubeconfig": "apiVersion: v1\nclusters:\n- cluster:\n    certificate-authority-data: LS0tLS1CRUdJTiBDRVJUSUZJQ0FURS0tLS0tCk1JSUMvakNDQWVhZ0F3SUJBZ0lCQURBTkJna3Foa2lHOXcwQkFRc0ZBREFWTVJNd0VRWURWUVFERXdwcmRXSmwKY201bGRHVnpNQjRYRFRJME1USXdNakl6TlRBek1Gb1hEVE0wTVRFek1ESXpOVEF6TUZvd0ZURVRNQkVHQTFVRQpBeE1LYTNWaVpYSnVaWFJsY3pDQ0FTSXdEUVlKS29aSWh2Y05BUUVCQlFBRGdnRVBBRENDQVFvQ2dnRUJBS0V0CjNBT0I1MDJHb0ZIQ1JZWFFSd1c5alhhYUdnZ0hQZGxnbUVHL3NlK2VDaURrYlFVRThEN01tMlpKTXFHN0VZWFMKNnJLU3BPUStJdWh5VFNWR0xQaFJFYng0NFA5YnJxZDBVT2dsYm5xMTNUV3E3ZE5xUXA3cUhUbjU0RWcyV0NibwpWUWFnVkF2S29qbGkyOHYvZTR3RUYzZUR1ejg0YlgzcC9wK095akhQaTNFcFUvd1pFVnJERFBPK2hZTjVyZnRmClJyeHFYN09GZXAvL3hpV0VBaDlwTkMzQ1dkME5GclR3TG5yL1NQZ3M2czViS2l5YXFveitEbk1LU0JZZ2pVTXQKWmkvVk1NNVpWYi8vcm11anZsZmVFa2VaZUZTUGJreDVyMTNrTmdEY2F4amxKbnUzUTdoVG83Vy9LeEhHR3FvMgp1dU9Xam5jU1NGWVA2M3R5TTlFQ0F3RUFBYU5aTUZjd0RnWURWUjBQQVFIL0JBUURBZ0trTUE4R0ExVWRFd0VCCi93UUZNQU1CQWY4d0hRWURWUjBPQkJZRUZLV1NrS2NPcmNVLy85U0FYL3V3MzVEU2Z3dXVNQlVHQTFVZEVRUU8KTUF5Q0NtdDFZbVZ5Ym1WMFpYTXdEUVlKS29aSWh2Y05BUUVMQlFBRGdnRUJBQ3NQYUo4SUIzaFR4bkRRYWg0OQpVQUhJNVJXdlUzVjhxcHdsSDdpRitnMmlZNkJXTmFUWkwveWxjcnlJQmRXSnZEMWFibGRpRXRJM3hEZm0xZFNPCk5udDVhY1VnZk1oUTVzMzZsa29qb242dXgyMm5OMnZVZUFYSnE4Q1p6aDFpNFZoTXZlQVpLRmtYZ0p2V0oyUkMKS3pZNG83cHdFVzhHNGkzREdoZG51ell3aXEzS2FNMmxNM2FZSFNFU25hRWJvaXl1d2E2b1R5d05XaU5ZcWpoWQowYktxeTNhb1RUZnJRYXBWeXJoQXhzSlByN2ZyR2RCWWo2N3JKb2h6REVBbFV3SHFMQmtYTG1PNHJsaStXYWlVClV4NVFpWlp1N1FGQSs2OUlnbXJNYUFaUkY2MmVOaDFEUTV3NjB1a0l4SlcyTE1oaXoyUWhEN2RHeVVyRGpZZGoKZzRFPQotLS0tLUVORCBDRVJUSUZJQ0FURS0tLS0tCg==\n    server: https://127.0.0.1:60896\n  name: kind-istio-cluster-1\ncontexts:\n- context:\n    cluster: kind-istio-cluster-1\n    user: kind-istio-cluster-1\n  name: kind-istio-cluster-1\ncurrent-context: kind-istio-cluster-1\nkind: Config\npreferences: {}\nusers:\n- name: kind-istio-cluster-1\n  user:\n    client-certificate-data: LS0tLS1CRUdJTiBDRVJUSUZJQ0FURS0tLS0tCk1JSURJVENDQWdtZ0F3SUJBZ0lJSXMzSnVLVW1XQ0l3RFFZSktvWklodmNOQVFFTEJRQXdGVEVUTUJFR0ExVUUKQXhNS2EzVmlaWEp1WlhSbGN6QWVGdzB5TkRFeU1ESXlNelV3TXpCYUZ3MHlOVEV5TURJeU16VXdNekZhTURReApGekFWQmdOVkJBb1REbk41YzNSbGJUcHRZWE4wWlhKek1Sa3dGd1lEVlFRREV4QnJkV0psY201bGRHVnpMV0ZrCmJXbHVNSUlCSWpBTkJna3Foa2lHOXcwQkFRRUZBQU9DQVE4QU1JSUJDZ0tDQVFFQXZITUNtZFFzZjhFQWtqK3IKeU1DK0RDVjNUTTVnRWYzelpOSlBULzBybEdlT0pPWWowNWxwQUJxQjBqYXloU0twckJCajZkT1lHMkJ0NDNOMwovUnllQVBZd2I4dnpVcVJqYm9VZGo2ZFFMQkN4QnpnVDh5Y1EwQ2VmWDU4NFRTbHVhWUZzM2ZWdXFWRUkyV2I0Ck5CRndiMWJvQldyNmNDRy9uZ2tmVStxdEFKZ3JKOXk5d1hoWFdDYXQ5NmNSL0hwUDdyUVpMK1AyUE1hdVdzZlMKOE9jTFJieVgyZ28welkvQWdZSzBWQjRtUnJEaHhFZGVzbHhwRWN6dXhwaEJVNjJtTEJ5dFFZLzVQTHJuMzNGKwpaTUtQbWNJcm4xeHcrNW1Rby9XK3YzQUpjS2F2dnRSaVBCa1NqK01HUTY1WUpFcS9mUHhDREpFTFNsWCtaSmtPClhoREtIUUlEQVFBQm8xWXdWREFPQmdOVkhROEJBZjhFQkFNQ0JhQXdFd1lEVlIwbEJBd3dDZ1lJS3dZQkJRVUgKQXdJd0RBWURWUjBUQVFIL0JBSXdBREFmQmdOVkhTTUVHREFXZ0JTbGtwQ25EcTNGUC8vVWdGLzdzTitRMG44TApyakFOQmdrcWhraUc5dzBCQVFzRkFBT0NBUUVBVzNROWlqZHVTOWltbkNFUHFTNlFFMHRwQU9ocytsTVFkWWJZCkovUjVGeERBMDRHdHJ0U20xL2pZa04wQTZRTGpuK2VERGw5ejdkTTMydDdWcVFzQnR4RUxpWGh5cTJBRm9qcEwKMXJIV0gzMkZsdW1jblhuUW5nZzY3OUxwbGJ1Ri8zdzZYSTlxMFFjUzFmbFBTclovYk1menZrN3phNmRQOW1YcApOWCt4V09ub0RiZ09KeGJyY1cwV1V0VFFlbE5jNmludTdDZTFoQzVTMUVTdGNOOEZQU0NqaDVNUTMwbUhCY1NwCnp3ZVc0cFpqc3pKNHYrTUlYSjN1R2cxMXhLR0w0VTRiRktiM1owdVBSdFAzcklPOWlKUXlMWXVRTlRsNkNQQmgKVTVBeDI5ZHVkVHFvdTBSSFRmTURHaGptNUlWTzVnSlM5cFV4ZEFnTWlFbGM2c0Z3RFE9PQotLS0tLUVORCBDRVJUSUZJQ0FURS0tLS0tCg==\n    client-key-data: LS0tLS1CRUdJTiBSU0EgUFJJVkFURSBLRVktLS0tLQpNSUlFb3dJQkFBS0NBUUVBdkhNQ21kUXNmOEVBa2orcnlNQytEQ1YzVE01Z0VmM3paTkpQVC8wcmxHZU9KT1lqCjA1bHBBQnFCMGpheWhTS3ByQkJqNmRPWUcyQnQ0M04zL1J5ZUFQWXdiOHZ6VXFSamJvVWRqNmRRTEJDeEJ6Z1QKOHljUTBDZWZYNTg0VFNsdWFZRnMzZlZ1cVZFSTJXYjROQkZ3YjFib0JXcjZjQ0cvbmdrZlUrcXRBSmdySjl5OQp3WGhYV0NhdDk2Y1IvSHBQN3JRWkwrUDJQTWF1V3NmUzhPY0xSYnlYMmdvMHpZL0FnWUswVkI0bVJyRGh4RWRlCnNseHBFY3p1eHBoQlU2Mm1MQnl0UVkvNVBMcm4zM0YrWk1LUG1jSXJuMXh3KzVtUW8vVyt2M0FKY0thdnZ0UmkKUEJrU2orTUdRNjVZSkVxL2ZQeENESkVMU2xYK1pKa09YaERLSFFJREFRQUJBb0lCQUVibWVuY0h4Y28zQWhFRQpGWXlOUDdOd01TZGJpZmVhOVFUY3YyeFgweHFkcjNRZ2hpQXBXc0RvT0NtdjNKQ01qd3VtaXdEQlZEd1FscWQ1Cm5RNUV3d21YbG5lcFl4MlhyYlU2TGZvTE4vV3NQZjU2VWI4czFuMktPc01PTTIrTWcvYjc4OHE2ZVcwSWlPeksKZWQyVkpoa3R1Rk81Z1FuSkdML0xyTmEwdDJ3K0xYek1sdi83bEliOG5qWUJVUHJYbmhxM0JCaHVHL2E3M1RqegpvWVJvcWljYnE3U0xiTURaeG1TWkVOSmtRbGxWNjlPc3MzRHV5QUZ2dTNnTzg1VUJkR3pDRysxcU4zRmxmdkNzClQ5dVRjL1FBdUFzRWFZemJKck9EUzJzMDJadWo0VkxIN3FXaC9ET29pcDl5aElGWHp4cVFycVZEMGpIZ0xtU3kKcEd5TTRFRUNnWUVBK1VWOUpHa21JNVF4V29EcncrNHJlSkxHcWZYSGpzY2QyKzgyREcrcHQrU214T1Fpd0pLUgpkRHZiK2pndTJvNTJ5ejdBSUdpTWhiZ3JGYmdTNjkyczIra3MzbWhnK3JKWHpRa2JVUVpadXY3WEdUN2lpY1FtCnNBNzRTZzJyQ3RpZ2ZJd1p4bkdkTm12WVErYkdyMERIczZMNmhlTWxLTmNFZzFrNFdSMXpQSzBDZ1lFQXdZazYKbThJWGFWZm9HMnhhcDZUMklsa2FLZjRCUFZSS3hJL0ErQm56L1JmVUd1aWZwVnQ1ZTY5UnJoVGRDODg3U21ncApSKzFTcW9FRCs5Y1FWbmZ2RUJJaU9ucE9xWWg2Tm5GQ3lhV0VBWmtTMWdsc3poYWFEZ295a3JuQzNqZGVjNEFMClc5bVlGMjJpcnNMT28zWE1IUUtJSE9LZVlVa2NGMS9NRFFZTGdURUNnWUIzd3ZJWUQwamFxVFY1RlIyeEdmbmEKeVRJWHNGVTdmT0VVclA1YnhUNVdjczNKSlE2cFZRSDdSVk13Q2RSQS8xZUYyTlUzL09NZXo5Z3JiQy96RUtNZgpXUTFNb2Z1T0Z5ZG1CQzBTcGFsdzFVV0ZCSmlVdGlBY1VHVHNOMXJwTUNFVEZjREFmZytaZVFFRHhwbkkwNmZlCjM3dmJuY0ZadU15YlNyOXUyVjVuVlFLQmdRQ2Q4NURJdEZTRkhrQ0p1Um9Ydm5NL1B6Y3lWR0xRbWUzWGxIZHEKUlV3eklISjBiNnh6dVQ5aHFZbGhLUmZxM252R1UxSjFxSVFTTWU5OVoxMm5KSVVRdWF3RHkvUk5PdHg3ZUY2SQowalAxVmVmZ2xacWViQ1haRll1RzRtTGZGNU5YY29aU3RUa0N6ZkM2N3JUVkJYdkxwVmhQTXNrT0h5djFDN011ClllT2IwUUtCZ0FXUlpMQmJHRW5Ja2N5UkQ2OGNkeS9heGppaFpUS0lDZ21waFlTNFhEVEw0ZjQvUmZNUEFyRDIKRUZqK1ZicURnQzJTb1hJVHMzQXBGRVplZzFGdXppNWVGZ2lPbHpFbnptbW5jWVppUW5VemxKVzNKdmNXQkl0RQowWFFnL1kwR3BVV1ppWGNIZzFPVEpqTkpaTG9oN1NNejdwNjdZWHBYNkFJczhHcjRJN0dpCi0tLS0tRU5EIFJTQSBQUklWQVRFIEtFWS0tLS0tCg==\n",
            "kubeconfig_path": "C:\\Users\\cyber\\WebstormProjects\\terraform-kind\\istio-cluster-1-config",
            "name": "istio-cluster-1",
            "node_image": "kindest/node:v1.27.3",
            "timeouts": null,
            "wait_for_ready": true
          },
          "sensitive_attributes": [],
          "private": "eyJlMmJmYjczMC1lY2FhLTExZTYtOGY4OC0zNDM2M2JjN2M0YzAiOnsiY3JlYXRlIjozMDAwMDAwMDAwMDAsImRlbGV0ZSI6MzAwMDAwMDAwMDAwLCJ1cGRhdGUiOjMwMDAwMDAwMDAwMH19"
        }
      ]
    },
    {
      "mode": "managed",
      "type": "kubectl_manifest",
      "name": "authorization_policy",
      "provider": "provider[\"registry.terraform.io/gavinbunney/kubectl\"]",
      "instances": [
        {
          "schema_version": 1,
          "attributes": {
            "api_version": "security.istio.io/v1beta1",
            "apply_only": false,
            "force_conflicts": false,
            "force_new": false,
            "id": "/apis/security.istio.io/v1beta1/namespaces/bookinfo/authorizationpolicys/require-jwt",
            "ignore_fields": null,
            "kind": "AuthorizationPolicy",
            "live_manifest_incluster": "521d0ed2603bb28fa8f3331513e29cd659571ebdaffe5dc3b9fe1f3c3f9a372a",
            "live_uid": "7b901acd-49ac-43bc-ad95-5afc3ff9c1af",
            "name": "require-jwt",
            "namespace": "bookinfo",
            "override_namespace": null,
            "sensitive_fields": null,
            "server_side_apply": false,
            "timeouts": null,
            "uid": "7b901acd-49ac-43bc-ad95-5afc3ff9c1af",
            "validate_schema": true,
            "wait": null,
            "wait_for_rollout": true,
            "yaml_body": "apiVersion: security.istio.io/v1beta1\r\nkind: AuthorizationPolicy\r\nmetadata:\r\n  name: require-jwt\r\n  namespace: bookinfo\r\nspec:\r\n  selector:\r\n    matchLabels:\r\n      app: productpage\r\n  action: ALLOW\r\n  rules:\r\n  # Allow only authenticated users for productpage\r\n  - from:\r\n    - source:\r\n        requestPrincipals: [\"*\"]\r\n    to:\r\n    - operation:\r\n        paths: \r\n        - \"/productpage\"\r\n        - \"/api/v1/products/*\"\r\n  # Allow static resources without authentication\r\n  - to:\r\n    - operation:\r\n        paths: \r\n        - \"/*.css\"\r\n        - \"/*.js\"\r\n        - \"/*.png\"\r\n        - \"/*.jpg\"\r\n        - \"/*.gif\"\r\n        - \"/static/*\"\r\n  # Allow authentication flow\r\n  - to:\r\n    - operation:\r\n        paths: [\"/productpage\"]\r\n        queryParams:\r\n          state: [\"*\"]\r\n          session_state: [\"*\"]\r\n          code: [\"*\"]\r\n",
            "yaml_body_parsed": "apiVersion: security.istio.io/v1beta1\nkind: AuthorizationPolicy\nmetadata:\n  name: require-jwt\n  namespace: bookinfo\nspec:\n  action: ALLOW\n  rules:\n  - from:\n    - source:\n        requestPrincipals:\n        - '*'\n    to:\n    - operation:\n        paths:\n        - /productpage\n        - /api/v1/products/*\n  - to:\n    - operation:\n        paths:\n        - /*.css\n        - /*.js\n        - /*.png\n        - /*.jpg\n        - /*.gif\n        - /static/*\n  - to:\n    - operation:\n        paths:\n        - /productpage\n        queryParams:\n          code:\n          - '*'\n          session_state:\n          - '*'\n          state:\n          - '*'\n  selector:\n    matchLabels:\n      app: productpage\n",
            "yaml_incluster": "521d0ed2603bb28fa8f3331513e29cd659571ebdaffe5dc3b9fe1f3c3f9a372a"
          },
          "sensitive_attributes": [
            [
              {
                "type": "get_attr",
                "value": "yaml_body"
              }
            ],
            [
              {
                "type": "get_attr",
                "value": "yaml_incluster"
              }
            ],
            [
              {
                "type": "get_attr",
                "value": "live_manifest_incluster"
              }
            ]
          ],
          "private": "eyJlMmJmYjczMC1lY2FhLTExZTYtOGY4OC0zNDM2M2JjN2M0YzAiOnsiY3JlYXRlIjo2MDAwMDAwMDAwMDB9LCJzY2hlbWFfdmVyc2lvbiI6IjEifQ==",
          "dependencies": [
            "kind_cluster.istio_cluster",
            "kubectl_manifest.namespace_bookinfo"
          ]
        }
      ]
    },
    {
      "mode": "managed",
      "type": "kubectl_manifest",
      "name": "bookinfo_envoyfilter",
      "provider": "provider[\"registry.terraform.io/gavinbunney/kubectl\"]",
      "instances": [
        {
          "schema_version": 1,
          "attributes": {
            "api_version": "networking.istio.io/v1alpha3",
            "apply_only": false,
            "force_conflicts": false,
            "force_new": false,
            "id": "/apis/networking.istio.io/v1alpha3/namespaces/istio-system/envoyfilters/authn-filter",
            "ignore_fields": null,
            "kind": "EnvoyFilter",
            "live_manifest_incluster": "7312a33ad406cdfe8c2a0aa1c4093f0d5ab22bd21217952c86bb0aeb42136c57",
            "live_uid": "21af3387-0ea1-4829-a88e-ddf1f28c7a82",
            "name": "authn-filter",
            "namespace": "istio-system",
            "override_namespace": null,
            "sensitive_fields": null,
            "server_side_apply": false,
            "timeouts": null,
            "uid": "21af3387-0ea1-4829-a88e-ddf1f28c7a82",
            "validate_schema": true,
            "wait": null,
            "wait_for_rollout": true,
            "yaml_body": "apiVersion: networking.istio.io/v1alpha3\r\nkind: EnvoyFilter\r\nmetadata:\r\n  name: authn-filter\r\n  namespace: istio-system\r\nspec:\r\n  workloadSelector:\r\n    labels:\r\n      istio: ingressgateway\r\n  configPatches:\r\n  - applyTo: HTTP_FILTER\r\n    match:\r\n      context: GATEWAY\r\n      listener:\r\n        filterChain:\r\n          filter:\r\n            name: envoy.filters.network.http_connection_manager\r\n            subFilter:\r\n              name: envoy.filters.http.router\r\n    patch:\r\n      operation: INSERT_BEFORE\r\n      value:\r\n        name: envoy.filters.http.oauth2\r\n        typed_config:\r\n          \"@type\": type.googleapis.com/envoy.extensions.filters.http.oauth2.v3.OAuth2\r\n          token_endpoint: http://keycloak.keycloak.svc.cluster.local:8080/realms/master/protocol/openid-connect/token\r\n          authorization_endpoint: http://localhost:30002/realms/master/protocol/openid-connect/auth\r\n          redirect_uri: http://localhost:30000/productpage\r\n          redirect_path_matcher:\r\n            exact: /productpage\r\n          credentials:\r\n            client_id: bookinfo\r\n          auth_scopes:\r\n          - web-origins\r\n          - acr\r\n          - roles\r\n          - profile\r\n          - email\r\n          pass_through_matcher:\r\n          - prefix: /static\r\n          - regex: .*\\\\.css$\r\n          - regex: .*\\\\.js$\r\n          - regex: .*\\\\.png$\r\n          - regex: .*\\\\.jpg$\r\n          - regex: .*\\\\.gif$\r\n          forward_bearer_token: true\r\n",
            "yaml_body_parsed": "apiVersion: networking.istio.io/v1alpha3\nkind: EnvoyFilter\nmetadata:\n  name: authn-filter\n  namespace: istio-system\nspec:\n  configPatches:\n  - applyTo: HTTP_FILTER\n    match:\n      context: GATEWAY\n      listener:\n        filterChain:\n          filter:\n            name: envoy.filters.network.http_connection_manager\n            subFilter:\n              name: envoy.filters.http.router\n    patch:\n      operation: INSERT_BEFORE\n      value:\n        name: envoy.filters.http.oauth2\n        typed_config:\n          '@type': type.googleapis.com/envoy.extensions.filters.http.oauth2.v3.OAuth2\n          auth_scopes:\n          - web-origins\n          - acr\n          - roles\n          - profile\n          - email\n          authorization_endpoint: http://localhost:30002/realms/master/protocol/openid-connect/auth\n          credentials:\n            client_id: bookinfo\n          forward_bearer_token: true\n          pass_through_matcher:\n          - prefix: /static\n          - regex: .*\\\\.css$\n          - regex: .*\\\\.js$\n          - regex: .*\\\\.png$\n          - regex: .*\\\\.jpg$\n          - regex: .*\\\\.gif$\n          redirect_path_matcher:\n            exact: /productpage\n          redirect_uri: http://localhost:30000/productpage\n          token_endpoint: http://keycloak.keycloak.svc.cluster.local:8080/realms/master/protocol/openid-connect/token\n  workloadSelector:\n    labels:\n      istio: ingressgateway\n",
            "yaml_incluster": "7312a33ad406cdfe8c2a0aa1c4093f0d5ab22bd21217952c86bb0aeb42136c57"
          },
          "sensitive_attributes": [
            [
              {
                "type": "get_attr",
                "value": "yaml_body"
              }
            ],
            [
              {
                "type": "get_attr",
                "value": "live_manifest_incluster"
              }
            ],
            [
              {
                "type": "get_attr",
                "value": "yaml_incluster"
              }
            ]
          ],
          "private": "eyJlMmJmYjczMC1lY2FhLTExZTYtOGY4OC0zNDM2M2JjN2M0YzAiOnsiY3JlYXRlIjo2MDAwMDAwMDAwMDB9LCJzY2hlbWFfdmVyc2lvbiI6IjEifQ==",
          "dependencies": [
            "helm_release.istio_base",
            "helm_release.istio_ingress",
            "helm_release.istiod",
            "helm_release.keycloak",
            "kind_cluster.istio_cluster",
            "kubectl_manifest.namespace_istio",
            "kubectl_manifest.namespace_keycloak"
          ]
        }
      ]
    },
    {
      "mode": "managed",
      "type": "kubectl_manifest",
      "name": "bookinfo_gateway",
      "provider": "provider[\"registry.terraform.io/gavinbunney/kubectl\"]",
      "instances": [
        {
          "schema_version": 1,
          "attributes": {
            "api_version": "networking.istio.io/v1alpha3",
            "apply_only": false,
            "force_conflicts": false,
            "force_new": false,
            "id": "/apis/networking.istio.io/v1alpha3/namespaces/bookinfo/gateways/bookinfo-gateway",
            "ignore_fields": null,
            "kind": "Gateway",
            "live_manifest_incluster": "938954e84072b4547a350603a2d5d66f532cce625af11b41432fe34bfeb8140e",
            "live_uid": "84ab8ee6-d08a-4994-ac48-41102373a8ba",
            "name": "bookinfo-gateway",
            "namespace": "bookinfo",
            "override_namespace": null,
            "sensitive_fields": null,
            "server_side_apply": false,
            "timeouts": null,
            "uid": "84ab8ee6-d08a-4994-ac48-41102373a8ba",
            "validate_schema": true,
            "wait": null,
            "wait_for_rollout": true,
            "yaml_body": "apiVersion: networking.istio.io/v1alpha3\r\nkind: Gateway\r\nmetadata:\r\n  name: bookinfo-gateway\r\n  namespace: bookinfo\r\nspec:\r\n  selector:\r\n    istio: ingressgateway\r\n  servers:\r\n  - port:\r\n      number: 80\r\n      name: http\r\n      protocol: HTTP\r\n    hosts:\r\n    - \"*\"\r\n",
            "yaml_body_parsed": "apiVersion: networking.istio.io/v1alpha3\nkind: Gateway\nmetadata:\n  name: bookinfo-gateway\n  namespace: bookinfo\nspec:\n  selector:\n    istio: ingressgateway\n  servers:\n  - hosts:\n    - '*'\n    port:\n      name: http\n      number: 80\n      protocol: HTTP\n",
            "yaml_incluster": "938954e84072b4547a350603a2d5d66f532cce625af11b41432fe34bfeb8140e"
          },
          "sensitive_attributes": [
            [
              {
                "type": "get_attr",
                "value": "yaml_body"
              }
            ],
            [
              {
                "type": "get_attr",
                "value": "yaml_incluster"
              }
            ],
            [
              {
                "type": "get_attr",
                "value": "live_manifest_incluster"
              }
            ]
          ],
          "private": "eyJlMmJmYjczMC1lY2FhLTExZTYtOGY4OC0zNDM2M2JjN2M0YzAiOnsiY3JlYXRlIjo2MDAwMDAwMDAwMDB9LCJzY2hlbWFfdmVyc2lvbiI6IjEifQ==",
          "dependencies": [
            "helm_release.istio_base",
            "helm_release.istio_ingress",
            "helm_release.istiod",
            "kind_cluster.istio_cluster",
            "kubectl_manifest.bookinfo_manifests",
            "kubectl_manifest.namespace_bookinfo",
            "kubectl_manifest.namespace_istio"
          ]
        }
      ]
    },
    {
      "mode": "managed",
      "type": "kubectl_manifest",
      "name": "bookinfo_manifests",
      "provider": "provider[\"registry.terraform.io/gavinbunney/kubectl\"]",
      "instances": [
        {
          "index_key": "0",
          "schema_version": 1,
          "attributes": {
            "api_version": "v1",
            "apply_only": false,
            "force_conflicts": false,
            "force_new": false,
            "id": "/api/v1/namespaces/bookinfo/services/details",
            "ignore_fields": null,
            "kind": "Service",
            "live_manifest_incluster": "13d585c25c34b94a1cc26bc2408868a1e97e48565e9a668ce7bd6bc0117f234c",
            "live_uid": "fea1d2a4-7c48-4e4e-a23a-17a609fa3470",
            "name": "details",
            "namespace": "bookinfo",
            "override_namespace": null,
            "sensitive_fields": null,
            "server_side_apply": false,
            "timeouts": null,
            "uid": "fea1d2a4-7c48-4e4e-a23a-17a609fa3470",
            "validate_schema": true,
            "wait": null,
            "wait_for_rollout": true,
            "yaml_body": "apiVersion: v1\r\nkind: Service\r\nmetadata:\r\n  name: details\r\n  namespace: bookinfo\r\n  labels:\r\n    app: details\r\n    service: details\r\nspec:\r\n  ports:\r\n  - port: 9080\r\n    name: http\r\n  selector:\r\n    app: details\r\n",
            "yaml_body_parsed": "apiVersion: v1\nkind: Service\nmetadata:\n  labels:\n    app: details\n    service: details\n  name: details\n  namespace: bookinfo\nspec:\n  ports:\n  - name: http\n    port: 9080\n  selector:\n    app: details\n",
            "yaml_incluster": "13d585c25c34b94a1cc26bc2408868a1e97e48565e9a668ce7bd6bc0117f234c"
          },
          "sensitive_attributes": [
            [
              {
                "type": "get_attr",
                "value": "yaml_incluster"
              }
            ],
            [
              {
                "type": "get_attr",
                "value": "live_manifest_incluster"
              }
            ],
            [
              {
                "type": "get_attr",
                "value": "yaml_body"
              }
            ]
          ],
          "private": "eyJlMmJmYjczMC1lY2FhLTExZTYtOGY4OC0zNDM2M2JjN2M0YzAiOnsiY3JlYXRlIjo2MDAwMDAwMDAwMDB9LCJzY2hlbWFfdmVyc2lvbiI6IjEifQ==",
          "dependencies": [
            "helm_release.istio_base",
            "helm_release.istiod",
            "kind_cluster.istio_cluster",
            "kubectl_manifest.namespace_bookinfo",
            "kubectl_manifest.namespace_istio"
          ]
        },
        {
          "index_key": "1",
          "schema_version": 1,
          "attributes": {
            "api_version": "v1",
            "apply_only": false,
            "force_conflicts": false,
            "force_new": false,
            "id": "/api/v1/namespaces/bookinfo/serviceaccounts/bookinfo-details",
            "ignore_fields": null,
            "kind": "ServiceAccount",
            "live_manifest_incluster": "06c3ed5539f7cf2b8541dc055ea1c79b1a24be7613376a28c2f06b52ecb11f84",
            "live_uid": "18b92a59-e3ae-4a1a-9df7-586b650b49e0",
            "name": "bookinfo-details",
            "namespace": "bookinfo",
            "override_namespace": null,
            "sensitive_fields": null,
            "server_side_apply": false,
            "timeouts": null,
            "uid": "18b92a59-e3ae-4a1a-9df7-586b650b49e0",
            "validate_schema": true,
            "wait": null,
            "wait_for_rollout": true,
            "yaml_body": "\r\napiVersion: v1\r\nkind: ServiceAccount\r\nmetadata:\r\n  name: bookinfo-details\r\n  namespace: bookinfo\r\n  labels:\r\n    account: details\r\n",
            "yaml_body_parsed": "apiVersion: v1\nkind: ServiceAccount\nmetadata:\n  labels:\n    account: details\n  name: bookinfo-details\n  namespace: bookinfo\n",
            "yaml_incluster": "06c3ed5539f7cf2b8541dc055ea1c79b1a24be7613376a28c2f06b52ecb11f84"
          },
          "sensitive_attributes": [
            [
              {
                "type": "get_attr",
                "value": "live_manifest_incluster"
              }
            ],
            [
              {
                "type": "get_attr",
                "value": "yaml_incluster"
              }
            ],
            [
              {
                "type": "get_attr",
                "value": "yaml_body"
              }
            ]
          ],
          "private": "eyJlMmJmYjczMC1lY2FhLTExZTYtOGY4OC0zNDM2M2JjN2M0YzAiOnsiY3JlYXRlIjo2MDAwMDAwMDAwMDB9LCJzY2hlbWFfdmVyc2lvbiI6IjEifQ==",
          "dependencies": [
            "helm_release.istio_base",
            "helm_release.istiod",
            "kind_cluster.istio_cluster",
            "kubectl_manifest.namespace_bookinfo",
            "kubectl_manifest.namespace_istio"
          ]
        },
        {
          "index_key": "10",
          "schema_version": 1,
          "attributes": {
            "api_version": "apps/v1",
            "apply_only": false,
            "force_conflicts": false,
            "force_new": false,
            "id": "/apis/apps/v1/namespaces/bookinfo/deployments/reviews-v3",
            "ignore_fields": null,
            "kind": "Deployment",
            "live_manifest_incluster": "de065954e59cd6ad8152f5eb84f3d0efa7e7cdad1396b48fcbd753c560655e9a",
            "live_uid": "3bbab582-8c1b-47c8-bd1b-bd927f6510dd",
            "name": "reviews-v3",
            "namespace": "bookinfo",
            "override_namespace": null,
            "sensitive_fields": null,
            "server_side_apply": false,
            "timeouts": null,
            "uid": "3bbab582-8c1b-47c8-bd1b-bd927f6510dd",
            "validate_schema": true,
            "wait": null,
            "wait_for_rollout": true,
            "yaml_body": "\r\napiVersion: apps/v1\r\nkind: Deployment\r\nmetadata:\r\n  name: reviews-v3\r\n  namespace: bookinfo\r\n  labels:\r\n    app: reviews\r\n    version: v3\r\nspec:\r\n  replicas: 1\r\n  selector:\r\n    matchLabels:\r\n      app: reviews\r\n      version: v3\r\n  template:\r\n    metadata:\r\n      labels:\r\n        app: reviews\r\n        version: v3\r\n    spec:\r\n      serviceAccountName: bookinfo-reviews\r\n      containers:\r\n      - name: reviews\r\n        image: docker.io/istio/examples-bookinfo-reviews-v3:1.17.0\r\n        imagePullPolicy: IfNotPresent\r\n        ports:\r\n        - containerPort: 9080\r\n",
            "yaml_body_parsed": "apiVersion: apps/v1\nkind: Deployment\nmetadata:\n  labels:\n    app: reviews\n    version: v3\n  name: reviews-v3\n  namespace: bookinfo\nspec:\n  replicas: 1\n  selector:\n    matchLabels:\n      app: reviews\n      version: v3\n  template:\n    metadata:\n      labels:\n        app: reviews\n        version: v3\n    spec:\n      containers:\n      - image: docker.io/istio/examples-bookinfo-reviews-v3:1.17.0\n        imagePullPolicy: IfNotPresent\n        name: reviews\n        ports:\n        - containerPort: 9080\n      serviceAccountName: bookinfo-reviews\n",
            "yaml_incluster": "de065954e59cd6ad8152f5eb84f3d0efa7e7cdad1396b48fcbd753c560655e9a"
          },
          "sensitive_attributes": [
            [
              {
                "type": "get_attr",
                "value": "yaml_incluster"
              }
            ],
            [
              {
                "type": "get_attr",
                "value": "live_manifest_incluster"
              }
            ],
            [
              {
                "type": "get_attr",
                "value": "yaml_body"
              }
            ]
          ],
          "private": "eyJlMmJmYjczMC1lY2FhLTExZTYtOGY4OC0zNDM2M2JjN2M0YzAiOnsiY3JlYXRlIjo2MDAwMDAwMDAwMDB9LCJzY2hlbWFfdmVyc2lvbiI6IjEifQ==",
          "dependencies": [
            "helm_release.istio_base",
            "helm_release.istiod",
            "kind_cluster.istio_cluster",
            "kubectl_manifest.namespace_bookinfo",
            "kubectl_manifest.namespace_istio"
          ]
        },
        {
          "index_key": "11",
          "schema_version": 1,
          "attributes": {
            "api_version": "v1",
            "apply_only": false,
            "force_conflicts": false,
            "force_new": false,
            "id": "/api/v1/namespaces/bookinfo/services/productpage",
            "ignore_fields": null,
            "kind": "Service",
            "live_manifest_incluster": "05f5fcfaa7fd6301393b6053a411061fd826d85ba3879c8d6bc8506a26ab1469",
            "live_uid": "d18bac35-3bc8-4d52-b59c-e29ca7e952d7",
            "name": "productpage",
            "namespace": "bookinfo",
            "override_namespace": null,
            "sensitive_fields": null,
            "server_side_apply": false,
            "timeouts": null,
            "uid": "d18bac35-3bc8-4d52-b59c-e29ca7e952d7",
            "validate_schema": true,
            "wait": null,
            "wait_for_rollout": true,
            "yaml_body": "\r\napiVersion: v1\r\nkind: Service\r\nmetadata:\r\n  name: productpage\r\n  namespace: bookinfo\r\n  labels:\r\n    app: productpage\r\n    service: productpage\r\nspec:\r\n  ports:\r\n  - port: 9080\r\n    name: http\r\n  selector:\r\n    app: productpage\r\n",
            "yaml_body_parsed": "apiVersion: v1\nkind: Service\nmetadata:\n  labels:\n    app: productpage\n    service: productpage\n  name: productpage\n  namespace: bookinfo\nspec:\n  ports:\n  - name: http\n    port: 9080\n  selector:\n    app: productpage\n",
            "yaml_incluster": "05f5fcfaa7fd6301393b6053a411061fd826d85ba3879c8d6bc8506a26ab1469"
          },
          "sensitive_attributes": [
            [
              {
                "type": "get_attr",
                "value": "yaml_incluster"
              }
            ],
            [
              {
                "type": "get_attr",
                "value": "yaml_body"
              }
            ],
            [
              {
                "type": "get_attr",
                "value": "live_manifest_incluster"
              }
            ]
          ],
          "private": "eyJlMmJmYjczMC1lY2FhLTExZTYtOGY4OC0zNDM2M2JjN2M0YzAiOnsiY3JlYXRlIjo2MDAwMDAwMDAwMDB9LCJzY2hlbWFfdmVyc2lvbiI6IjEifQ==",
          "dependencies": [
            "helm_release.istio_base",
            "helm_release.istiod",
            "kind_cluster.istio_cluster",
            "kubectl_manifest.namespace_bookinfo",
            "kubectl_manifest.namespace_istio"
          ]
        },
        {
          "index_key": "12",
          "schema_version": 1,
          "attributes": {
            "api_version": "v1",
            "apply_only": false,
            "force_conflicts": false,
            "force_new": false,
            "id": "/api/v1/namespaces/bookinfo/serviceaccounts/bookinfo-productpage",
            "ignore_fields": null,
            "kind": "ServiceAccount",
            "live_manifest_incluster": "7bdc1202618ed258d4c14fd8232f982211a04140da3f593f410f35b7f05720be",
            "live_uid": "c657a936-488d-4702-b7cd-e9661f2d2a00",
            "name": "bookinfo-productpage",
            "namespace": "bookinfo",
            "override_namespace": null,
            "sensitive_fields": null,
            "server_side_apply": false,
            "timeouts": null,
            "uid": "c657a936-488d-4702-b7cd-e9661f2d2a00",
            "validate_schema": true,
            "wait": null,
            "wait_for_rollout": true,
            "yaml_body": "\r\napiVersion: v1\r\nkind: ServiceAccount\r\nmetadata:\r\n  name: bookinfo-productpage\r\n  namespace: bookinfo\r\n  labels:\r\n    account: productpage\r\n",
            "yaml_body_parsed": "apiVersion: v1\nkind: ServiceAccount\nmetadata:\n  labels:\n    account: productpage\n  name: bookinfo-productpage\n  namespace: bookinfo\n",
            "yaml_incluster": "7bdc1202618ed258d4c14fd8232f982211a04140da3f593f410f35b7f05720be"
          },
          "sensitive_attributes": [
            [
              {
                "type": "get_attr",
                "value": "yaml_body"
              }
            ],
            [
              {
                "type": "get_attr",
                "value": "live_manifest_incluster"
              }
            ],
            [
              {
                "type": "get_attr",
                "value": "yaml_incluster"
              }
            ]
          ],
          "private": "eyJlMmJmYjczMC1lY2FhLTExZTYtOGY4OC0zNDM2M2JjN2M0YzAiOnsiY3JlYXRlIjo2MDAwMDAwMDAwMDB9LCJzY2hlbWFfdmVyc2lvbiI6IjEifQ==",
          "dependencies": [
            "helm_release.istio_base",
            "helm_release.istiod",
            "kind_cluster.istio_cluster",
            "kubectl_manifest.namespace_bookinfo",
            "kubectl_manifest.namespace_istio"
          ]
        },
        {
          "index_key": "13",
          "schema_version": 1,
          "attributes": {
            "api_version": "apps/v1",
            "apply_only": false,
            "force_conflicts": false,
            "force_new": false,
            "id": "/apis/apps/v1/namespaces/bookinfo/deployments/productpage-v1",
            "ignore_fields": null,
            "kind": "Deployment",
            "live_manifest_incluster": "45d27b207014c37a638bfd691996bdff7c581dabbd4134cfe8fa8f2484c67c82",
            "live_uid": "496d4ac1-fb4c-43de-bbcc-aa216286bbb1",
            "name": "productpage-v1",
            "namespace": "bookinfo",
            "override_namespace": null,
            "sensitive_fields": null,
            "server_side_apply": false,
            "timeouts": null,
            "uid": "496d4ac1-fb4c-43de-bbcc-aa216286bbb1",
            "validate_schema": true,
            "wait": null,
            "wait_for_rollout": true,
            "yaml_body": "\r\napiVersion: apps/v1\r\nkind: Deployment\r\nmetadata:\r\n  name: productpage-v1\r\n  namespace: bookinfo\r\n  labels:\r\n    app: productpage\r\n    version: v1\r\nspec:\r\n  replicas: 1\r\n  selector:\r\n    matchLabels:\r\n      app: productpage\r\n      version: v1\r\n  template:\r\n    metadata:\r\n      labels:\r\n        app: productpage\r\n        version: v1\r\n    spec:\r\n      serviceAccountName: bookinfo-productpage\r\n      containers:\r\n      - name: productpage\r\n        image: docker.io/istio/examples-bookinfo-productpage-v1:1.17.0\r\n        imagePullPolicy: IfNotPresent\r\n        ports:\r\n        - containerPort: 9080",
            "yaml_body_parsed": "apiVersion: apps/v1\nkind: Deployment\nmetadata:\n  labels:\n    app: productpage\n    version: v1\n  name: productpage-v1\n  namespace: bookinfo\nspec:\n  replicas: 1\n  selector:\n    matchLabels:\n      app: productpage\n      version: v1\n  template:\n    metadata:\n      labels:\n        app: productpage\n        version: v1\n    spec:\n      containers:\n      - image: docker.io/istio/examples-bookinfo-productpage-v1:1.17.0\n        imagePullPolicy: IfNotPresent\n        name: productpage\n        ports:\n        - containerPort: 9080\n      serviceAccountName: bookinfo-productpage\n",
            "yaml_incluster": "45d27b207014c37a638bfd691996bdff7c581dabbd4134cfe8fa8f2484c67c82"
          },
          "sensitive_attributes": [
            [
              {
                "type": "get_attr",
                "value": "live_manifest_incluster"
              }
            ],
            [
              {
                "type": "get_attr",
                "value": "yaml_incluster"
              }
            ],
            [
              {
                "type": "get_attr",
                "value": "yaml_body"
              }
            ]
          ],
          "private": "eyJlMmJmYjczMC1lY2FhLTExZTYtOGY4OC0zNDM2M2JjN2M0YzAiOnsiY3JlYXRlIjo2MDAwMDAwMDAwMDB9LCJzY2hlbWFfdmVyc2lvbiI6IjEifQ==",
          "dependencies": [
            "helm_release.istio_base",
            "helm_release.istiod",
            "kind_cluster.istio_cluster",
            "kubectl_manifest.namespace_bookinfo",
            "kubectl_manifest.namespace_istio"
          ]
        },
        {
          "index_key": "2",
          "schema_version": 1,
          "attributes": {
            "api_version": "apps/v1",
            "apply_only": false,
            "force_conflicts": false,
            "force_new": false,
            "id": "/apis/apps/v1/namespaces/bookinfo/deployments/details-v1",
            "ignore_fields": null,
            "kind": "Deployment",
            "live_manifest_incluster": "27062e718ca27c7f5ea6069c0d1166d596c595d3ad1bf295312eb1a65dbbaa25",
            "live_uid": "642888b9-d594-4fad-8c38-3005590de9fd",
            "name": "details-v1",
            "namespace": "bookinfo",
            "override_namespace": null,
            "sensitive_fields": null,
            "server_side_apply": false,
            "timeouts": null,
            "uid": "642888b9-d594-4fad-8c38-3005590de9fd",
            "validate_schema": true,
            "wait": null,
            "wait_for_rollout": true,
            "yaml_body": "\r\napiVersion: apps/v1\r\nkind: Deployment\r\nmetadata:\r\n  name: details-v1\r\n  namespace: bookinfo\r\n  labels:\r\n    app: details\r\n    version: v1\r\nspec:\r\n  replicas: 1\r\n  selector:\r\n    matchLabels:\r\n      app: details\r\n      version: v1\r\n  template:\r\n    metadata:\r\n      labels:\r\n        app: details\r\n        version: v1\r\n    spec:\r\n      serviceAccountName: bookinfo-details\r\n      containers:\r\n      - name: details\r\n        image: docker.io/istio/examples-bookinfo-details-v1:1.17.0\r\n        imagePullPolicy: IfNotPresent\r\n        ports:\r\n        - containerPort: 9080\r\n",
            "yaml_body_parsed": "apiVersion: apps/v1\nkind: Deployment\nmetadata:\n  labels:\n    app: details\n    version: v1\n  name: details-v1\n  namespace: bookinfo\nspec:\n  replicas: 1\n  selector:\n    matchLabels:\n      app: details\n      version: v1\n  template:\n    metadata:\n      labels:\n        app: details\n        version: v1\n    spec:\n      containers:\n      - image: docker.io/istio/examples-bookinfo-details-v1:1.17.0\n        imagePullPolicy: IfNotPresent\n        name: details\n        ports:\n        - containerPort: 9080\n      serviceAccountName: bookinfo-details\n",
            "yaml_incluster": "27062e718ca27c7f5ea6069c0d1166d596c595d3ad1bf295312eb1a65dbbaa25"
          },
          "sensitive_attributes": [
            [
              {
                "type": "get_attr",
                "value": "live_manifest_incluster"
              }
            ],
            [
              {
                "type": "get_attr",
                "value": "yaml_incluster"
              }
            ],
            [
              {
                "type": "get_attr",
                "value": "yaml_body"
              }
            ]
          ],
          "private": "eyJlMmJmYjczMC1lY2FhLTExZTYtOGY4OC0zNDM2M2JjN2M0YzAiOnsiY3JlYXRlIjo2MDAwMDAwMDAwMDB9LCJzY2hlbWFfdmVyc2lvbiI6IjEifQ==",
          "dependencies": [
            "helm_release.istio_base",
            "helm_release.istiod",
            "kind_cluster.istio_cluster",
            "kubectl_manifest.namespace_bookinfo",
            "kubectl_manifest.namespace_istio"
          ]
        },
        {
          "index_key": "3",
          "schema_version": 1,
          "attributes": {
            "api_version": "v1",
            "apply_only": false,
            "force_conflicts": false,
            "force_new": false,
            "id": "/api/v1/namespaces/bookinfo/services/ratings",
            "ignore_fields": null,
            "kind": "Service",
            "live_manifest_incluster": "0557679192ef94bcc8c463fc40e5af4f5db590c08e55f2109fc40516988aac2e",
            "live_uid": "64e6ce11-34cb-4792-9f3a-5afb3c9fdf74",
            "name": "ratings",
            "namespace": "bookinfo",
            "override_namespace": null,
            "sensitive_fields": null,
            "server_side_apply": false,
            "timeouts": null,
            "uid": "64e6ce11-34cb-4792-9f3a-5afb3c9fdf74",
            "validate_schema": true,
            "wait": null,
            "wait_for_rollout": true,
            "yaml_body": "\r\napiVersion: v1\r\nkind: Service\r\nmetadata:\r\n  name: ratings\r\n  namespace: bookinfo\r\n  labels:\r\n    app: ratings\r\n    service: ratings\r\nspec:\r\n  ports:\r\n  - port: 9080\r\n    name: http\r\n  selector:\r\n    app: ratings\r\n",
            "yaml_body_parsed": "apiVersion: v1\nkind: Service\nmetadata:\n  labels:\n    app: ratings\n    service: ratings\n  name: ratings\n  namespace: bookinfo\nspec:\n  ports:\n  - name: http\n    port: 9080\n  selector:\n    app: ratings\n",
            "yaml_incluster": "0557679192ef94bcc8c463fc40e5af4f5db590c08e55f2109fc40516988aac2e"
          },
          "sensitive_attributes": [
            [
              {
                "type": "get_attr",
                "value": "yaml_incluster"
              }
            ],
            [
              {
                "type": "get_attr",
                "value": "live_manifest_incluster"
              }
            ],
            [
              {
                "type": "get_attr",
                "value": "yaml_body"
              }
            ]
          ],
          "private": "eyJlMmJmYjczMC1lY2FhLTExZTYtOGY4OC0zNDM2M2JjN2M0YzAiOnsiY3JlYXRlIjo2MDAwMDAwMDAwMDB9LCJzY2hlbWFfdmVyc2lvbiI6IjEifQ==",
          "dependencies": [
            "helm_release.istio_base",
            "helm_release.istiod",
            "kind_cluster.istio_cluster",
            "kubectl_manifest.namespace_bookinfo",
            "kubectl_manifest.namespace_istio"
          ]
        },
        {
          "index_key": "4",
          "schema_version": 1,
          "attributes": {
            "api_version": "v1",
            "apply_only": false,
            "force_conflicts": false,
            "force_new": false,
            "id": "/api/v1/namespaces/bookinfo/serviceaccounts/bookinfo-ratings",
            "ignore_fields": null,
            "kind": "ServiceAccount",
            "live_manifest_incluster": "91d94fdfd46861eab34c39ccb1f2fa8d38e717153421ee2cc67cbeb39504bc30",
            "live_uid": "4abd5dca-49de-468f-a927-89e2d4b9acbc",
            "name": "bookinfo-ratings",
            "namespace": "bookinfo",
            "override_namespace": null,
            "sensitive_fields": null,
            "server_side_apply": false,
            "timeouts": null,
            "uid": "4abd5dca-49de-468f-a927-89e2d4b9acbc",
            "validate_schema": true,
            "wait": null,
            "wait_for_rollout": true,
            "yaml_body": "\r\napiVersion: v1\r\nkind: ServiceAccount\r\nmetadata:\r\n  name: bookinfo-ratings\r\n  namespace: bookinfo\r\n  labels:\r\n    account: ratings\r\n",
            "yaml_body_parsed": "apiVersion: v1\nkind: ServiceAccount\nmetadata:\n  labels:\n    account: ratings\n  name: bookinfo-ratings\n  namespace: bookinfo\n",
            "yaml_incluster": "91d94fdfd46861eab34c39ccb1f2fa8d38e717153421ee2cc67cbeb39504bc30"
          },
          "sensitive_attributes": [
            [
              {
                "type": "get_attr",
                "value": "yaml_incluster"
              }
            ],
            [
              {
                "type": "get_attr",
                "value": "live_manifest_incluster"
              }
            ],
            [
              {
                "type": "get_attr",
                "value": "yaml_body"
              }
            ]
          ],
          "private": "eyJlMmJmYjczMC1lY2FhLTExZTYtOGY4OC0zNDM2M2JjN2M0YzAiOnsiY3JlYXRlIjo2MDAwMDAwMDAwMDB9LCJzY2hlbWFfdmVyc2lvbiI6IjEifQ==",
          "dependencies": [
            "helm_release.istio_base",
            "helm_release.istiod",
            "kind_cluster.istio_cluster",
            "kubectl_manifest.namespace_bookinfo",
            "kubectl_manifest.namespace_istio"
          ]
        },
        {
          "index_key": "5",
          "schema_version": 1,
          "attributes": {
            "api_version": "apps/v1",
            "apply_only": false,
            "force_conflicts": false,
            "force_new": false,
            "id": "/apis/apps/v1/namespaces/bookinfo/deployments/ratings-v1",
            "ignore_fields": null,
            "kind": "Deployment",
            "live_manifest_incluster": "f1b8ec65842b856c73c8d90fbad430cf9fb056113de1c19f320944aa52c8e6e4",
            "live_uid": "3a5be767-6eff-4180-9366-b5ba63c4d1d8",
            "name": "ratings-v1",
            "namespace": "bookinfo",
            "override_namespace": null,
            "sensitive_fields": null,
            "server_side_apply": false,
            "timeouts": null,
            "uid": "3a5be767-6eff-4180-9366-b5ba63c4d1d8",
            "validate_schema": true,
            "wait": null,
            "wait_for_rollout": true,
            "yaml_body": "\r\napiVersion: apps/v1\r\nkind: Deployment\r\nmetadata:\r\n  name: ratings-v1\r\n  namespace: bookinfo\r\n  labels:\r\n    app: ratings\r\n    version: v1\r\nspec:\r\n  replicas: 1\r\n  selector:\r\n    matchLabels:\r\n      app: ratings\r\n      version: v1\r\n  template:\r\n    metadata:\r\n      labels:\r\n        app: ratings\r\n        version: v1\r\n    spec:\r\n      serviceAccountName: bookinfo-ratings\r\n      containers:\r\n      - name: ratings\r\n        image: docker.io/istio/examples-bookinfo-ratings-v1:1.17.0\r\n        imagePullPolicy: IfNotPresent\r\n        ports:\r\n        - containerPort: 9080\r\n",
            "yaml_body_parsed": "apiVersion: apps/v1\nkind: Deployment\nmetadata:\n  labels:\n    app: ratings\n    version: v1\n  name: ratings-v1\n  namespace: bookinfo\nspec:\n  replicas: 1\n  selector:\n    matchLabels:\n      app: ratings\n      version: v1\n  template:\n    metadata:\n      labels:\n        app: ratings\n        version: v1\n    spec:\n      containers:\n      - image: docker.io/istio/examples-bookinfo-ratings-v1:1.17.0\n        imagePullPolicy: IfNotPresent\n        name: ratings\n        ports:\n        - containerPort: 9080\n      serviceAccountName: bookinfo-ratings\n",
            "yaml_incluster": "f1b8ec65842b856c73c8d90fbad430cf9fb056113de1c19f320944aa52c8e6e4"
          },
          "sensitive_attributes": [
            [
              {
                "type": "get_attr",
                "value": "yaml_incluster"
              }
            ],
            [
              {
                "type": "get_attr",
                "value": "live_manifest_incluster"
              }
            ],
            [
              {
                "type": "get_attr",
                "value": "yaml_body"
              }
            ]
          ],
          "private": "eyJlMmJmYjczMC1lY2FhLTExZTYtOGY4OC0zNDM2M2JjN2M0YzAiOnsiY3JlYXRlIjo2MDAwMDAwMDAwMDB9LCJzY2hlbWFfdmVyc2lvbiI6IjEifQ==",
          "dependencies": [
            "helm_release.istio_base",
            "helm_release.istiod",
            "kind_cluster.istio_cluster",
            "kubectl_manifest.namespace_bookinfo",
            "kubectl_manifest.namespace_istio"
          ]
        },
        {
          "index_key": "6",
          "schema_version": 1,
          "attributes": {
            "api_version": "v1",
            "apply_only": false,
            "force_conflicts": false,
            "force_new": false,
            "id": "/api/v1/namespaces/bookinfo/services/reviews",
            "ignore_fields": null,
            "kind": "Service",
            "live_manifest_incluster": "659e99a26721aec3211f9f3f2dda762aea40b91e81968ec41131658eb7898cbc",
            "live_uid": "6dc35fd6-914b-4417-926c-00d6e6b1e302",
            "name": "reviews",
            "namespace": "bookinfo",
            "override_namespace": null,
            "sensitive_fields": null,
            "server_side_apply": false,
            "timeouts": null,
            "uid": "6dc35fd6-914b-4417-926c-00d6e6b1e302",
            "validate_schema": true,
            "wait": null,
            "wait_for_rollout": true,
            "yaml_body": "\r\napiVersion: v1\r\nkind: Service\r\nmetadata:\r\n  name: reviews\r\n  namespace: bookinfo\r\n  labels:\r\n    app: reviews\r\n    service: reviews\r\nspec:\r\n  ports:\r\n  - port: 9080\r\n    name: http\r\n  selector:\r\n    app: reviews\r\n",
            "yaml_body_parsed": "apiVersion: v1\nkind: Service\nmetadata:\n  labels:\n    app: reviews\n    service: reviews\n  name: reviews\n  namespace: bookinfo\nspec:\n  ports:\n  - name: http\n    port: 9080\n  selector:\n    app: reviews\n",
            "yaml_incluster": "659e99a26721aec3211f9f3f2dda762aea40b91e81968ec41131658eb7898cbc"
          },
          "sensitive_attributes": [
            [
              {
                "type": "get_attr",
                "value": "yaml_incluster"
              }
            ],
            [
              {
                "type": "get_attr",
                "value": "live_manifest_incluster"
              }
            ],
            [
              {
                "type": "get_attr",
                "value": "yaml_body"
              }
            ]
          ],
          "private": "eyJlMmJmYjczMC1lY2FhLTExZTYtOGY4OC0zNDM2M2JjN2M0YzAiOnsiY3JlYXRlIjo2MDAwMDAwMDAwMDB9LCJzY2hlbWFfdmVyc2lvbiI6IjEifQ==",
          "dependencies": [
            "helm_release.istio_base",
            "helm_release.istiod",
            "kind_cluster.istio_cluster",
            "kubectl_manifest.namespace_bookinfo",
            "kubectl_manifest.namespace_istio"
          ]
        },
        {
          "index_key": "7",
          "schema_version": 1,
          "attributes": {
            "api_version": "v1",
            "apply_only": false,
            "force_conflicts": false,
            "force_new": false,
            "id": "/api/v1/namespaces/bookinfo/serviceaccounts/bookinfo-reviews",
            "ignore_fields": null,
            "kind": "ServiceAccount",
            "live_manifest_incluster": "d5e7f052f89921f189f95d21ba640c31969955307c4702d4c9b69b368285e03f",
            "live_uid": "a7dd66a8-1b56-4ffd-94d4-a73abe68edca",
            "name": "bookinfo-reviews",
            "namespace": "bookinfo",
            "override_namespace": null,
            "sensitive_fields": null,
            "server_side_apply": false,
            "timeouts": null,
            "uid": "a7dd66a8-1b56-4ffd-94d4-a73abe68edca",
            "validate_schema": true,
            "wait": null,
            "wait_for_rollout": true,
            "yaml_body": "\r\napiVersion: v1\r\nkind: ServiceAccount\r\nmetadata:\r\n  name: bookinfo-reviews\r\n  namespace: bookinfo\r\n  labels:\r\n    account: reviews\r\n",
            "yaml_body_parsed": "apiVersion: v1\nkind: ServiceAccount\nmetadata:\n  labels:\n    account: reviews\n  name: bookinfo-reviews\n  namespace: bookinfo\n",
            "yaml_incluster": "d5e7f052f89921f189f95d21ba640c31969955307c4702d4c9b69b368285e03f"
          },
          "sensitive_attributes": [
            [
              {
                "type": "get_attr",
                "value": "live_manifest_incluster"
              }
            ],
            [
              {
                "type": "get_attr",
                "value": "yaml_body"
              }
            ],
            [
              {
                "type": "get_attr",
                "value": "yaml_incluster"
              }
            ]
          ],
          "private": "eyJlMmJmYjczMC1lY2FhLTExZTYtOGY4OC0zNDM2M2JjN2M0YzAiOnsiY3JlYXRlIjo2MDAwMDAwMDAwMDB9LCJzY2hlbWFfdmVyc2lvbiI6IjEifQ==",
          "dependencies": [
            "helm_release.istio_base",
            "helm_release.istiod",
            "kind_cluster.istio_cluster",
            "kubectl_manifest.namespace_bookinfo",
            "kubectl_manifest.namespace_istio"
          ]
        },
        {
          "index_key": "8",
          "schema_version": 1,
          "attributes": {
            "api_version": "apps/v1",
            "apply_only": false,
            "force_conflicts": false,
            "force_new": false,
            "id": "/apis/apps/v1/namespaces/bookinfo/deployments/reviews-v1",
            "ignore_fields": null,
            "kind": "Deployment",
            "live_manifest_incluster": "d6035b5a8919e4317fae001d26bca8cac13e7e73354287605c1a3057c1b587e8",
            "live_uid": "75c27118-3254-4c89-aeb9-b32e4751b51b",
            "name": "reviews-v1",
            "namespace": "bookinfo",
            "override_namespace": null,
            "sensitive_fields": null,
            "server_side_apply": false,
            "timeouts": null,
            "uid": "75c27118-3254-4c89-aeb9-b32e4751b51b",
            "validate_schema": true,
            "wait": null,
            "wait_for_rollout": true,
            "yaml_body": "\r\napiVersion: apps/v1\r\nkind: Deployment\r\nmetadata:\r\n  name: reviews-v1\r\n  namespace: bookinfo\r\n  labels:\r\n    app: reviews\r\n    version: v1\r\nspec:\r\n  replicas: 1\r\n  selector:\r\n    matchLabels:\r\n      app: reviews\r\n      version: v1\r\n  template:\r\n    metadata:\r\n      labels:\r\n        app: reviews\r\n        version: v1\r\n    spec:\r\n      serviceAccountName: bookinfo-reviews\r\n      containers:\r\n      - name: reviews\r\n        image: docker.io/istio/examples-bookinfo-reviews-v1:1.17.0\r\n        imagePullPolicy: IfNotPresent\r\n        ports:\r\n        - containerPort: 9080\r\n",
            "yaml_body_parsed": "apiVersion: apps/v1\nkind: Deployment\nmetadata:\n  labels:\n    app: reviews\n    version: v1\n  name: reviews-v1\n  namespace: bookinfo\nspec:\n  replicas: 1\n  selector:\n    matchLabels:\n      app: reviews\n      version: v1\n  template:\n    metadata:\n      labels:\n        app: reviews\n        version: v1\n    spec:\n      containers:\n      - image: docker.io/istio/examples-bookinfo-reviews-v1:1.17.0\n        imagePullPolicy: IfNotPresent\n        name: reviews\n        ports:\n        - containerPort: 9080\n      serviceAccountName: bookinfo-reviews\n",
            "yaml_incluster": "d6035b5a8919e4317fae001d26bca8cac13e7e73354287605c1a3057c1b587e8"
          },
          "sensitive_attributes": [
            [
              {
                "type": "get_attr",
                "value": "live_manifest_incluster"
              }
            ],
            [
              {
                "type": "get_attr",
                "value": "yaml_body"
              }
            ],
            [
              {
                "type": "get_attr",
                "value": "yaml_incluster"
              }
            ]
          ],
          "private": "eyJlMmJmYjczMC1lY2FhLTExZTYtOGY4OC0zNDM2M2JjN2M0YzAiOnsiY3JlYXRlIjo2MDAwMDAwMDAwMDB9LCJzY2hlbWFfdmVyc2lvbiI6IjEifQ==",
          "dependencies": [
            "helm_release.istio_base",
            "helm_release.istiod",
            "kind_cluster.istio_cluster",
            "kubectl_manifest.namespace_bookinfo",
            "kubectl_manifest.namespace_istio"
          ]
        },
        {
          "index_key": "9",
          "schema_version": 1,
          "attributes": {
            "api_version": "apps/v1",
            "apply_only": false,
            "force_conflicts": false,
            "force_new": false,
            "id": "/apis/apps/v1/namespaces/bookinfo/deployments/reviews-v2",
            "ignore_fields": null,
            "kind": "Deployment",
            "live_manifest_incluster": "add3716d418972cc66dcd8daed3b0fb0cf471ba0602dee84144e1459ec8f0f3a",
            "live_uid": "0b7c1433-2ebe-47f0-a3a8-17085df90e9a",
            "name": "reviews-v2",
            "namespace": "bookinfo",
            "override_namespace": null,
            "sensitive_fields": null,
            "server_side_apply": false,
            "timeouts": null,
            "uid": "0b7c1433-2ebe-47f0-a3a8-17085df90e9a",
            "validate_schema": true,
            "wait": null,
            "wait_for_rollout": true,
            "yaml_body": "\r\napiVersion: apps/v1\r\nkind: Deployment\r\nmetadata:\r\n  name: reviews-v2\r\n  namespace: bookinfo\r\n  labels:\r\n    app: reviews\r\n    version: v2\r\nspec:\r\n  replicas: 1\r\n  selector:\r\n    matchLabels:\r\n      app: reviews\r\n      version: v2\r\n  template:\r\n    metadata:\r\n      labels:\r\n        app: reviews\r\n        version: v2\r\n    spec:\r\n      serviceAccountName: bookinfo-reviews\r\n      containers:\r\n      - name: reviews\r\n        image: docker.io/istio/examples-bookinfo-reviews-v2:1.17.0\r\n        imagePullPolicy: IfNotPresent\r\n        ports:\r\n        - containerPort: 9080\r\n",
            "yaml_body_parsed": "apiVersion: apps/v1\nkind: Deployment\nmetadata:\n  labels:\n    app: reviews\n    version: v2\n  name: reviews-v2\n  namespace: bookinfo\nspec:\n  replicas: 1\n  selector:\n    matchLabels:\n      app: reviews\n      version: v2\n  template:\n    metadata:\n      labels:\n        app: reviews\n        version: v2\n    spec:\n      containers:\n      - image: docker.io/istio/examples-bookinfo-reviews-v2:1.17.0\n        imagePullPolicy: IfNotPresent\n        name: reviews\n        ports:\n        - containerPort: 9080\n      serviceAccountName: bookinfo-reviews\n",
            "yaml_incluster": "add3716d418972cc66dcd8daed3b0fb0cf471ba0602dee84144e1459ec8f0f3a"
          },
          "sensitive_attributes": [
            [
              {
                "type": "get_attr",
                "value": "yaml_incluster"
              }
            ],
            [
              {
                "type": "get_attr",
                "value": "live_manifest_incluster"
              }
            ],
            [
              {
                "type": "get_attr",
                "value": "yaml_body"
              }
            ]
          ],
          "private": "eyJlMmJmYjczMC1lY2FhLTExZTYtOGY4OC0zNDM2M2JjN2M0YzAiOnsiY3JlYXRlIjo2MDAwMDAwMDAwMDB9LCJzY2hlbWFfdmVyc2lvbiI6IjEifQ==",
          "dependencies": [
            "helm_release.istio_base",
            "helm_release.istiod",
            "kind_cluster.istio_cluster",
            "kubectl_manifest.namespace_bookinfo",
            "kubectl_manifest.namespace_istio"
          ]
        }
      ]
    },
    {
      "mode": "managed",
      "type": "kubectl_manifest",
      "name": "bookinfo_virtualservice",
      "provider": "provider[\"registry.terraform.io/gavinbunney/kubectl\"]",
      "instances": [
        {
          "schema_version": 1,
          "attributes": {
            "api_version": "networking.istio.io/v1alpha3",
            "apply_only": false,
            "force_conflicts": false,
            "force_new": false,
            "id": "/apis/networking.istio.io/v1alpha3/namespaces/bookinfo/virtualservices/bookinfo",
            "ignore_fields": null,
            "kind": "VirtualService",
            "live_manifest_incluster": "d50e0de3a844f852de45452dc802daa90800c560a41e7aa1bff37d97cbbfa006",
            "live_uid": "ea6e7c16-1ae3-4023-944b-923ac1f5fdbc",
            "name": "bookinfo",
            "namespace": "bookinfo",
            "override_namespace": null,
            "sensitive_fields": null,
            "server_side_apply": false,
            "timeouts": null,
            "uid": "ea6e7c16-1ae3-4023-944b-923ac1f5fdbc",
            "validate_schema": true,
            "wait": null,
            "wait_for_rollout": true,
            "yaml_body": "apiVersion: networking.istio.io/v1alpha3\r\nkind: VirtualService\r\nmetadata:\r\n  name: bookinfo\r\n  namespace: bookinfo\r\nspec:\r\n  hosts:\r\n  - \"*\"\r\n  gateways:\r\n  - bookinfo-gateway\r\n  http:\r\n  - match:\r\n    - uri:\r\n        exact: /\r\n    - uri:\r\n        exact: /productpage\r\n    - uri:\r\n        prefix: /static\r\n    - uri:\r\n        exact: /login\r\n    - uri:\r\n        exact: /logout\r\n    - uri:\r\n        prefix: /api/v1/products\r\n    - uri:\r\n        regex: \".*\\\\.(css|js|png|jpg|gif)$\"\r\n    route:\r\n    - destination:\r\n        host: productpage\r\n        port:\r\n          number: 9080\r\n",
            "yaml_body_parsed": "apiVersion: networking.istio.io/v1alpha3\nkind: VirtualService\nmetadata:\n  name: bookinfo\n  namespace: bookinfo\nspec:\n  gateways:\n  - bookinfo-gateway\n  hosts:\n  - '*'\n  http:\n  - match:\n    - uri:\n        exact: /\n    - uri:\n        exact: /productpage\n    - uri:\n        prefix: /static\n    - uri:\n        exact: /login\n    - uri:\n        exact: /logout\n    - uri:\n        prefix: /api/v1/products\n    - uri:\n        regex: .*\\.(css|js|png|jpg|gif)$\n    route:\n    - destination:\n        host: productpage\n        port:\n          number: 9080\n",
            "yaml_incluster": "d50e0de3a844f852de45452dc802daa90800c560a41e7aa1bff37d97cbbfa006"
          },
          "sensitive_attributes": [
            [
              {
                "type": "get_attr",
                "value": "live_manifest_incluster"
              }
            ],
            [
              {
                "type": "get_attr",
                "value": "yaml_incluster"
              }
            ],
            [
              {
                "type": "get_attr",
                "value": "yaml_body"
              }
            ]
          ],
          "private": "eyJlMmJmYjczMC1lY2FhLTExZTYtOGY4OC0zNDM2M2JjN2M0YzAiOnsiY3JlYXRlIjo2MDAwMDAwMDAwMDB9LCJzY2hlbWFfdmVyc2lvbiI6IjEifQ==",
          "dependencies": [
            "helm_release.istio_base",
            "helm_release.istio_ingress",
            "helm_release.istiod",
            "kind_cluster.istio_cluster",
            "kubectl_manifest.bookinfo_gateway",
            "kubectl_manifest.bookinfo_manifests",
            "kubectl_manifest.namespace_bookinfo",
            "kubectl_manifest.namespace_istio"
          ]
        }
      ]
    },
    {
      "mode": "managed",
      "type": "kubectl_manifest",
      "name": "keycloak_gateway",
      "provider": "provider[\"registry.terraform.io/gavinbunney/kubectl\"]",
      "instances": [
        {
          "schema_version": 1,
          "attributes": {
            "api_version": "networking.istio.io/v1alpha3",
            "apply_only": false,
            "force_conflicts": false,
            "force_new": false,
            "id": "/apis/networking.istio.io/v1alpha3/namespaces/keycloak/gateways/keycloak-gateway",
            "ignore_fields": null,
            "kind": "Gateway",
            "live_manifest_incluster": "9dc37d1d96c425dbb72691397e36f451abea7cd6bc89c3c96f7a6dc313c7d925",
            "live_uid": "776c40cf-cbc4-4cf7-839a-91d7ed2fac19",
            "name": "keycloak-gateway",
            "namespace": "keycloak",
            "override_namespace": null,
            "sensitive_fields": null,
            "server_side_apply": false,
            "timeouts": null,
            "uid": "776c40cf-cbc4-4cf7-839a-91d7ed2fac19",
            "validate_schema": true,
            "wait": null,
            "wait_for_rollout": true,
            "yaml_body": "apiVersion: networking.istio.io/v1alpha3\r\nkind: Gateway\r\nmetadata:\r\n  name: keycloak-gateway\r\n  namespace: keycloak\r\nspec:\r\n  selector:\r\n    istio: ingressgateway\r\n  servers:\r\n  - port:\r\n      number: 80\r\n      name: http\r\n      protocol: HTTP\r\n    hosts:\r\n    - \"*\"\r\n",
            "yaml_body_parsed": "apiVersion: networking.istio.io/v1alpha3\nkind: Gateway\nmetadata:\n  name: keycloak-gateway\n  namespace: keycloak\nspec:\n  selector:\n    istio: ingressgateway\n  servers:\n  - hosts:\n    - '*'\n    port:\n      name: http\n      number: 80\n      protocol: HTTP\n",
            "yaml_incluster": "9dc37d1d96c425dbb72691397e36f451abea7cd6bc89c3c96f7a6dc313c7d925"
          },
          "sensitive_attributes": [
            [
              {
                "type": "get_attr",
                "value": "live_manifest_incluster"
              }
            ],
            [
              {
                "type": "get_attr",
                "value": "yaml_incluster"
              }
            ],
            [
              {
                "type": "get_attr",
                "value": "yaml_body"
              }
            ]
          ],
          "private": "eyJlMmJmYjczMC1lY2FhLTExZTYtOGY4OC0zNDM2M2JjN2M0YzAiOnsiY3JlYXRlIjo2MDAwMDAwMDAwMDB9LCJzY2hlbWFfdmVyc2lvbiI6IjEifQ==",
          "dependencies": [
            "helm_release.istio_base",
            "helm_release.istio_ingress",
            "helm_release.istiod",
            "helm_release.keycloak",
            "kind_cluster.istio_cluster",
            "kubectl_manifest.namespace_istio",
            "kubectl_manifest.namespace_keycloak"
          ]
        }
      ]
    },
    {
      "mode": "managed",
      "type": "kubectl_manifest",
      "name": "keycloak_virtualservice",
      "provider": "provider[\"registry.terraform.io/gavinbunney/kubectl\"]",
      "instances": [
        {
          "schema_version": 1,
          "attributes": {
            "api_version": "networking.istio.io/v1alpha3",
            "apply_only": false,
            "force_conflicts": false,
            "force_new": false,
            "id": "/apis/networking.istio.io/v1alpha3/namespaces/keycloak/virtualservices/keycloak",
            "ignore_fields": null,
            "kind": "VirtualService",
            "live_manifest_incluster": "265b3990ffb157df8146c0dd4e7345fead1a2839e3722f6271454033e0d28d91",
            "live_uid": "71784852-3dd8-4a34-b243-26efba7a3d8c",
            "name": "keycloak",
            "namespace": "keycloak",
            "override_namespace": null,
            "sensitive_fields": null,
            "server_side_apply": false,
            "timeouts": null,
            "uid": "71784852-3dd8-4a34-b243-26efba7a3d8c",
            "validate_schema": true,
            "wait": null,
            "wait_for_rollout": true,
            "yaml_body": "apiVersion: networking.istio.io/v1alpha3\r\nkind: VirtualService\r\nmetadata:\r\n  name: keycloak\r\n  namespace: keycloak\r\nspec:\r\n  hosts:\r\n  - \"*\"\r\n  gateways:\r\n  - keycloak-gateway\r\n  http:\r\n  - match:\r\n    - uri:\r\n        prefix: /\r\n    route:\r\n    - destination:\r\n        host: keycloak\r\n        port:\r\n          number: 8080\r\n",
            "yaml_body_parsed": "apiVersion: networking.istio.io/v1alpha3\nkind: VirtualService\nmetadata:\n  name: keycloak\n  namespace: keycloak\nspec:\n  gateways:\n  - keycloak-gateway\n  hosts:\n  - '*'\n  http:\n  - match:\n    - uri:\n        prefix: /\n    route:\n    - destination:\n        host: keycloak\n        port:\n          number: 8080\n",
            "yaml_incluster": "265b3990ffb157df8146c0dd4e7345fead1a2839e3722f6271454033e0d28d91"
          },
          "sensitive_attributes": [
            [
              {
                "type": "get_attr",
                "value": "yaml_body"
              }
            ],
            [
              {
                "type": "get_attr",
                "value": "yaml_incluster"
              }
            ],
            [
              {
                "type": "get_attr",
                "value": "live_manifest_incluster"
              }
            ]
          ],
          "private": "eyJlMmJmYjczMC1lY2FhLTExZTYtOGY4OC0zNDM2M2JjN2M0YzAiOnsiY3JlYXRlIjo2MDAwMDAwMDAwMDB9LCJzY2hlbWFfdmVyc2lvbiI6IjEifQ==",
          "dependencies": [
            "helm_release.istio_base",
            "helm_release.istio_ingress",
            "helm_release.istiod",
            "helm_release.keycloak",
            "kind_cluster.istio_cluster",
            "kubectl_manifest.keycloak_gateway",
            "kubectl_manifest.namespace_istio",
            "kubectl_manifest.namespace_keycloak"
          ]
        }
      ]
    },
    {
      "mode": "managed",
      "type": "kubectl_manifest",
      "name": "namespace_bookinfo",
      "provider": "provider[\"registry.terraform.io/gavinbunney/kubectl\"]",
      "instances": [
        {
          "schema_version": 1,
          "attributes": {
            "api_version": "v1",
            "apply_only": false,
            "force_conflicts": false,
            "force_new": false,
            "id": "/api/v1/namespaces/bookinfo",
            "ignore_fields": null,
            "kind": "Namespace",
            "live_manifest_incluster": "de0ea709810ed1e84eeede439da6919d532e7f9b4f1e896bbbda2dfa7bae1701",
            "live_uid": "80fa7d53-2d15-44f7-b65e-0885fb3f3597",
            "name": "bookinfo",
            "namespace": null,
            "override_namespace": null,
            "sensitive_fields": null,
            "server_side_apply": false,
            "timeouts": null,
            "uid": "80fa7d53-2d15-44f7-b65e-0885fb3f3597",
            "validate_schema": true,
            "wait": null,
            "wait_for_rollout": true,
            "yaml_body": "apiVersion: v1\r\nkind: Namespace\r\nmetadata:\r\n  name: bookinfo\r\n  labels:\r\n    istio-injection: enabled\r\n",
            "yaml_body_parsed": "apiVersion: v1\nkind: Namespace\nmetadata:\n  labels:\n    istio-injection: enabled\n  name: bookinfo\n",
            "yaml_incluster": "de0ea709810ed1e84eeede439da6919d532e7f9b4f1e896bbbda2dfa7bae1701"
          },
          "sensitive_attributes": [
            [
              {
                "type": "get_attr",
                "value": "yaml_body"
              }
            ],
            [
              {
                "type": "get_attr",
                "value": "yaml_incluster"
              }
            ],
            [
              {
                "type": "get_attr",
                "value": "live_manifest_incluster"
              }
            ]
          ],
          "private": "eyJlMmJmYjczMC1lY2FhLTExZTYtOGY4OC0zNDM2M2JjN2M0YzAiOnsiY3JlYXRlIjo2MDAwMDAwMDAwMDB9LCJzY2hlbWFfdmVyc2lvbiI6IjEifQ==",
          "dependencies": [
            "kind_cluster.istio_cluster"
          ]
        }
      ]
    },
    {
      "mode": "managed",
      "type": "kubectl_manifest",
      "name": "namespace_istio",
      "provider": "provider[\"registry.terraform.io/gavinbunney/kubectl\"]",
      "instances": [
        {
          "schema_version": 1,
          "attributes": {
            "api_version": "v1",
            "apply_only": false,
            "force_conflicts": false,
            "force_new": false,
            "id": "/api/v1/namespaces/istio-system",
            "ignore_fields": null,
            "kind": "Namespace",
            "live_manifest_incluster": "45dee0a567fa7975e784a20b81102669c98fc9aaebe4463f59aceed9a59eda58",
            "live_uid": "0e9c9054-54c0-46a8-940c-bdb7534e5e1a",
            "name": "istio-system",
            "namespace": null,
            "override_namespace": null,
            "sensitive_fields": null,
            "server_side_apply": false,
            "timeouts": null,
            "uid": "0e9c9054-54c0-46a8-940c-bdb7534e5e1a",
            "validate_schema": true,
            "wait": null,
            "wait_for_rollout": true,
            "yaml_body": "apiVersion: v1\r\nkind: Namespace\r\nmetadata:\r\n  name: istio-system\r\n",
            "yaml_body_parsed": "apiVersion: v1\nkind: Namespace\nmetadata:\n  name: istio-system\n",
            "yaml_incluster": "45dee0a567fa7975e784a20b81102669c98fc9aaebe4463f59aceed9a59eda58"
          },
          "sensitive_attributes": [
            [
              {
                "type": "get_attr",
                "value": "live_manifest_incluster"
              }
            ],
            [
              {
                "type": "get_attr",
                "value": "yaml_incluster"
              }
            ],
            [
              {
                "type": "get_attr",
                "value": "yaml_body"
              }
            ]
          ],
          "private": "eyJlMmJmYjczMC1lY2FhLTExZTYtOGY4OC0zNDM2M2JjN2M0YzAiOnsiY3JlYXRlIjo2MDAwMDAwMDAwMDB9LCJzY2hlbWFfdmVyc2lvbiI6IjEifQ==",
          "dependencies": [
            "kind_cluster.istio_cluster"
          ]
        }
      ]
    },
    {
      "mode": "managed",
      "type": "kubectl_manifest",
      "name": "namespace_keycloak",
      "provider": "provider[\"registry.terraform.io/gavinbunney/kubectl\"]",
      "instances": [
        {
          "schema_version": 1,
          "attributes": {
            "api_version": "v1",
            "apply_only": false,
            "force_conflicts": false,
            "force_new": false,
            "id": "/api/v1/namespaces/keycloak",
            "ignore_fields": null,
            "kind": "Namespace",
            "live_manifest_incluster": "8cfcdafbc4fe761ba1df0261c3ecd53fc17e14cbef933e4807951bf9294193ab",
            "live_uid": "ec836fbf-1dea-4434-a66f-9f13cccca276",
            "name": "keycloak",
            "namespace": null,
            "override_namespace": null,
            "sensitive_fields": null,
            "server_side_apply": false,
            "timeouts": null,
            "uid": "ec836fbf-1dea-4434-a66f-9f13cccca276",
            "validate_schema": true,
            "wait": null,
            "wait_for_rollout": true,
            "yaml_body": "apiVersion: v1\r\nkind: Namespace\r\nmetadata:\r\n  name: keycloak\r\n",
            "yaml_body_parsed": "apiVersion: v1\nkind: Namespace\nmetadata:\n  name: keycloak\n",
            "yaml_incluster": "8cfcdafbc4fe761ba1df0261c3ecd53fc17e14cbef933e4807951bf9294193ab"
          },
          "sensitive_attributes": [
            [
              {
                "type": "get_attr",
                "value": "yaml_incluster"
              }
            ],
            [
              {
                "type": "get_attr",
                "value": "live_manifest_incluster"
              }
            ],
            [
              {
                "type": "get_attr",
                "value": "yaml_body"
              }
            ]
          ],
          "private": "eyJlMmJmYjczMC1lY2FhLTExZTYtOGY4OC0zNDM2M2JjN2M0YzAiOnsiY3JlYXRlIjo2MDAwMDAwMDAwMDB9LCJzY2hlbWFfdmVyc2lvbiI6IjEifQ==",
          "dependencies": [
            "kind_cluster.istio_cluster"
          ]
        }
      ]
    },
    {
      "mode": "managed",
      "type": "kubectl_manifest",
      "name": "request_authentication",
      "provider": "provider[\"registry.terraform.io/gavinbunney/kubectl\"]",
      "instances": [
        {
          "schema_version": 1,
          "attributes": {
            "api_version": "security.istio.io/v1beta1",
            "apply_only": false,
            "force_conflicts": false,
            "force_new": false,
            "id": "/apis/security.istio.io/v1beta1/namespaces/bookinfo/requestauthentications/jwt-auth",
            "ignore_fields": null,
            "kind": "RequestAuthentication",
            "live_manifest_incluster": "edf86f2f00893ac419fef08d54403a7f0b1d774a74dda321cc5c4e13df8a956c",
            "live_uid": "042ded16-cd29-40b5-a03d-ebcf24a6f5e2",
            "name": "jwt-auth",
            "namespace": "bookinfo",
            "override_namespace": null,
            "sensitive_fields": null,
            "server_side_apply": false,
            "timeouts": null,
            "uid": "042ded16-cd29-40b5-a03d-ebcf24a6f5e2",
            "validate_schema": true,
            "wait": null,
            "wait_for_rollout": true,
            "yaml_body": "apiVersion: security.istio.io/v1beta1\r\nkind: RequestAuthentication\r\nmetadata:\r\n  name: jwt-auth\r\n  namespace: bookinfo\r\nspec:\r\n  selector:\r\n    matchLabels:\r\n      app: productpage\r\n  jwtRules:\r\n  - issuer: \"http://keycloak.keycloak.svc.cluster.local:8080/realms/master\"\r\n    jwksUri: \"http://keycloak.keycloak.svc.cluster.local:8080/realms/master/protocol/openid-connect/certs\"\r\n    forwardOriginalToken: true\r\n    outputPayloadToHeader: \"x-auth-payload\"\r\n    fromHeaders:\r\n    - name: Authorization\r\n      prefix: \"Bearer \"\r\n",
            "yaml_body_parsed": "apiVersion: security.istio.io/v1beta1\nkind: RequestAuthentication\nmetadata:\n  name: jwt-auth\n  namespace: bookinfo\nspec:\n  jwtRules:\n  - forwardOriginalToken: true\n    fromHeaders:\n    - name: Authorization\n      prefix: 'Bearer '\n    issuer: http://keycloak.keycloak.svc.cluster.local:8080/realms/master\n    jwksUri: http://keycloak.keycloak.svc.cluster.local:8080/realms/master/protocol/openid-connect/certs\n    outputPayloadToHeader: x-auth-payload\n  selector:\n    matchLabels:\n      app: productpage\n",
            "yaml_incluster": "edf86f2f00893ac419fef08d54403a7f0b1d774a74dda321cc5c4e13df8a956c"
          },
          "sensitive_attributes": [
            [
              {
                "type": "get_attr",
                "value": "yaml_body"
              }
            ],
            [
              {
                "type": "get_attr",
                "value": "live_manifest_incluster"
              }
            ],
            [
              {
                "type": "get_attr",
                "value": "yaml_incluster"
              }
            ]
          ],
          "private": "eyJlMmJmYjczMC1lY2FhLTExZTYtOGY4OC0zNDM2M2JjN2M0YzAiOnsiY3JlYXRlIjo2MDAwMDAwMDAwMDB9LCJzY2hlbWFfdmVyc2lvbiI6IjEifQ==",
          "dependencies": [
            "helm_release.istio_base",
            "helm_release.istiod",
            "helm_release.keycloak",
            "kind_cluster.istio_cluster",
            "kubectl_manifest.bookinfo_manifests",
            "kubectl_manifest.namespace_bookinfo",
            "kubectl_manifest.namespace_istio",
            "kubectl_manifest.namespace_keycloak"
          ]
        }
      ]
    }
  ],
  "check_results": null
}
