{
  "version": 4,
  "terraform_version": "1.9.8",
  "serial": 80,
  "lineage": "6d0231d7-d18d-b416-3ae8-9122a15dd2f1",
  "outputs": {
    "bookinfo_raw_content": {
      "value": "apiVersion: v1\r\nkind: Service\r\nmetadata:\r\n  name: details\r\n  namespace: bookinfo\r\n  labels:\r\n    app: details\r\n    service: details\r\nspec:\r\n  ports:\r\n  - port: 9080\r\n    name: http\r\n  selector:\r\n    app: details\r\n---\r\napiVersion: v1\r\nkind: ServiceAccount\r\nmetadata:\r\n  name: bookinfo-details\r\n  namespace: bookinfo\r\n  labels:\r\n    account: details\r\n---\r\napiVersion: apps/v1\r\nkind: Deployment\r\nmetadata:\r\n  name: details-v1\r\n  namespace: bookinfo\r\n  labels:\r\n    app: details\r\n    version: v1\r\nspec:\r\n  replicas: 1\r\n  selector:\r\n    matchLabels:\r\n      app: details\r\n      version: v1\r\n  template:\r\n    metadata:\r\n      labels:\r\n        app: details\r\n        version: v1\r\n    spec:\r\n      serviceAccountName: bookinfo-details\r\n      containers:\r\n      - name: details\r\n        image: docker.io/istio/examples-bookinfo-details-v1:1.17.0\r\n        imagePullPolicy: IfNotPresent\r\n        ports:\r\n        - containerPort: 9080\r\n---\r\napiVersion: v1\r\nkind: Service\r\nmetadata:\r\n  name: ratings\r\n  namespace: bookinfo\r\n  labels:\r\n    app: ratings\r\n    service: ratings\r\nspec:\r\n  ports:\r\n  - port: 9080\r\n    name: http\r\n  selector:\r\n    app: ratings\r\n---\r\napiVersion: v1\r\nkind: ServiceAccount\r\nmetadata:\r\n  name: bookinfo-ratings\r\n  namespace: bookinfo\r\n  labels:\r\n    account: ratings\r\n---\r\napiVersion: apps/v1\r\nkind: Deployment\r\nmetadata:\r\n  name: ratings-v1\r\n  namespace: bookinfo\r\n  labels:\r\n    app: ratings\r\n    version: v1\r\nspec:\r\n  replicas: 1\r\n  selector:\r\n    matchLabels:\r\n      app: ratings\r\n      version: v1\r\n  template:\r\n    metadata:\r\n      labels:\r\n        app: ratings\r\n        version: v1\r\n    spec:\r\n      serviceAccountName: bookinfo-ratings\r\n      containers:\r\n      - name: ratings\r\n        image: docker.io/istio/examples-bookinfo-ratings-v1:1.17.0\r\n        imagePullPolicy: IfNotPresent\r\n        ports:\r\n        - containerPort: 9080\r\n---\r\napiVersion: v1\r\nkind: Service\r\nmetadata:\r\n  name: reviews\r\n  namespace: bookinfo\r\n  labels:\r\n    app: reviews\r\n    service: reviews\r\nspec:\r\n  ports:\r\n  - port: 9080\r\n    name: http\r\n  selector:\r\n    app: reviews\r\n---\r\napiVersion: v1\r\nkind: ServiceAccount\r\nmetadata:\r\n  name: bookinfo-reviews\r\n  namespace: bookinfo\r\n  labels:\r\n    account: reviews\r\n---\r\napiVersion: apps/v1\r\nkind: Deployment\r\nmetadata:\r\n  name: reviews-v1\r\n  namespace: bookinfo\r\n  labels:\r\n    app: reviews\r\n    version: v1\r\nspec:\r\n  replicas: 1\r\n  selector:\r\n    matchLabels:\r\n      app: reviews\r\n      version: v1\r\n  template:\r\n    metadata:\r\n      labels:\r\n        app: reviews\r\n        version: v1\r\n    spec:\r\n      serviceAccountName: bookinfo-reviews\r\n      containers:\r\n      - name: reviews\r\n        image: docker.io/istio/examples-bookinfo-reviews-v1:1.17.0\r\n        imagePullPolicy: IfNotPresent\r\n        ports:\r\n        - containerPort: 9080\r\n---\r\napiVersion: apps/v1\r\nkind: Deployment\r\nmetadata:\r\n  name: reviews-v2\r\n  namespace: bookinfo\r\n  labels:\r\n    app: reviews\r\n    version: v2\r\nspec:\r\n  replicas: 1\r\n  selector:\r\n    matchLabels:\r\n      app: reviews\r\n      version: v2\r\n  template:\r\n    metadata:\r\n      labels:\r\n        app: reviews\r\n        version: v2\r\n    spec:\r\n      serviceAccountName: bookinfo-reviews\r\n      containers:\r\n      - name: reviews\r\n        image: docker.io/istio/examples-bookinfo-reviews-v2:1.17.0\r\n        imagePullPolicy: IfNotPresent\r\n        ports:\r\n        - containerPort: 9080\r\n---\r\napiVersion: apps/v1\r\nkind: Deployment\r\nmetadata:\r\n  name: reviews-v3\r\n  namespace: bookinfo\r\n  labels:\r\n    app: reviews\r\n    version: v3\r\nspec:\r\n  replicas: 1\r\n  selector:\r\n    matchLabels:\r\n      app: reviews\r\n      version: v3\r\n  template:\r\n    metadata:\r\n      labels:\r\n        app: reviews\r\n        version: v3\r\n    spec:\r\n      serviceAccountName: bookinfo-reviews\r\n      containers:\r\n      - name: reviews\r\n        image: docker.io/istio/examples-bookinfo-reviews-v3:1.17.0\r\n        imagePullPolicy: IfNotPresent\r\n        ports:\r\n        - containerPort: 9080\r\n---\r\napiVersion: v1\r\nkind: Service\r\nmetadata:\r\n  name: productpage\r\n  namespace: bookinfo\r\n  labels:\r\n    app: productpage\r\n    service: productpage\r\nspec:\r\n  ports:\r\n  - port: 9080\r\n    name: http\r\n  selector:\r\n    app: productpage\r\n---\r\napiVersion: v1\r\nkind: ServiceAccount\r\nmetadata:\r\n  name: bookinfo-productpage\r\n  namespace: bookinfo\r\n  labels:\r\n    account: productpage\r\n---\r\napiVersion: apps/v1\r\nkind: Deployment\r\nmetadata:\r\n  name: productpage-v1\r\n  namespace: bookinfo\r\n  labels:\r\n    app: productpage\r\n    version: v1\r\nspec:\r\n  replicas: 1\r\n  selector:\r\n    matchLabels:\r\n      app: productpage\r\n      version: v1\r\n  template:\r\n    metadata:\r\n      labels:\r\n        app: productpage\r\n        version: v1\r\n    spec:\r\n      serviceAccountName: bookinfo-productpage\r\n      containers:\r\n      - name: productpage\r\n        image: docker.io/istio/examples-bookinfo-productpage-v1:1.17.0\r\n        imagePullPolicy: IfNotPresent\r\n        ports:\r\n        - containerPort: 9080",
      "type": "string",
      "sensitive": true
    },
    "bookinfo_split_debug": {
      "value": [
        "apiVersion: v1\r\nkind: Service\r\nmetadata:\r\n  name: details\r\n  namespace: bookinfo\r\n  labels:\r\n    app: details\r\n    service: details\r\nspec:\r\n  ports:\r\n  - port: 9080\r\n    name: http\r\n  selector:\r\n    app: details\r\n---\r\napiVersion: v1\r\nkind: ServiceAccount\r\nmetadata:\r\n  name: bookinfo-details\r\n  namespace: bookinfo\r\n  labels:\r\n    account: details\r\n---\r\napiVersion: apps/v1\r\nkind: Deployment\r\nmetadata:\r\n  name: details-v1\r\n  namespace: bookinfo\r\n  labels:\r\n    app: details\r\n    version: v1\r\nspec:\r\n  replicas: 1\r\n  selector:\r\n    matchLabels:\r\n      app: details\r\n      version: v1\r\n  template:\r\n    metadata:\r\n      labels:\r\n        app: details\r\n        version: v1\r\n    spec:\r\n      serviceAccountName: bookinfo-details\r\n      containers:\r\n      - name: details\r\n        image: docker.io/istio/examples-bookinfo-details-v1:1.17.0\r\n        imagePullPolicy: IfNotPresent\r\n        ports:\r\n        - containerPort: 9080\r\n---\r\napiVersion: v1\r\nkind: Service\r\nmetadata:\r\n  name: ratings\r\n  namespace: bookinfo\r\n  labels:\r\n    app: ratings\r\n    service: ratings\r\nspec:\r\n  ports:\r\n  - port: 9080\r\n    name: http\r\n  selector:\r\n    app: ratings\r\n---\r\napiVersion: v1\r\nkind: ServiceAccount\r\nmetadata:\r\n  name: bookinfo-ratings\r\n  namespace: bookinfo\r\n  labels:\r\n    account: ratings\r\n---\r\napiVersion: apps/v1\r\nkind: Deployment\r\nmetadata:\r\n  name: ratings-v1\r\n  namespace: bookinfo\r\n  labels:\r\n    app: ratings\r\n    version: v1\r\nspec:\r\n  replicas: 1\r\n  selector:\r\n    matchLabels:\r\n      app: ratings\r\n      version: v1\r\n  template:\r\n    metadata:\r\n      labels:\r\n        app: ratings\r\n        version: v1\r\n    spec:\r\n      serviceAccountName: bookinfo-ratings\r\n      containers:\r\n      - name: ratings\r\n        image: docker.io/istio/examples-bookinfo-ratings-v1:1.17.0\r\n        imagePullPolicy: IfNotPresent\r\n        ports:\r\n        - containerPort: 9080\r\n---\r\napiVersion: v1\r\nkind: Service\r\nmetadata:\r\n  name: reviews\r\n  namespace: bookinfo\r\n  labels:\r\n    app: reviews\r\n    service: reviews\r\nspec:\r\n  ports:\r\n  - port: 9080\r\n    name: http\r\n  selector:\r\n    app: reviews\r\n---\r\napiVersion: v1\r\nkind: ServiceAccount\r\nmetadata:\r\n  name: bookinfo-reviews\r\n  namespace: bookinfo\r\n  labels:\r\n    account: reviews\r\n---\r\napiVersion: apps/v1\r\nkind: Deployment\r\nmetadata:\r\n  name: reviews-v1\r\n  namespace: bookinfo\r\n  labels:\r\n    app: reviews\r\n    version: v1\r\nspec:\r\n  replicas: 1\r\n  selector:\r\n    matchLabels:\r\n      app: reviews\r\n      version: v1\r\n  template:\r\n    metadata:\r\n      labels:\r\n        app: reviews\r\n        version: v1\r\n    spec:\r\n      serviceAccountName: bookinfo-reviews\r\n      containers:\r\n      - name: reviews\r\n        image: docker.io/istio/examples-bookinfo-reviews-v1:1.17.0\r\n        imagePullPolicy: IfNotPresent\r\n        ports:\r\n        - containerPort: 9080\r\n---\r\napiVersion: apps/v1\r\nkind: Deployment\r\nmetadata:\r\n  name: reviews-v2\r\n  namespace: bookinfo\r\n  labels:\r\n    app: reviews\r\n    version: v2\r\nspec:\r\n  replicas: 1\r\n  selector:\r\n    matchLabels:\r\n      app: reviews\r\n      version: v2\r\n  template:\r\n    metadata:\r\n      labels:\r\n        app: reviews\r\n        version: v2\r\n    spec:\r\n      serviceAccountName: bookinfo-reviews\r\n      containers:\r\n      - name: reviews\r\n        image: docker.io/istio/examples-bookinfo-reviews-v2:1.17.0\r\n        imagePullPolicy: IfNotPresent\r\n        ports:\r\n        - containerPort: 9080\r\n---\r\napiVersion: apps/v1\r\nkind: Deployment\r\nmetadata:\r\n  name: reviews-v3\r\n  namespace: bookinfo\r\n  labels:\r\n    app: reviews\r\n    version: v3\r\nspec:\r\n  replicas: 1\r\n  selector:\r\n    matchLabels:\r\n      app: reviews\r\n      version: v3\r\n  template:\r\n    metadata:\r\n      labels:\r\n        app: reviews\r\n        version: v3\r\n    spec:\r\n      serviceAccountName: bookinfo-reviews\r\n      containers:\r\n      - name: reviews\r\n        image: docker.io/istio/examples-bookinfo-reviews-v3:1.17.0\r\n        imagePullPolicy: IfNotPresent\r\n        ports:\r\n        - containerPort: 9080\r\n---\r\napiVersion: v1\r\nkind: Service\r\nmetadata:\r\n  name: productpage\r\n  namespace: bookinfo\r\n  labels:\r\n    app: productpage\r\n    service: productpage\r\nspec:\r\n  ports:\r\n  - port: 9080\r\n    name: http\r\n  selector:\r\n    app: productpage\r\n---\r\napiVersion: v1\r\nkind: ServiceAccount\r\nmetadata:\r\n  name: bookinfo-productpage\r\n  namespace: bookinfo\r\n  labels:\r\n    account: productpage\r\n---\r\napiVersion: apps/v1\r\nkind: Deployment\r\nmetadata:\r\n  name: productpage-v1\r\n  namespace: bookinfo\r\n  labels:\r\n    app: productpage\r\n    version: v1\r\nspec:\r\n  replicas: 1\r\n  selector:\r\n    matchLabels:\r\n      app: productpage\r\n      version: v1\r\n  template:\r\n    metadata:\r\n      labels:\r\n        app: productpage\r\n        version: v1\r\n    spec:\r\n      serviceAccountName: bookinfo-productpage\r\n      containers:\r\n      - name: productpage\r\n        image: docker.io/istio/examples-bookinfo-productpage-v1:1.17.0\r\n        imagePullPolicy: IfNotPresent\r\n        ports:\r\n        - containerPort: 9080: apiVersion: v1\r\nkind: Service\r\nmetadata:\r\n  name: det..."
      ],
      "type": [
        "tuple",
        [
          "string"
        ]
      ]
    }
  },
  "resources": [
    {
      "mode": "managed",
      "type": "helm_release",
      "name": "istio_base",
      "provider": "provider[\"registry.terraform.io/hashicorp/helm\"]",
      "instances": [
        {
          "schema_version": 1,
          "attributes": {
            "atomic": false,
            "chart": "base",
            "cleanup_on_fail": false,
            "create_namespace": false,
            "dependency_update": false,
            "description": null,
            "devel": null,
            "disable_crd_hooks": false,
            "disable_openapi_validation": false,
            "disable_webhooks": false,
            "force_update": false,
            "id": "istio-base",
            "keyring": null,
            "lint": false,
            "manifest": null,
            "max_history": 0,
            "metadata": [
              {
                "app_version": "1.20.0",
                "chart": "base",
                "name": "istio-base",
                "namespace": "istio-system",
                "revision": 1,
                "values": "null",
                "version": "1.20.0"
              }
            ],
            "name": "istio-base",
            "namespace": "istio-system",
            "pass_credentials": false,
            "postrender": [],
            "recreate_pods": false,
            "render_subchart_notes": true,
            "replace": false,
            "repository": "https://istio-release.storage.googleapis.com/charts",
            "repository_ca_file": null,
            "repository_cert_file": null,
            "repository_key_file": null,
            "repository_password": null,
            "repository_username": null,
            "reset_values": false,
            "reuse_values": false,
            "set": [],
            "set_sensitive": [],
            "skip_crds": false,
            "status": "deployed",
            "timeout": 900,
            "values": null,
            "verify": false,
            "version": "1.20.0",
            "wait": true,
            "wait_for_jobs": false
          },
          "sensitive_attributes": [
            [
              {
                "type": "get_attr",
                "value": "repository_password"
              }
            ]
          ],
          "private": "eyJzY2hlbWFfdmVyc2lvbiI6IjEifQ==",
          "dependencies": [
            "kind_cluster.istio_cluster",
            "kubectl_manifest.namespace_istio"
          ]
        }
      ]
    },
    {
      "mode": "managed",
      "type": "helm_release",
      "name": "istio_ingress",
      "provider": "provider[\"registry.terraform.io/hashicorp/helm\"]",
      "instances": [
        {
          "schema_version": 1,
          "attributes": {
            "atomic": false,
            "chart": "gateway",
            "cleanup_on_fail": false,
            "create_namespace": false,
            "dependency_update": false,
            "description": null,
            "devel": null,
            "disable_crd_hooks": false,
            "disable_openapi_validation": false,
            "disable_webhooks": false,
            "force_update": false,
            "id": "istio-ingressgateway",
            "keyring": null,
            "lint": false,
            "manifest": null,
            "max_history": 0,
            "metadata": [
              {
                "app_version": "1.20.0",
                "chart": "gateway",
                "name": "istio-ingressgateway",
                "namespace": "istio-system",
                "revision": 1,
                "values": "{\"service\":{\"ports\":[{\"name\":\"http2\",\"nodePort\":30000,\"port\":80,\"targetPort\":80},{\"name\":\"https\",\"nodePort\":30001,\"port\":443,\"targetPort\":443}],\"type\":\"NodePort\"}}",
                "version": "1.20.0"
              }
            ],
            "name": "istio-ingressgateway",
            "namespace": "istio-system",
            "pass_credentials": false,
            "postrender": [],
            "recreate_pods": false,
            "render_subchart_notes": true,
            "replace": false,
            "repository": "https://istio-release.storage.googleapis.com/charts",
            "repository_ca_file": null,
            "repository_cert_file": null,
            "repository_key_file": null,
            "repository_password": null,
            "repository_username": null,
            "reset_values": false,
            "reuse_values": false,
            "set": [
              {
                "name": "service.ports[0].name",
                "type": "",
                "value": "http2"
              },
              {
                "name": "service.ports[0].nodePort",
                "type": "",
                "value": "30000"
              },
              {
                "name": "service.ports[0].port",
                "type": "",
                "value": "80"
              },
              {
                "name": "service.ports[0].targetPort",
                "type": "",
                "value": "80"
              },
              {
                "name": "service.ports[1].name",
                "type": "",
                "value": "https"
              },
              {
                "name": "service.ports[1].nodePort",
                "type": "",
                "value": "30001"
              },
              {
                "name": "service.ports[1].port",
                "type": "",
                "value": "443"
              },
              {
                "name": "service.ports[1].targetPort",
                "type": "",
                "value": "443"
              },
              {
                "name": "service.type",
                "type": "",
                "value": "NodePort"
              }
            ],
            "set_sensitive": [],
            "skip_crds": false,
            "status": "deployed",
            "timeout": 900,
            "values": null,
            "verify": false,
            "version": "1.20.0",
            "wait": true,
            "wait_for_jobs": false
          },
          "sensitive_attributes": [
            [
              {
                "type": "get_attr",
                "value": "repository_password"
              }
            ]
          ],
          "private": "eyJzY2hlbWFfdmVyc2lvbiI6IjEifQ==",
          "dependencies": [
            "helm_release.istio_base",
            "helm_release.istiod",
            "kind_cluster.istio_cluster",
            "kubectl_manifest.namespace_istio"
          ]
        }
      ]
    },
    {
      "mode": "managed",
      "type": "helm_release",
      "name": "istiod",
      "provider": "provider[\"registry.terraform.io/hashicorp/helm\"]",
      "instances": [
        {
          "schema_version": 1,
          "attributes": {
            "atomic": false,
            "chart": "istiod",
            "cleanup_on_fail": false,
            "create_namespace": false,
            "dependency_update": false,
            "description": null,
            "devel": null,
            "disable_crd_hooks": false,
            "disable_openapi_validation": false,
            "disable_webhooks": false,
            "force_update": false,
            "id": "istiod",
            "keyring": null,
            "lint": false,
            "manifest": null,
            "max_history": 0,
            "metadata": [
              {
                "app_version": "1.20.0",
                "chart": "istiod",
                "name": "istiod",
                "namespace": "istio-system",
                "revision": 1,
                "values": "null",
                "version": "1.20.0"
              }
            ],
            "name": "istiod",
            "namespace": "istio-system",
            "pass_credentials": false,
            "postrender": [],
            "recreate_pods": false,
            "render_subchart_notes": true,
            "replace": false,
            "repository": "https://istio-release.storage.googleapis.com/charts",
            "repository_ca_file": null,
            "repository_cert_file": null,
            "repository_key_file": null,
            "repository_password": null,
            "repository_username": null,
            "reset_values": false,
            "reuse_values": false,
            "set": [],
            "set_sensitive": [],
            "skip_crds": false,
            "status": "deployed",
            "timeout": 900,
            "values": null,
            "verify": false,
            "version": "1.20.0",
            "wait": true,
            "wait_for_jobs": false
          },
          "sensitive_attributes": [
            [
              {
                "type": "get_attr",
                "value": "repository_password"
              }
            ]
          ],
          "private": "eyJzY2hlbWFfdmVyc2lvbiI6IjEifQ==",
          "dependencies": [
            "helm_release.istio_base",
            "kind_cluster.istio_cluster",
            "kubectl_manifest.namespace_istio"
          ]
        }
      ]
    },
    {
      "mode": "managed",
      "type": "helm_release",
      "name": "keycloak",
      "provider": "provider[\"registry.terraform.io/hashicorp/helm\"]",
      "instances": [
        {
          "schema_version": 1,
          "attributes": {
            "atomic": false,
            "chart": "keycloak",
            "cleanup_on_fail": false,
            "create_namespace": true,
            "dependency_update": false,
            "description": null,
            "devel": null,
            "disable_crd_hooks": false,
            "disable_openapi_validation": false,
            "disable_webhooks": false,
            "force_update": false,
            "id": "keycloak",
            "keyring": null,
            "lint": false,
            "manifest": null,
            "max_history": 0,
            "metadata": [
              {
                "app_version": "22.0.5",
                "chart": "keycloak",
                "name": "keycloak",
                "namespace": "keycloak",
                "revision": 1,
                "values": "{\"auth\":{\"adminPassword\":\"admin123\",\"adminUser\":\"admin\"},\"service\":{\"nodePorts\":{\"http\":30002},\"type\":\"NodePort\"}}",
                "version": "17.3.6"
              }
            ],
            "name": "keycloak",
            "namespace": "keycloak",
            "pass_credentials": false,
            "postrender": [],
            "recreate_pods": false,
            "render_subchart_notes": true,
            "replace": false,
            "repository": "https://charts.bitnami.com/bitnami",
            "repository_ca_file": null,
            "repository_cert_file": null,
            "repository_key_file": null,
            "repository_password": null,
            "repository_username": null,
            "reset_values": false,
            "reuse_values": false,
            "set": [
              {
                "name": "auth.adminPassword",
                "type": "",
                "value": "admin123"
              },
              {
                "name": "auth.adminUser",
                "type": "",
                "value": "admin"
              },
              {
                "name": "service.nodePorts.http",
                "type": "",
                "value": "30002"
              },
              {
                "name": "service.type",
                "type": "",
                "value": "NodePort"
              }
            ],
            "set_sensitive": [],
            "skip_crds": false,
            "status": "deployed",
            "timeout": 900,
            "values": null,
            "verify": false,
            "version": "17.3.6",
            "wait": true,
            "wait_for_jobs": false
          },
          "sensitive_attributes": [
            [
              {
                "type": "get_attr",
                "value": "repository_password"
              }
            ]
          ],
          "private": "eyJzY2hlbWFfdmVyc2lvbiI6IjEifQ==",
          "dependencies": [
            "kind_cluster.istio_cluster",
            "kubectl_manifest.namespace_keycloak"
          ]
        }
      ]
    },
    {
      "mode": "managed",
      "type": "kind_cluster",
      "name": "istio_cluster",
      "provider": "provider[\"registry.terraform.io/tehcyx/kind\"]",
      "instances": [
        {
          "schema_version": 0,
          "attributes": {
            "client_certificate": "-----BEGIN CERTIFICATE-----\nMIIDITCCAgmgAwIBAgIIb7SgEWUIuYswDQYJKoZIhvcNAQELBQAwFTETMBEGA1UE\nAxMKa3ViZXJuZXRlczAeFw0yNDEyMDIyMTExMTVaFw0yNTEyMDIyMTExMTZaMDQx\nFzAVBgNVBAoTDnN5c3RlbTptYXN0ZXJzMRkwFwYDVQQDExBrdWJlcm5ldGVzLWFk\nbWluMIIBIjANBgkqhkiG9w0BAQEFAAOCAQ8AMIIBCgKCAQEAwIlbhACNlY4/qaQL\naNPcMrXwKwI2U33PggxLx1Ov1AUcByexY9k3Kf5+ek4PeNizvyMDORmvduMG5MPy\nzqVf6GIaNMEivbrJ2qQKNvwfeV+EeKvXc+7COQeXtXBH+AlZ9/wu1FbQZhNJVBFY\nbk+0OzUTWT/ytBr5hpOMcL2oV711nlY2zVGXsfMeOdB++h5NKDBxxrtbsHOYHYu4\naIYpfwV2P45SkVgEDXU9BgSboIo5sxAoPff7MdEhBUDqn3YZqyQtz7u4jN5zZSIF\nvssdevRpH4MIJLa9Bh3nFC+OyshTaChp23EtwsrP3xUEyno1I5DfFM+PgDntt7K4\n+urK0QIDAQABo1YwVDAOBgNVHQ8BAf8EBAMCBaAwEwYDVR0lBAwwCgYIKwYBBQUH\nAwIwDAYDVR0TAQH/BAIwADAfBgNVHSMEGDAWgBTmaJrFHW5luGl1OlzxY6glzUlc\n7zANBgkqhkiG9w0BAQsFAAOCAQEAPJaDF2pHTlOsvY0/Tf+yF6g4p/M2Y4mP3kgv\ns4tiMeemtuHCi2majstH4dSuAvoNnWT6+PMD6aE0k+gGEElF8OnfEgR5DjSfefzN\nGDYT1olUgiKA9Tww4Q86uYNFFdVLKRu6/bhcgExXim5WiG1yKJDVjqVOKhD8ehlr\nIfTZAqRC/hvobpNQpcSF272ayg/G/MuPZM8HSWgm8qPpFpAujDaPa+TN14Odmyxa\nr4minMFrgVX8qdHPGu25hIdk2k5ZeSmxRAZQQ9Xflo4GLIlZ6FHVRUtQAARxNanu\nPGrmw8wMFa7DdoqzvSbRMLYI/3A2fZnb9nD44a6AsDlmrDNjMA==\n-----END CERTIFICATE-----\n",
            "client_key": "-----BEGIN RSA PRIVATE KEY-----\nMIIEowIBAAKCAQEAwIlbhACNlY4/qaQLaNPcMrXwKwI2U33PggxLx1Ov1AUcByex\nY9k3Kf5+ek4PeNizvyMDORmvduMG5MPyzqVf6GIaNMEivbrJ2qQKNvwfeV+EeKvX\nc+7COQeXtXBH+AlZ9/wu1FbQZhNJVBFYbk+0OzUTWT/ytBr5hpOMcL2oV711nlY2\nzVGXsfMeOdB++h5NKDBxxrtbsHOYHYu4aIYpfwV2P45SkVgEDXU9BgSboIo5sxAo\nPff7MdEhBUDqn3YZqyQtz7u4jN5zZSIFvssdevRpH4MIJLa9Bh3nFC+OyshTaChp\n23EtwsrP3xUEyno1I5DfFM+PgDntt7K4+urK0QIDAQABAoIBAQCnW/5vvKdVs+OE\nyzKbuWTzs5CDYhXk9zxT9+o65nS1IIffdFJOz7aSy0QXfhkW249K+t1HWhtahTct\nzWIW3EuEzRmod6WCNIZXhjXW28tkDnIxDnZmsMilGAN4VJRKd5573/q42oml4Ofh\nqn4qzR+GQ7mA4ARRKA10PHdcXI+jS2nYbTH5ZNIdqjpAofPTgzVAsg3vOy0FCbwZ\nlKR8HTBpQFOJpXZRjl6kfmqpyuZl/efk1RpocoX5E9bvn7gg0CoCTxYDEUukqf6B\nnvCKgZhT6YpairBEubsWnwJYmyr6SG6V16uhOoXrwUYOE1UBihcMxQPayyI9Hw7t\nh3B/B54RAoGBAMmTxTmMbX58e6bb7+wHDx/YshvwCe3wlcTClaxyb5DUR/P7xWBk\nKFXzn/T+JG22JoT9R8YGKj8/zhb3PfRvV/OTCh0nkv3TwD8TRJc85tZPYPB//hax\nJut3dcA/5eUDDQjp3Ttu34m9dl+I5boJlAzvejM1Hm5cgjrwaBxxJ44FAoGBAPSE\nux8iYiFQRC22pb5Ek8OVqcv66tc7cF5oDqsKGcspggU9+E1Y5QcWnYMh9t9RqSrj\n1wvDYd8SKDZRHpYbhEkN1Bg95GJPyxFYlfKVYqUu8CMi+iSiX7+5YjygRPSeUIuO\n6krRCpCDCOzj/Fzx8uKqpPz4Zid899tGNFzHDtddAoGAPXNx/ZBE1PmIDJ8h7hdc\n0f2Slpe/vyzHy5ryXAbq4gEFCmkni7Ic5c8GZX6Qhm2wInzAQ6sfd/awkim/VmQX\nMOcTfz3QPtct1Uy/bUegq5a5W7f5MtvAnKnnWLtiD0W11JDO485yESCUFJ28QtGm\ns6bR3wiDhWtoPCWL55fLUi0CgYB7jVHr4njJMoCwxJitMoOjkU0x18CwLsWRvmyi\n+kCcSoX7VhvQIXngggnnB9NxdhbPqD6yH/ClQcx13blhydem/kjMUwHCt2T5h9SE\ntf0ZUEVgy7yvpChTfT3pOmZ9YD18tyMl2MjIyp1I7c5HvK2o4ObrOCyOCXRIJQoy\nUxbptQKBgEheFjUCzV1HzsSbcEzhbVRvSPZeOkcNfSFelwVA97/2tuRwdM4NFe0z\nP7bpdGAnooftHMXVLXGt/1zelrD+9ioBuE/S/OXe1bK0tr/aFixGgwaH/0tL0sLH\nzE2uC6KYhdfKKjNCfaplDN3rJV8SD2GJeNorSU2/kzSL1rgfEL3m\n-----END RSA PRIVATE KEY-----\n",
            "cluster_ca_certificate": "-----BEGIN CERTIFICATE-----\nMIIC/jCCAeagAwIBAgIBADANBgkqhkiG9w0BAQsFADAVMRMwEQYDVQQDEwprdWJl\ncm5ldGVzMB4XDTI0MTIwMjIxMTExNVoXDTM0MTEzMDIxMTExNVowFTETMBEGA1UE\nAxMKa3ViZXJuZXRlczCCASIwDQYJKoZIhvcNAQEBBQADggEPADCCAQoCggEBAKse\nk38EFfaQIwpmLHTOG4yVoI0ObaIR/L9OEDIQ1x156UgM1TmdE92y17120nULnncw\ndkal0a5Hwe1UcncRyUp3c42+EHUD8JBDDGXZXw1ipwS1hAHh/0Dkb2ArCL4bPtT8\nal3mTIpBGXWQRzlKCgSjO9yLLVX3tXekjV/kEQFsjOawK2uOFUERMzIZSyJhiv8y\ngOLKfuL5Y0B3eaugoLCLAOtJrS9+gPFWd8D1MxK9yoQeCNGbwO2oUqJ63FDnwSbO\ntap4bbclJrE7b1pRKK8h/n5iLJBxl+JPRaBEfoWlGpLVJFkIjWDju2YN1eP9rmsY\ndC/Hikp3RyDvaaDCtD8CAwEAAaNZMFcwDgYDVR0PAQH/BAQDAgKkMA8GA1UdEwEB\n/wQFMAMBAf8wHQYDVR0OBBYEFOZomsUdbmW4aXU6XPFjqCXNSVzvMBUGA1UdEQQO\nMAyCCmt1YmVybmV0ZXMwDQYJKoZIhvcNAQELBQADggEBAAVUNSUQOL/PNq9XojW/\nosp0fPb7iz1SJ5cUAGN8CK28zR887KSoFiqH819HoPJo+5oDx64ueCYTIGLxy1/N\ne+jIlm29r71/dmgj4L4dOgByMaEUcZZv372kLRjpi8V1Z/+yO/8iD1QOY1p9JUvI\nVWZHPHPogazYF7RMtrzq/tDLG4B53T5uGDqG9MaQloITjgjAiMk61D9u6SzqIzgs\nr8T418Fw6ZYMCp6PO2yiru5kE60JqGOIuAoeLY91h5qNKmYZWIumAFLMNOFVTxJi\nqpZgwweY/hwVV1YSCGmPRS+F0O0yqJrDMfwXNIfArmrH+rxBkmr3EF++QsPBDRWm\ntWU=\n-----END CERTIFICATE-----\n",
            "completed": true,
            "endpoint": "https://127.0.0.1:55693",
            "id": "istio-cluster-1-kindest/node:v1.27.3",
            "kind_config": [
              {
                "api_version": "kind.x-k8s.io/v1alpha4",
                "containerd_config_patches": [],
                "feature_gates": {},
                "kind": "Cluster",
                "networking": [
                  {
                    "api_server_address": "127.0.0.1",
                    "api_server_port": 0,
                    "disable_default_cni": false,
                    "dns_search": [],
                    "ip_family": "",
                    "kube_proxy_mode": "",
                    "pod_subnet": "",
                    "service_subnet": ""
                  }
                ],
                "node": [
                  {
                    "extra_mounts": [],
                    "extra_port_mappings": [
                      {
                        "container_port": 30000,
                        "host_port": 30000,
                        "listen_address": "",
                        "protocol": "TCP"
                      },
                      {
                        "container_port": 30001,
                        "host_port": 30001,
                        "listen_address": "",
                        "protocol": "TCP"
                      }
                    ],
                    "image": "",
                    "kubeadm_config_patches": [],
                    "labels": {},
                    "role": "control-plane"
                  },
                  {
                    "extra_mounts": [],
                    "extra_port_mappings": [],
                    "image": "",
                    "kubeadm_config_patches": [],
                    "labels": {},
                    "role": "worker"
                  }
                ],
                "runtime_config": {}
              }
            ],
            "kubeconfig": "apiVersion: v1\nclusters:\n- cluster:\n    certificate-authority-data: LS0tLS1CRUdJTiBDRVJUSUZJQ0FURS0tLS0tCk1JSUMvakNDQWVhZ0F3SUJBZ0lCQURBTkJna3Foa2lHOXcwQkFRc0ZBREFWTVJNd0VRWURWUVFERXdwcmRXSmwKY201bGRHVnpNQjRYRFRJME1USXdNakl4TVRFeE5Wb1hEVE0wTVRFek1ESXhNVEV4TlZvd0ZURVRNQkVHQTFVRQpBeE1LYTNWaVpYSnVaWFJsY3pDQ0FTSXdEUVlKS29aSWh2Y05BUUVCQlFBRGdnRVBBRENDQVFvQ2dnRUJBS3NlCmszOEVGZmFRSXdwbUxIVE9HNHlWb0kwT2JhSVIvTDlPRURJUTF4MTU2VWdNMVRtZEU5MnkxNzEyMG5VTG5uY3cKZGthbDBhNUh3ZTFVY25jUnlVcDNjNDIrRUhVRDhKQkRER1haWHcxaXB3UzFoQUhoLzBEa2IyQXJDTDRiUHRUOAphbDNtVElwQkdYV1FSemxLQ2dTak85eUxMVlgzdFhla2pWL2tFUUZzak9hd0sydU9GVUVSTXpJWlN5Smhpdjh5CmdPTEtmdUw1WTBCM2VhdWdvTENMQU90SnJTOStnUEZXZDhEMU14Szl5b1FlQ05HYndPMm9VcUo2M0ZEbndTYk8KdGFwNGJiY2xKckU3YjFwUktLOGgvbjVpTEpCeGwrSlBSYUJFZm9XbEdwTFZKRmtJaldEanUyWU4xZVA5cm1zWQpkQy9IaWtwM1J5RHZhYURDdEQ4Q0F3RUFBYU5aTUZjd0RnWURWUjBQQVFIL0JBUURBZ0trTUE4R0ExVWRFd0VCCi93UUZNQU1CQWY4d0hRWURWUjBPQkJZRUZPWm9tc1VkYm1XNGFYVTZYUEZqcUNYTlNWenZNQlVHQTFVZEVRUU8KTUF5Q0NtdDFZbVZ5Ym1WMFpYTXdEUVlKS29aSWh2Y05BUUVMQlFBRGdnRUJBQVZVTlNVUU9ML1BOcTlYb2pXLwpvc3AwZlBiN2l6MVNKNWNVQUdOOENLMjh6Ujg4N0tTb0ZpcUg4MTlIb1BKbys1b0R4NjR1ZUNZVElHTHh5MS9OCmUraklsbTI5cjcxL2RtZ2o0TDRkT2dCeU1hRVVjWlp2Mzcya0xSanBpOFYxWi8reU8vOGlEMVFPWTFwOUpVdkkKVldaSFBIUG9nYXpZRjdSTXRyenEvdERMRzRCNTNUNXVHRHFHOU1hUWxvSVRqZ2pBaU1rNjFEOXU2U3pxSXpncwpyOFQ0MThGdzZaWU1DcDZQTzJ5aXJ1NWtFNjBKcUdPSXVBb2VMWTkxaDVxTkttWVpXSXVtQUZMTU5PRlZUeEppCnFwWmd3d2VZL2h3VlYxWVNDR21QUlMrRjBPMHlxSnJETWZ3WE5JZkFybXJIK3J4QmttcjNFRisrUXNQQkRSV20KdFdVPQotLS0tLUVORCBDRVJUSUZJQ0FURS0tLS0tCg==\n    server: https://127.0.0.1:55693\n  name: kind-istio-cluster-1\ncontexts:\n- context:\n    cluster: kind-istio-cluster-1\n    user: kind-istio-cluster-1\n  name: kind-istio-cluster-1\ncurrent-context: kind-istio-cluster-1\nkind: Config\npreferences: {}\nusers:\n- name: kind-istio-cluster-1\n  user:\n    client-certificate-data: LS0tLS1CRUdJTiBDRVJUSUZJQ0FURS0tLS0tCk1JSURJVENDQWdtZ0F3SUJBZ0lJYjdTZ0VXVUl1WXN3RFFZSktvWklodmNOQVFFTEJRQXdGVEVUTUJFR0ExVUUKQXhNS2EzVmlaWEp1WlhSbGN6QWVGdzB5TkRFeU1ESXlNVEV4TVRWYUZ3MHlOVEV5TURJeU1URXhNVFphTURReApGekFWQmdOVkJBb1REbk41YzNSbGJUcHRZWE4wWlhKek1Sa3dGd1lEVlFRREV4QnJkV0psY201bGRHVnpMV0ZrCmJXbHVNSUlCSWpBTkJna3Foa2lHOXcwQkFRRUZBQU9DQVE4QU1JSUJDZ0tDQVFFQXdJbGJoQUNObFk0L3FhUUwKYU5QY01yWHdLd0kyVTMzUGdneEx4MU92MUFVY0J5ZXhZOWszS2Y1K2VrNFBlTml6dnlNRE9SbXZkdU1HNU1QeQp6cVZmNkdJYU5NRWl2YnJKMnFRS052d2ZlVitFZUt2WGMrN0NPUWVYdFhCSCtBbFo5L3d1MUZiUVpoTkpWQkZZCmJrKzBPelVUV1QveXRCcjVocE9NY0wyb1Y3MTFubFkyelZHWHNmTWVPZEIrK2g1TktEQnh4cnRic0hPWUhZdTQKYUlZcGZ3VjJQNDVTa1ZnRURYVTlCZ1Nib0lvNXN4QW9QZmY3TWRFaEJVRHFuM1lacXlRdHo3dTRqTjV6WlNJRgp2c3NkZXZScEg0TUlKTGE5QmgzbkZDK095c2hUYUNocDIzRXR3c3JQM3hVRXlubzFJNURmRk0rUGdEbnR0N0s0Cit1ckswUUlEQVFBQm8xWXdWREFPQmdOVkhROEJBZjhFQkFNQ0JhQXdFd1lEVlIwbEJBd3dDZ1lJS3dZQkJRVUgKQXdJd0RBWURWUjBUQVFIL0JBSXdBREFmQmdOVkhTTUVHREFXZ0JUbWFKckZIVzVsdUdsMU9senhZNmdselVsYwo3ekFOQmdrcWhraUc5dzBCQVFzRkFBT0NBUUVBUEphREYycEhUbE9zdlkwL1RmK3lGNmc0cC9NMlk0bVAza2d2CnM0dGlNZWVtdHVIQ2kybWFqc3RINGRTdUF2b05uV1Q2K1BNRDZhRTBrK2dHRUVsRjhPbmZFZ1I1RGpTZmVmek4KR0RZVDFvbFVnaUtBOVR3dzRRODZ1WU5GRmRWTEtSdTYvYmhjZ0V4WGltNVdpRzF5S0pEVmpxVk9LaEQ4ZWhscgpJZlRaQXFSQy9odm9icE5RcGNTRjI3MmF5Zy9HL011UFpNOEhTV2dtOHFQcEZwQXVqRGFQYStUTjE0T2RteXhhCnI0bWluTUZyZ1ZYOHFkSFBHdTI1aElkazJrNVplU214UkFaUVE5WGZsbzRHTElsWjZGSFZSVXRRQUFSeE5hbnUKUEdybXc4d01GYTdEZG9xenZTYlJNTFlJLzNBMmZabmI5bkQ0NGE2QXNEbG1yRE5qTUE9PQotLS0tLUVORCBDRVJUSUZJQ0FURS0tLS0tCg==\n    client-key-data: LS0tLS1CRUdJTiBSU0EgUFJJVkFURSBLRVktLS0tLQpNSUlFb3dJQkFBS0NBUUVBd0lsYmhBQ05sWTQvcWFRTGFOUGNNclh3S3dJMlUzM1BnZ3hMeDFPdjFBVWNCeWV4Clk5azNLZjUrZWs0UGVOaXp2eU1ET1JtdmR1TUc1TVB5enFWZjZHSWFOTUVpdmJySjJxUUtOdndmZVYrRWVLdlgKYys3Q09RZVh0WEJIK0FsWjkvd3UxRmJRWmhOSlZCRlliayswT3pVVFdUL3l0QnI1aHBPTWNMMm9WNzExbmxZMgp6VkdYc2ZNZU9kQisraDVOS0RCeHhydGJzSE9ZSFl1NGFJWXBmd1YyUDQ1U2tWZ0VEWFU5QmdTYm9JbzVzeEFvClBmZjdNZEVoQlVEcW4zWVpxeVF0ejd1NGpONXpaU0lGdnNzZGV2UnBINE1JSkxhOUJoM25GQytPeXNoVGFDaHAKMjNFdHdzclAzeFVFeW5vMUk1RGZGTStQZ0RudHQ3SzQrdXJLMFFJREFRQUJBb0lCQVFDblcvNXZ2S2RWcytPRQp5ektidVdUenM1Q0RZaFhrOXp4VDkrbzY1blMxSUlmZmRGSk96N2FTeTBRWGZoa1cyNDlLK3QxSFdodGFoVGN0CnpXSVczRXVFelJtb2Q2V0NOSVpYaGpYVzI4dGtEbkl4RG5abXNNaWxHQU40VkpSS2Q1NTczL3E0Mm9tbDRPZmgKcW40cXpSK0dRN21BNEFSUktBMTBQSGRjWEkralMyblliVEg1Wk5JZHFqcEFvZlBUZ3pWQXNnM3ZPeTBGQ2J3WgpsS1I4SFRCcFFGT0pwWFpSamw2a2ZtcXB5dVpsL2VmazFScG9jb1g1RTlidm43Z2cwQ29DVHhZREVVdWtxZjZCCm52Q0tnWmhUNllwYWlyQkV1YnNXbndKWW15cjZTRzZWMTZ1aE9vWHJ3VVlPRTFVQmloY014UVBheXlJOUh3N3QKaDNCL0I1NFJBb0dCQU1tVHhUbU1iWDU4ZTZiYjcrd0hEeC9Zc2h2d0NlM3dsY1RDbGF4eWI1RFVSL1A3eFdCawpLRlh6bi9UK0pHMjJKb1Q5UjhZR0tqOC96aGIzUGZSdlYvT1RDaDBua3YzVHdEOFRSSmM4NXRaUFlQQi8vaGF4Ckp1dDNkY0EvNWVVRERRanAzVHR1MzRtOWRsK0k1Ym9KbEF6dmVqTTFIbTVjZ2pyd2FCeHhKNDRGQW9HQkFQU0UKdXg4aVlpRlFSQzIycGI1RWs4T1ZxY3Y2NnRjN2NGNW9EcXNLR2NzcGdnVTkrRTFZNVFjV25ZTWg5dDlScVNyagoxd3ZEWWQ4U0tEWlJIcFliaEVrTjFCZzk1R0pQeXhGWWxmS1ZZcVV1OENNaStpU2lYNys1WWp5Z1JQU2VVSXVPCjZrclJDcENEQ096ai9Geng4dUtxcFB6NFppZDg5OXRHTkZ6SER0ZGRBb0dBUFhOeC9aQkUxUG1JREo4aDdoZGMKMGYyU2xwZS92eXpIeTVyeVhBYnE0Z0VGQ21rbmk3SWM1YzhHWlg2UWhtMndJbnpBUTZzZmQvYXdraW0vVm1RWApNT2NUZnozUVB0Y3QxVXkvYlVlZ3E1YTVXN2Y1TXR2QW5Lbm5XTHRpRDBXMTFKRE80ODV5RVNDVUZKMjhRdEdtCnM2YlIzd2lEaFd0b1BDV0w1NWZMVWkwQ2dZQjdqVkhyNG5qSk1vQ3d4Sml0TW9PamtVMHgxOEN3THNXUnZteWkKK2tDY1NvWDdWaHZRSVhuZ2dnbm5COU54ZGhiUHFENnlIL0NsUWN4MTNibGh5ZGVtL2tqTVV3SEN0MlQ1aDlTRQp0ZjBaVUVWZ3k3eXZwQ2hUZlQzcE9tWjlZRDE4dHlNbDJNakl5cDFJN2M1SHZLMm80T2JyT0N5T0NYUklKUW95ClV4YnB0UUtCZ0VoZUZqVUN6VjFIenNTYmNFemhiVlJ2U1BaZU9rY05mU0ZlbHdWQTk3LzJ0dVJ3ZE00TkZlMHoKUDdicGRHQW5vb2Z0SE1YVkxYR3QvMXplbHJEKzlpb0J1RS9TL09YZTFiSzB0ci9hRml4R2d3YUgvMHRMMHNMSAp6RTJ1QzZLWWhkZktLak5DZmFwbEROM3JKVjhTRDJHSmVOb3JTVTIva3pTTDFyZ2ZFTDNtCi0tLS0tRU5EIFJTQSBQUklWQVRFIEtFWS0tLS0tCg==\n",
            "kubeconfig_path": "C:\\Users\\cyber\\WebstormProjects\\terraform-kind\\istio-cluster-1-config",
            "name": "istio-cluster-1",
            "node_image": "kindest/node:v1.27.3",
            "timeouts": null,
            "wait_for_ready": true
          },
          "sensitive_attributes": [],
          "private": "eyJlMmJmYjczMC1lY2FhLTExZTYtOGY4OC0zNDM2M2JjN2M0YzAiOnsiY3JlYXRlIjozMDAwMDAwMDAwMDAsImRlbGV0ZSI6MzAwMDAwMDAwMDAwLCJ1cGRhdGUiOjMwMDAwMDAwMDAwMH19"
        }
      ]
    },
    {
      "mode": "managed",
      "type": "kubectl_manifest",
      "name": "authorization_policy",
      "provider": "provider[\"registry.terraform.io/gavinbunney/kubectl\"]",
      "instances": [
        {
          "schema_version": 1,
          "attributes": {
            "api_version": "security.istio.io/v1beta1",
            "apply_only": false,
            "force_conflicts": false,
            "force_new": false,
            "id": "/apis/security.istio.io/v1beta1/namespaces/bookinfo/authorizationpolicys/require-jwt",
            "ignore_fields": null,
            "kind": "AuthorizationPolicy",
            "live_manifest_incluster": "aae295439fa1e44b3280ff6d714c08b42f8cb3c8e95ebd066899c14e042324bb",
            "live_uid": "5bf57b01-c8c4-4c15-b30e-4871407dc86e",
            "name": "require-jwt",
            "namespace": "bookinfo",
            "override_namespace": null,
            "sensitive_fields": null,
            "server_side_apply": false,
            "timeouts": null,
            "uid": "5bf57b01-c8c4-4c15-b30e-4871407dc86e",
            "validate_schema": true,
            "wait": null,
            "wait_for_rollout": true,
            "yaml_body": "apiVersion: security.istio.io/v1beta1\r\nkind: AuthorizationPolicy\r\nmetadata:\r\n  name: require-jwt\r\n  namespace: bookinfo\r\nspec:\r\n  selector:\r\n    matchLabels:\r\n      app: productpage\r\n  action: ALLOW\r\n  rules:\r\n  - {}  # Empty rule to allow all traffic during testing\r\n",
            "yaml_body_parsed": "apiVersion: security.istio.io/v1beta1\nkind: AuthorizationPolicy\nmetadata:\n  name: require-jwt\n  namespace: bookinfo\nspec:\n  action: ALLOW\n  rules:\n  - {}\n  selector:\n    matchLabels:\n      app: productpage\n",
            "yaml_incluster": "aae295439fa1e44b3280ff6d714c08b42f8cb3c8e95ebd066899c14e042324bb"
          },
          "sensitive_attributes": [
            [
              {
                "type": "get_attr",
                "value": "yaml_incluster"
              }
            ],
            [
              {
                "type": "get_attr",
                "value": "live_manifest_incluster"
              }
            ],
            [
              {
                "type": "get_attr",
                "value": "yaml_body"
              }
            ]
          ],
          "private": "eyJlMmJmYjczMC1lY2FhLTExZTYtOGY4OC0zNDM2M2JjN2M0YzAiOnsiY3JlYXRlIjo2MDAwMDAwMDAwMDB9LCJzY2hlbWFfdmVyc2lvbiI6IjEifQ==",
          "dependencies": [
            "helm_release.istio_base",
            "helm_release.istiod",
            "helm_release.keycloak",
            "kind_cluster.istio_cluster",
            "kubectl_manifest.bookinfo_manifests",
            "kubectl_manifest.namespace_bookinfo",
            "kubectl_manifest.namespace_istio",
            "kubectl_manifest.namespace_keycloak",
            "kubectl_manifest.request_authentication"
          ]
        }
      ]
    },
    {
      "mode": "managed",
      "type": "kubectl_manifest",
      "name": "bookinfo_gateway",
      "provider": "provider[\"registry.terraform.io/gavinbunney/kubectl\"]",
      "instances": [
        {
          "schema_version": 1,
          "attributes": {
            "api_version": "networking.istio.io/v1alpha3",
            "apply_only": false,
            "force_conflicts": false,
            "force_new": false,
            "id": "/apis/networking.istio.io/v1alpha3/namespaces/bookinfo/gateways/bookinfo-gateway",
            "ignore_fields": null,
            "kind": "Gateway",
            "live_manifest_incluster": "938954e84072b4547a350603a2d5d66f532cce625af11b41432fe34bfeb8140e",
            "live_uid": "75fa3351-f9c1-44a4-aa92-cbb6295a3a41",
            "name": "bookinfo-gateway",
            "namespace": "bookinfo",
            "override_namespace": null,
            "sensitive_fields": null,
            "server_side_apply": false,
            "timeouts": null,
            "uid": "75fa3351-f9c1-44a4-aa92-cbb6295a3a41",
            "validate_schema": true,
            "wait": null,
            "wait_for_rollout": true,
            "yaml_body": "apiVersion: networking.istio.io/v1alpha3\r\nkind: Gateway\r\nmetadata:\r\n  name: bookinfo-gateway\r\n  namespace: bookinfo\r\nspec:\r\n  selector:\r\n    istio: ingressgateway\r\n  servers:\r\n  - port:\r\n      number: 80\r\n      name: http\r\n      protocol: HTTP\r\n    hosts:\r\n    - \"*\"\r\n",
            "yaml_body_parsed": "apiVersion: networking.istio.io/v1alpha3\nkind: Gateway\nmetadata:\n  name: bookinfo-gateway\n  namespace: bookinfo\nspec:\n  selector:\n    istio: ingressgateway\n  servers:\n  - hosts:\n    - '*'\n    port:\n      name: http\n      number: 80\n      protocol: HTTP\n",
            "yaml_incluster": "938954e84072b4547a350603a2d5d66f532cce625af11b41432fe34bfeb8140e"
          },
          "sensitive_attributes": [
            [
              {
                "type": "get_attr",
                "value": "live_manifest_incluster"
              }
            ],
            [
              {
                "type": "get_attr",
                "value": "yaml_body"
              }
            ],
            [
              {
                "type": "get_attr",
                "value": "yaml_incluster"
              }
            ]
          ],
          "private": "eyJlMmJmYjczMC1lY2FhLTExZTYtOGY4OC0zNDM2M2JjN2M0YzAiOnsiY3JlYXRlIjo2MDAwMDAwMDAwMDB9LCJzY2hlbWFfdmVyc2lvbiI6IjEifQ==",
          "dependencies": [
            "helm_release.istio_base",
            "helm_release.istio_ingress",
            "helm_release.istiod",
            "kind_cluster.istio_cluster",
            "kubectl_manifest.bookinfo_manifests",
            "kubectl_manifest.namespace_bookinfo",
            "kubectl_manifest.namespace_istio"
          ]
        }
      ]
    },
    {
      "mode": "managed",
      "type": "kubectl_manifest",
      "name": "bookinfo_manifests",
      "provider": "provider[\"registry.terraform.io/gavinbunney/kubectl\"]",
      "instances": [
        {
          "index_key": "0",
          "schema_version": 1,
          "attributes": {
            "api_version": "v1",
            "apply_only": false,
            "force_conflicts": false,
            "force_new": false,
            "id": "/api/v1/namespaces/bookinfo/services/details",
            "ignore_fields": null,
            "kind": "Service",
            "live_manifest_incluster": "13d585c25c34b94a1cc26bc2408868a1e97e48565e9a668ce7bd6bc0117f234c",
            "live_uid": "fcd58fed-f149-4ebd-b89b-7389022b7b52",
            "name": "details",
            "namespace": "bookinfo",
            "override_namespace": null,
            "sensitive_fields": null,
            "server_side_apply": false,
            "timeouts": null,
            "uid": "fcd58fed-f149-4ebd-b89b-7389022b7b52",
            "validate_schema": true,
            "wait": null,
            "wait_for_rollout": true,
            "yaml_body": "apiVersion: v1\r\nkind: Service\r\nmetadata:\r\n  name: details\r\n  namespace: bookinfo\r\n  labels:\r\n    app: details\r\n    service: details\r\nspec:\r\n  ports:\r\n  - port: 9080\r\n    name: http\r\n  selector:\r\n    app: details\r\n",
            "yaml_body_parsed": "apiVersion: v1\nkind: Service\nmetadata:\n  labels:\n    app: details\n    service: details\n  name: details\n  namespace: bookinfo\nspec:\n  ports:\n  - name: http\n    port: 9080\n  selector:\n    app: details\n",
            "yaml_incluster": "13d585c25c34b94a1cc26bc2408868a1e97e48565e9a668ce7bd6bc0117f234c"
          },
          "sensitive_attributes": [
            [
              {
                "type": "get_attr",
                "value": "yaml_body"
              }
            ],
            [
              {
                "type": "get_attr",
                "value": "live_manifest_incluster"
              }
            ],
            [
              {
                "type": "get_attr",
                "value": "yaml_incluster"
              }
            ]
          ],
          "private": "eyJlMmJmYjczMC1lY2FhLTExZTYtOGY4OC0zNDM2M2JjN2M0YzAiOnsiY3JlYXRlIjo2MDAwMDAwMDAwMDB9LCJzY2hlbWFfdmVyc2lvbiI6IjEifQ==",
          "dependencies": [
            "helm_release.istio_base",
            "helm_release.istiod",
            "kind_cluster.istio_cluster",
            "kubectl_manifest.namespace_bookinfo",
            "kubectl_manifest.namespace_istio"
          ]
        },
        {
          "index_key": "1",
          "schema_version": 1,
          "attributes": {
            "api_version": "v1",
            "apply_only": false,
            "force_conflicts": false,
            "force_new": false,
            "id": "/api/v1/namespaces/bookinfo/serviceaccounts/bookinfo-details",
            "ignore_fields": null,
            "kind": "ServiceAccount",
            "live_manifest_incluster": "06c3ed5539f7cf2b8541dc055ea1c79b1a24be7613376a28c2f06b52ecb11f84",
            "live_uid": "109fbece-b391-4450-805b-a5d3d48a2cba",
            "name": "bookinfo-details",
            "namespace": "bookinfo",
            "override_namespace": null,
            "sensitive_fields": null,
            "server_side_apply": false,
            "timeouts": null,
            "uid": "109fbece-b391-4450-805b-a5d3d48a2cba",
            "validate_schema": true,
            "wait": null,
            "wait_for_rollout": true,
            "yaml_body": "\r\napiVersion: v1\r\nkind: ServiceAccount\r\nmetadata:\r\n  name: bookinfo-details\r\n  namespace: bookinfo\r\n  labels:\r\n    account: details\r\n",
            "yaml_body_parsed": "apiVersion: v1\nkind: ServiceAccount\nmetadata:\n  labels:\n    account: details\n  name: bookinfo-details\n  namespace: bookinfo\n",
            "yaml_incluster": "06c3ed5539f7cf2b8541dc055ea1c79b1a24be7613376a28c2f06b52ecb11f84"
          },
          "sensitive_attributes": [
            [
              {
                "type": "get_attr",
                "value": "live_manifest_incluster"
              }
            ],
            [
              {
                "type": "get_attr",
                "value": "yaml_incluster"
              }
            ],
            [
              {
                "type": "get_attr",
                "value": "yaml_body"
              }
            ]
          ],
          "private": "eyJlMmJmYjczMC1lY2FhLTExZTYtOGY4OC0zNDM2M2JjN2M0YzAiOnsiY3JlYXRlIjo2MDAwMDAwMDAwMDB9LCJzY2hlbWFfdmVyc2lvbiI6IjEifQ==",
          "dependencies": [
            "helm_release.istio_base",
            "helm_release.istiod",
            "kind_cluster.istio_cluster",
            "kubectl_manifest.namespace_bookinfo",
            "kubectl_manifest.namespace_istio"
          ]
        },
        {
          "index_key": "10",
          "schema_version": 1,
          "attributes": {
            "api_version": "apps/v1",
            "apply_only": false,
            "force_conflicts": false,
            "force_new": false,
            "id": "/apis/apps/v1/namespaces/bookinfo/deployments/reviews-v3",
            "ignore_fields": null,
            "kind": "Deployment",
            "live_manifest_incluster": "de065954e59cd6ad8152f5eb84f3d0efa7e7cdad1396b48fcbd753c560655e9a",
            "live_uid": "78f08577-09cd-4858-b170-9f23d30f2cd6",
            "name": "reviews-v3",
            "namespace": "bookinfo",
            "override_namespace": null,
            "sensitive_fields": null,
            "server_side_apply": false,
            "timeouts": null,
            "uid": "78f08577-09cd-4858-b170-9f23d30f2cd6",
            "validate_schema": true,
            "wait": null,
            "wait_for_rollout": true,
            "yaml_body": "\r\napiVersion: apps/v1\r\nkind: Deployment\r\nmetadata:\r\n  name: reviews-v3\r\n  namespace: bookinfo\r\n  labels:\r\n    app: reviews\r\n    version: v3\r\nspec:\r\n  replicas: 1\r\n  selector:\r\n    matchLabels:\r\n      app: reviews\r\n      version: v3\r\n  template:\r\n    metadata:\r\n      labels:\r\n        app: reviews\r\n        version: v3\r\n    spec:\r\n      serviceAccountName: bookinfo-reviews\r\n      containers:\r\n      - name: reviews\r\n        image: docker.io/istio/examples-bookinfo-reviews-v3:1.17.0\r\n        imagePullPolicy: IfNotPresent\r\n        ports:\r\n        - containerPort: 9080\r\n",
            "yaml_body_parsed": "apiVersion: apps/v1\nkind: Deployment\nmetadata:\n  labels:\n    app: reviews\n    version: v3\n  name: reviews-v3\n  namespace: bookinfo\nspec:\n  replicas: 1\n  selector:\n    matchLabels:\n      app: reviews\n      version: v3\n  template:\n    metadata:\n      labels:\n        app: reviews\n        version: v3\n    spec:\n      containers:\n      - image: docker.io/istio/examples-bookinfo-reviews-v3:1.17.0\n        imagePullPolicy: IfNotPresent\n        name: reviews\n        ports:\n        - containerPort: 9080\n      serviceAccountName: bookinfo-reviews\n",
            "yaml_incluster": "de065954e59cd6ad8152f5eb84f3d0efa7e7cdad1396b48fcbd753c560655e9a"
          },
          "sensitive_attributes": [
            [
              {
                "type": "get_attr",
                "value": "yaml_incluster"
              }
            ],
            [
              {
                "type": "get_attr",
                "value": "yaml_body"
              }
            ],
            [
              {
                "type": "get_attr",
                "value": "live_manifest_incluster"
              }
            ]
          ],
          "private": "eyJlMmJmYjczMC1lY2FhLTExZTYtOGY4OC0zNDM2M2JjN2M0YzAiOnsiY3JlYXRlIjo2MDAwMDAwMDAwMDB9LCJzY2hlbWFfdmVyc2lvbiI6IjEifQ==",
          "dependencies": [
            "helm_release.istio_base",
            "helm_release.istiod",
            "kind_cluster.istio_cluster",
            "kubectl_manifest.namespace_bookinfo",
            "kubectl_manifest.namespace_istio"
          ]
        },
        {
          "index_key": "11",
          "schema_version": 1,
          "attributes": {
            "api_version": "v1",
            "apply_only": false,
            "force_conflicts": false,
            "force_new": false,
            "id": "/api/v1/namespaces/bookinfo/services/productpage",
            "ignore_fields": null,
            "kind": "Service",
            "live_manifest_incluster": "05f5fcfaa7fd6301393b6053a411061fd826d85ba3879c8d6bc8506a26ab1469",
            "live_uid": "5dbd79f3-2ea5-43f0-80e3-88cc0844f998",
            "name": "productpage",
            "namespace": "bookinfo",
            "override_namespace": null,
            "sensitive_fields": null,
            "server_side_apply": false,
            "timeouts": null,
            "uid": "5dbd79f3-2ea5-43f0-80e3-88cc0844f998",
            "validate_schema": true,
            "wait": null,
            "wait_for_rollout": true,
            "yaml_body": "\r\napiVersion: v1\r\nkind: Service\r\nmetadata:\r\n  name: productpage\r\n  namespace: bookinfo\r\n  labels:\r\n    app: productpage\r\n    service: productpage\r\nspec:\r\n  ports:\r\n  - port: 9080\r\n    name: http\r\n  selector:\r\n    app: productpage\r\n",
            "yaml_body_parsed": "apiVersion: v1\nkind: Service\nmetadata:\n  labels:\n    app: productpage\n    service: productpage\n  name: productpage\n  namespace: bookinfo\nspec:\n  ports:\n  - name: http\n    port: 9080\n  selector:\n    app: productpage\n",
            "yaml_incluster": "05f5fcfaa7fd6301393b6053a411061fd826d85ba3879c8d6bc8506a26ab1469"
          },
          "sensitive_attributes": [
            [
              {
                "type": "get_attr",
                "value": "live_manifest_incluster"
              }
            ],
            [
              {
                "type": "get_attr",
                "value": "yaml_incluster"
              }
            ],
            [
              {
                "type": "get_attr",
                "value": "yaml_body"
              }
            ]
          ],
          "private": "eyJlMmJmYjczMC1lY2FhLTExZTYtOGY4OC0zNDM2M2JjN2M0YzAiOnsiY3JlYXRlIjo2MDAwMDAwMDAwMDB9LCJzY2hlbWFfdmVyc2lvbiI6IjEifQ==",
          "dependencies": [
            "helm_release.istio_base",
            "helm_release.istiod",
            "kind_cluster.istio_cluster",
            "kubectl_manifest.namespace_bookinfo",
            "kubectl_manifest.namespace_istio"
          ]
        },
        {
          "index_key": "12",
          "schema_version": 1,
          "attributes": {
            "api_version": "v1",
            "apply_only": false,
            "force_conflicts": false,
            "force_new": false,
            "id": "/api/v1/namespaces/bookinfo/serviceaccounts/bookinfo-productpage",
            "ignore_fields": null,
            "kind": "ServiceAccount",
            "live_manifest_incluster": "7bdc1202618ed258d4c14fd8232f982211a04140da3f593f410f35b7f05720be",
            "live_uid": "d457f0c7-1913-4612-b3df-cfd7ac345dee",
            "name": "bookinfo-productpage",
            "namespace": "bookinfo",
            "override_namespace": null,
            "sensitive_fields": null,
            "server_side_apply": false,
            "timeouts": null,
            "uid": "d457f0c7-1913-4612-b3df-cfd7ac345dee",
            "validate_schema": true,
            "wait": null,
            "wait_for_rollout": true,
            "yaml_body": "\r\napiVersion: v1\r\nkind: ServiceAccount\r\nmetadata:\r\n  name: bookinfo-productpage\r\n  namespace: bookinfo\r\n  labels:\r\n    account: productpage\r\n",
            "yaml_body_parsed": "apiVersion: v1\nkind: ServiceAccount\nmetadata:\n  labels:\n    account: productpage\n  name: bookinfo-productpage\n  namespace: bookinfo\n",
            "yaml_incluster": "7bdc1202618ed258d4c14fd8232f982211a04140da3f593f410f35b7f05720be"
          },
          "sensitive_attributes": [
            [
              {
                "type": "get_attr",
                "value": "live_manifest_incluster"
              }
            ],
            [
              {
                "type": "get_attr",
                "value": "yaml_body"
              }
            ],
            [
              {
                "type": "get_attr",
                "value": "yaml_incluster"
              }
            ]
          ],
          "private": "eyJlMmJmYjczMC1lY2FhLTExZTYtOGY4OC0zNDM2M2JjN2M0YzAiOnsiY3JlYXRlIjo2MDAwMDAwMDAwMDB9LCJzY2hlbWFfdmVyc2lvbiI6IjEifQ==",
          "dependencies": [
            "helm_release.istio_base",
            "helm_release.istiod",
            "kind_cluster.istio_cluster",
            "kubectl_manifest.namespace_bookinfo",
            "kubectl_manifest.namespace_istio"
          ]
        },
        {
          "index_key": "13",
          "schema_version": 1,
          "attributes": {
            "api_version": "apps/v1",
            "apply_only": false,
            "force_conflicts": false,
            "force_new": false,
            "id": "/apis/apps/v1/namespaces/bookinfo/deployments/productpage-v1",
            "ignore_fields": null,
            "kind": "Deployment",
            "live_manifest_incluster": "45d27b207014c37a638bfd691996bdff7c581dabbd4134cfe8fa8f2484c67c82",
            "live_uid": "32d4e5db-2406-4e36-9226-a0fa0d8efd8f",
            "name": "productpage-v1",
            "namespace": "bookinfo",
            "override_namespace": null,
            "sensitive_fields": null,
            "server_side_apply": false,
            "timeouts": null,
            "uid": "32d4e5db-2406-4e36-9226-a0fa0d8efd8f",
            "validate_schema": true,
            "wait": null,
            "wait_for_rollout": true,
            "yaml_body": "\r\napiVersion: apps/v1\r\nkind: Deployment\r\nmetadata:\r\n  name: productpage-v1\r\n  namespace: bookinfo\r\n  labels:\r\n    app: productpage\r\n    version: v1\r\nspec:\r\n  replicas: 1\r\n  selector:\r\n    matchLabels:\r\n      app: productpage\r\n      version: v1\r\n  template:\r\n    metadata:\r\n      labels:\r\n        app: productpage\r\n        version: v1\r\n    spec:\r\n      serviceAccountName: bookinfo-productpage\r\n      containers:\r\n      - name: productpage\r\n        image: docker.io/istio/examples-bookinfo-productpage-v1:1.17.0\r\n        imagePullPolicy: IfNotPresent\r\n        ports:\r\n        - containerPort: 9080",
            "yaml_body_parsed": "apiVersion: apps/v1\nkind: Deployment\nmetadata:\n  labels:\n    app: productpage\n    version: v1\n  name: productpage-v1\n  namespace: bookinfo\nspec:\n  replicas: 1\n  selector:\n    matchLabels:\n      app: productpage\n      version: v1\n  template:\n    metadata:\n      labels:\n        app: productpage\n        version: v1\n    spec:\n      containers:\n      - image: docker.io/istio/examples-bookinfo-productpage-v1:1.17.0\n        imagePullPolicy: IfNotPresent\n        name: productpage\n        ports:\n        - containerPort: 9080\n      serviceAccountName: bookinfo-productpage\n",
            "yaml_incluster": "45d27b207014c37a638bfd691996bdff7c581dabbd4134cfe8fa8f2484c67c82"
          },
          "sensitive_attributes": [
            [
              {
                "type": "get_attr",
                "value": "yaml_body"
              }
            ],
            [
              {
                "type": "get_attr",
                "value": "live_manifest_incluster"
              }
            ],
            [
              {
                "type": "get_attr",
                "value": "yaml_incluster"
              }
            ]
          ],
          "private": "eyJlMmJmYjczMC1lY2FhLTExZTYtOGY4OC0zNDM2M2JjN2M0YzAiOnsiY3JlYXRlIjo2MDAwMDAwMDAwMDB9LCJzY2hlbWFfdmVyc2lvbiI6IjEifQ==",
          "dependencies": [
            "helm_release.istio_base",
            "helm_release.istiod",
            "kind_cluster.istio_cluster",
            "kubectl_manifest.namespace_bookinfo",
            "kubectl_manifest.namespace_istio"
          ]
        },
        {
          "index_key": "2",
          "schema_version": 1,
          "attributes": {
            "api_version": "apps/v1",
            "apply_only": false,
            "force_conflicts": false,
            "force_new": false,
            "id": "/apis/apps/v1/namespaces/bookinfo/deployments/details-v1",
            "ignore_fields": null,
            "kind": "Deployment",
            "live_manifest_incluster": "27062e718ca27c7f5ea6069c0d1166d596c595d3ad1bf295312eb1a65dbbaa25",
            "live_uid": "7526b291-3230-47f6-a68e-8a693e41c8a0",
            "name": "details-v1",
            "namespace": "bookinfo",
            "override_namespace": null,
            "sensitive_fields": null,
            "server_side_apply": false,
            "timeouts": null,
            "uid": "7526b291-3230-47f6-a68e-8a693e41c8a0",
            "validate_schema": true,
            "wait": null,
            "wait_for_rollout": true,
            "yaml_body": "\r\napiVersion: apps/v1\r\nkind: Deployment\r\nmetadata:\r\n  name: details-v1\r\n  namespace: bookinfo\r\n  labels:\r\n    app: details\r\n    version: v1\r\nspec:\r\n  replicas: 1\r\n  selector:\r\n    matchLabels:\r\n      app: details\r\n      version: v1\r\n  template:\r\n    metadata:\r\n      labels:\r\n        app: details\r\n        version: v1\r\n    spec:\r\n      serviceAccountName: bookinfo-details\r\n      containers:\r\n      - name: details\r\n        image: docker.io/istio/examples-bookinfo-details-v1:1.17.0\r\n        imagePullPolicy: IfNotPresent\r\n        ports:\r\n        - containerPort: 9080\r\n",
            "yaml_body_parsed": "apiVersion: apps/v1\nkind: Deployment\nmetadata:\n  labels:\n    app: details\n    version: v1\n  name: details-v1\n  namespace: bookinfo\nspec:\n  replicas: 1\n  selector:\n    matchLabels:\n      app: details\n      version: v1\n  template:\n    metadata:\n      labels:\n        app: details\n        version: v1\n    spec:\n      containers:\n      - image: docker.io/istio/examples-bookinfo-details-v1:1.17.0\n        imagePullPolicy: IfNotPresent\n        name: details\n        ports:\n        - containerPort: 9080\n      serviceAccountName: bookinfo-details\n",
            "yaml_incluster": "27062e718ca27c7f5ea6069c0d1166d596c595d3ad1bf295312eb1a65dbbaa25"
          },
          "sensitive_attributes": [
            [
              {
                "type": "get_attr",
                "value": "yaml_body"
              }
            ],
            [
              {
                "type": "get_attr",
                "value": "yaml_incluster"
              }
            ],
            [
              {
                "type": "get_attr",
                "value": "live_manifest_incluster"
              }
            ]
          ],
          "private": "eyJlMmJmYjczMC1lY2FhLTExZTYtOGY4OC0zNDM2M2JjN2M0YzAiOnsiY3JlYXRlIjo2MDAwMDAwMDAwMDB9LCJzY2hlbWFfdmVyc2lvbiI6IjEifQ==",
          "dependencies": [
            "helm_release.istio_base",
            "helm_release.istiod",
            "kind_cluster.istio_cluster",
            "kubectl_manifest.namespace_bookinfo",
            "kubectl_manifest.namespace_istio"
          ]
        },
        {
          "index_key": "3",
          "schema_version": 1,
          "attributes": {
            "api_version": "v1",
            "apply_only": false,
            "force_conflicts": false,
            "force_new": false,
            "id": "/api/v1/namespaces/bookinfo/services/ratings",
            "ignore_fields": null,
            "kind": "Service",
            "live_manifest_incluster": "0557679192ef94bcc8c463fc40e5af4f5db590c08e55f2109fc40516988aac2e",
            "live_uid": "c67412a7-0b9d-4c73-a70f-0cada855250e",
            "name": "ratings",
            "namespace": "bookinfo",
            "override_namespace": null,
            "sensitive_fields": null,
            "server_side_apply": false,
            "timeouts": null,
            "uid": "c67412a7-0b9d-4c73-a70f-0cada855250e",
            "validate_schema": true,
            "wait": null,
            "wait_for_rollout": true,
            "yaml_body": "\r\napiVersion: v1\r\nkind: Service\r\nmetadata:\r\n  name: ratings\r\n  namespace: bookinfo\r\n  labels:\r\n    app: ratings\r\n    service: ratings\r\nspec:\r\n  ports:\r\n  - port: 9080\r\n    name: http\r\n  selector:\r\n    app: ratings\r\n",
            "yaml_body_parsed": "apiVersion: v1\nkind: Service\nmetadata:\n  labels:\n    app: ratings\n    service: ratings\n  name: ratings\n  namespace: bookinfo\nspec:\n  ports:\n  - name: http\n    port: 9080\n  selector:\n    app: ratings\n",
            "yaml_incluster": "0557679192ef94bcc8c463fc40e5af4f5db590c08e55f2109fc40516988aac2e"
          },
          "sensitive_attributes": [
            [
              {
                "type": "get_attr",
                "value": "yaml_body"
              }
            ],
            [
              {
                "type": "get_attr",
                "value": "yaml_incluster"
              }
            ],
            [
              {
                "type": "get_attr",
                "value": "live_manifest_incluster"
              }
            ]
          ],
          "private": "eyJlMmJmYjczMC1lY2FhLTExZTYtOGY4OC0zNDM2M2JjN2M0YzAiOnsiY3JlYXRlIjo2MDAwMDAwMDAwMDB9LCJzY2hlbWFfdmVyc2lvbiI6IjEifQ==",
          "dependencies": [
            "helm_release.istio_base",
            "helm_release.istiod",
            "kind_cluster.istio_cluster",
            "kubectl_manifest.namespace_bookinfo",
            "kubectl_manifest.namespace_istio"
          ]
        },
        {
          "index_key": "4",
          "schema_version": 1,
          "attributes": {
            "api_version": "v1",
            "apply_only": false,
            "force_conflicts": false,
            "force_new": false,
            "id": "/api/v1/namespaces/bookinfo/serviceaccounts/bookinfo-ratings",
            "ignore_fields": null,
            "kind": "ServiceAccount",
            "live_manifest_incluster": "91d94fdfd46861eab34c39ccb1f2fa8d38e717153421ee2cc67cbeb39504bc30",
            "live_uid": "66940177-562f-43dc-a237-718cab09d37b",
            "name": "bookinfo-ratings",
            "namespace": "bookinfo",
            "override_namespace": null,
            "sensitive_fields": null,
            "server_side_apply": false,
            "timeouts": null,
            "uid": "66940177-562f-43dc-a237-718cab09d37b",
            "validate_schema": true,
            "wait": null,
            "wait_for_rollout": true,
            "yaml_body": "\r\napiVersion: v1\r\nkind: ServiceAccount\r\nmetadata:\r\n  name: bookinfo-ratings\r\n  namespace: bookinfo\r\n  labels:\r\n    account: ratings\r\n",
            "yaml_body_parsed": "apiVersion: v1\nkind: ServiceAccount\nmetadata:\n  labels:\n    account: ratings\n  name: bookinfo-ratings\n  namespace: bookinfo\n",
            "yaml_incluster": "91d94fdfd46861eab34c39ccb1f2fa8d38e717153421ee2cc67cbeb39504bc30"
          },
          "sensitive_attributes": [
            [
              {
                "type": "get_attr",
                "value": "yaml_body"
              }
            ],
            [
              {
                "type": "get_attr",
                "value": "yaml_incluster"
              }
            ],
            [
              {
                "type": "get_attr",
                "value": "live_manifest_incluster"
              }
            ]
          ],
          "private": "eyJlMmJmYjczMC1lY2FhLTExZTYtOGY4OC0zNDM2M2JjN2M0YzAiOnsiY3JlYXRlIjo2MDAwMDAwMDAwMDB9LCJzY2hlbWFfdmVyc2lvbiI6IjEifQ==",
          "dependencies": [
            "helm_release.istio_base",
            "helm_release.istiod",
            "kind_cluster.istio_cluster",
            "kubectl_manifest.namespace_bookinfo",
            "kubectl_manifest.namespace_istio"
          ]
        },
        {
          "index_key": "5",
          "schema_version": 1,
          "attributes": {
            "api_version": "apps/v1",
            "apply_only": false,
            "force_conflicts": false,
            "force_new": false,
            "id": "/apis/apps/v1/namespaces/bookinfo/deployments/ratings-v1",
            "ignore_fields": null,
            "kind": "Deployment",
            "live_manifest_incluster": "f1b8ec65842b856c73c8d90fbad430cf9fb056113de1c19f320944aa52c8e6e4",
            "live_uid": "f923c971-6f85-46f2-b457-c538d1c5f0a0",
            "name": "ratings-v1",
            "namespace": "bookinfo",
            "override_namespace": null,
            "sensitive_fields": null,
            "server_side_apply": false,
            "timeouts": null,
            "uid": "f923c971-6f85-46f2-b457-c538d1c5f0a0",
            "validate_schema": true,
            "wait": null,
            "wait_for_rollout": true,
            "yaml_body": "\r\napiVersion: apps/v1\r\nkind: Deployment\r\nmetadata:\r\n  name: ratings-v1\r\n  namespace: bookinfo\r\n  labels:\r\n    app: ratings\r\n    version: v1\r\nspec:\r\n  replicas: 1\r\n  selector:\r\n    matchLabels:\r\n      app: ratings\r\n      version: v1\r\n  template:\r\n    metadata:\r\n      labels:\r\n        app: ratings\r\n        version: v1\r\n    spec:\r\n      serviceAccountName: bookinfo-ratings\r\n      containers:\r\n      - name: ratings\r\n        image: docker.io/istio/examples-bookinfo-ratings-v1:1.17.0\r\n        imagePullPolicy: IfNotPresent\r\n        ports:\r\n        - containerPort: 9080\r\n",
            "yaml_body_parsed": "apiVersion: apps/v1\nkind: Deployment\nmetadata:\n  labels:\n    app: ratings\n    version: v1\n  name: ratings-v1\n  namespace: bookinfo\nspec:\n  replicas: 1\n  selector:\n    matchLabels:\n      app: ratings\n      version: v1\n  template:\n    metadata:\n      labels:\n        app: ratings\n        version: v1\n    spec:\n      containers:\n      - image: docker.io/istio/examples-bookinfo-ratings-v1:1.17.0\n        imagePullPolicy: IfNotPresent\n        name: ratings\n        ports:\n        - containerPort: 9080\n      serviceAccountName: bookinfo-ratings\n",
            "yaml_incluster": "f1b8ec65842b856c73c8d90fbad430cf9fb056113de1c19f320944aa52c8e6e4"
          },
          "sensitive_attributes": [
            [
              {
                "type": "get_attr",
                "value": "live_manifest_incluster"
              }
            ],
            [
              {
                "type": "get_attr",
                "value": "yaml_body"
              }
            ],
            [
              {
                "type": "get_attr",
                "value": "yaml_incluster"
              }
            ]
          ],
          "private": "eyJlMmJmYjczMC1lY2FhLTExZTYtOGY4OC0zNDM2M2JjN2M0YzAiOnsiY3JlYXRlIjo2MDAwMDAwMDAwMDB9LCJzY2hlbWFfdmVyc2lvbiI6IjEifQ==",
          "dependencies": [
            "helm_release.istio_base",
            "helm_release.istiod",
            "kind_cluster.istio_cluster",
            "kubectl_manifest.namespace_bookinfo",
            "kubectl_manifest.namespace_istio"
          ]
        },
        {
          "index_key": "6",
          "schema_version": 1,
          "attributes": {
            "api_version": "v1",
            "apply_only": false,
            "force_conflicts": false,
            "force_new": false,
            "id": "/api/v1/namespaces/bookinfo/services/reviews",
            "ignore_fields": null,
            "kind": "Service",
            "live_manifest_incluster": "659e99a26721aec3211f9f3f2dda762aea40b91e81968ec41131658eb7898cbc",
            "live_uid": "f9cdb1d3-fa33-4411-b693-3d9cf149ac8b",
            "name": "reviews",
            "namespace": "bookinfo",
            "override_namespace": null,
            "sensitive_fields": null,
            "server_side_apply": false,
            "timeouts": null,
            "uid": "f9cdb1d3-fa33-4411-b693-3d9cf149ac8b",
            "validate_schema": true,
            "wait": null,
            "wait_for_rollout": true,
            "yaml_body": "\r\napiVersion: v1\r\nkind: Service\r\nmetadata:\r\n  name: reviews\r\n  namespace: bookinfo\r\n  labels:\r\n    app: reviews\r\n    service: reviews\r\nspec:\r\n  ports:\r\n  - port: 9080\r\n    name: http\r\n  selector:\r\n    app: reviews\r\n",
            "yaml_body_parsed": "apiVersion: v1\nkind: Service\nmetadata:\n  labels:\n    app: reviews\n    service: reviews\n  name: reviews\n  namespace: bookinfo\nspec:\n  ports:\n  - name: http\n    port: 9080\n  selector:\n    app: reviews\n",
            "yaml_incluster": "659e99a26721aec3211f9f3f2dda762aea40b91e81968ec41131658eb7898cbc"
          },
          "sensitive_attributes": [
            [
              {
                "type": "get_attr",
                "value": "yaml_incluster"
              }
            ],
            [
              {
                "type": "get_attr",
                "value": "live_manifest_incluster"
              }
            ],
            [
              {
                "type": "get_attr",
                "value": "yaml_body"
              }
            ]
          ],
          "private": "eyJlMmJmYjczMC1lY2FhLTExZTYtOGY4OC0zNDM2M2JjN2M0YzAiOnsiY3JlYXRlIjo2MDAwMDAwMDAwMDB9LCJzY2hlbWFfdmVyc2lvbiI6IjEifQ==",
          "dependencies": [
            "helm_release.istio_base",
            "helm_release.istiod",
            "kind_cluster.istio_cluster",
            "kubectl_manifest.namespace_bookinfo",
            "kubectl_manifest.namespace_istio"
          ]
        },
        {
          "index_key": "7",
          "schema_version": 1,
          "attributes": {
            "api_version": "v1",
            "apply_only": false,
            "force_conflicts": false,
            "force_new": false,
            "id": "/api/v1/namespaces/bookinfo/serviceaccounts/bookinfo-reviews",
            "ignore_fields": null,
            "kind": "ServiceAccount",
            "live_manifest_incluster": "d5e7f052f89921f189f95d21ba640c31969955307c4702d4c9b69b368285e03f",
            "live_uid": "702deb0f-fa76-44c7-ba4b-c1ef6e66ab92",
            "name": "bookinfo-reviews",
            "namespace": "bookinfo",
            "override_namespace": null,
            "sensitive_fields": null,
            "server_side_apply": false,
            "timeouts": null,
            "uid": "702deb0f-fa76-44c7-ba4b-c1ef6e66ab92",
            "validate_schema": true,
            "wait": null,
            "wait_for_rollout": true,
            "yaml_body": "\r\napiVersion: v1\r\nkind: ServiceAccount\r\nmetadata:\r\n  name: bookinfo-reviews\r\n  namespace: bookinfo\r\n  labels:\r\n    account: reviews\r\n",
            "yaml_body_parsed": "apiVersion: v1\nkind: ServiceAccount\nmetadata:\n  labels:\n    account: reviews\n  name: bookinfo-reviews\n  namespace: bookinfo\n",
            "yaml_incluster": "d5e7f052f89921f189f95d21ba640c31969955307c4702d4c9b69b368285e03f"
          },
          "sensitive_attributes": [
            [
              {
                "type": "get_attr",
                "value": "live_manifest_incluster"
              }
            ],
            [
              {
                "type": "get_attr",
                "value": "yaml_incluster"
              }
            ],
            [
              {
                "type": "get_attr",
                "value": "yaml_body"
              }
            ]
          ],
          "private": "eyJlMmJmYjczMC1lY2FhLTExZTYtOGY4OC0zNDM2M2JjN2M0YzAiOnsiY3JlYXRlIjo2MDAwMDAwMDAwMDB9LCJzY2hlbWFfdmVyc2lvbiI6IjEifQ==",
          "dependencies": [
            "helm_release.istio_base",
            "helm_release.istiod",
            "kind_cluster.istio_cluster",
            "kubectl_manifest.namespace_bookinfo",
            "kubectl_manifest.namespace_istio"
          ]
        },
        {
          "index_key": "8",
          "schema_version": 1,
          "attributes": {
            "api_version": "apps/v1",
            "apply_only": false,
            "force_conflicts": false,
            "force_new": false,
            "id": "/apis/apps/v1/namespaces/bookinfo/deployments/reviews-v1",
            "ignore_fields": null,
            "kind": "Deployment",
            "live_manifest_incluster": "d6035b5a8919e4317fae001d26bca8cac13e7e73354287605c1a3057c1b587e8",
            "live_uid": "d829a073-150e-4f17-888f-25b179250050",
            "name": "reviews-v1",
            "namespace": "bookinfo",
            "override_namespace": null,
            "sensitive_fields": null,
            "server_side_apply": false,
            "timeouts": null,
            "uid": "d829a073-150e-4f17-888f-25b179250050",
            "validate_schema": true,
            "wait": null,
            "wait_for_rollout": true,
            "yaml_body": "\r\napiVersion: apps/v1\r\nkind: Deployment\r\nmetadata:\r\n  name: reviews-v1\r\n  namespace: bookinfo\r\n  labels:\r\n    app: reviews\r\n    version: v1\r\nspec:\r\n  replicas: 1\r\n  selector:\r\n    matchLabels:\r\n      app: reviews\r\n      version: v1\r\n  template:\r\n    metadata:\r\n      labels:\r\n        app: reviews\r\n        version: v1\r\n    spec:\r\n      serviceAccountName: bookinfo-reviews\r\n      containers:\r\n      - name: reviews\r\n        image: docker.io/istio/examples-bookinfo-reviews-v1:1.17.0\r\n        imagePullPolicy: IfNotPresent\r\n        ports:\r\n        - containerPort: 9080\r\n",
            "yaml_body_parsed": "apiVersion: apps/v1\nkind: Deployment\nmetadata:\n  labels:\n    app: reviews\n    version: v1\n  name: reviews-v1\n  namespace: bookinfo\nspec:\n  replicas: 1\n  selector:\n    matchLabels:\n      app: reviews\n      version: v1\n  template:\n    metadata:\n      labels:\n        app: reviews\n        version: v1\n    spec:\n      containers:\n      - image: docker.io/istio/examples-bookinfo-reviews-v1:1.17.0\n        imagePullPolicy: IfNotPresent\n        name: reviews\n        ports:\n        - containerPort: 9080\n      serviceAccountName: bookinfo-reviews\n",
            "yaml_incluster": "d6035b5a8919e4317fae001d26bca8cac13e7e73354287605c1a3057c1b587e8"
          },
          "sensitive_attributes": [
            [
              {
                "type": "get_attr",
                "value": "yaml_incluster"
              }
            ],
            [
              {
                "type": "get_attr",
                "value": "live_manifest_incluster"
              }
            ],
            [
              {
                "type": "get_attr",
                "value": "yaml_body"
              }
            ]
          ],
          "private": "eyJlMmJmYjczMC1lY2FhLTExZTYtOGY4OC0zNDM2M2JjN2M0YzAiOnsiY3JlYXRlIjo2MDAwMDAwMDAwMDB9LCJzY2hlbWFfdmVyc2lvbiI6IjEifQ==",
          "dependencies": [
            "helm_release.istio_base",
            "helm_release.istiod",
            "kind_cluster.istio_cluster",
            "kubectl_manifest.namespace_bookinfo",
            "kubectl_manifest.namespace_istio"
          ]
        },
        {
          "index_key": "9",
          "schema_version": 1,
          "attributes": {
            "api_version": "apps/v1",
            "apply_only": false,
            "force_conflicts": false,
            "force_new": false,
            "id": "/apis/apps/v1/namespaces/bookinfo/deployments/reviews-v2",
            "ignore_fields": null,
            "kind": "Deployment",
            "live_manifest_incluster": "add3716d418972cc66dcd8daed3b0fb0cf471ba0602dee84144e1459ec8f0f3a",
            "live_uid": "bc90fc30-ad0f-42f8-9236-444563d697e7",
            "name": "reviews-v2",
            "namespace": "bookinfo",
            "override_namespace": null,
            "sensitive_fields": null,
            "server_side_apply": false,
            "timeouts": null,
            "uid": "bc90fc30-ad0f-42f8-9236-444563d697e7",
            "validate_schema": true,
            "wait": null,
            "wait_for_rollout": true,
            "yaml_body": "\r\napiVersion: apps/v1\r\nkind: Deployment\r\nmetadata:\r\n  name: reviews-v2\r\n  namespace: bookinfo\r\n  labels:\r\n    app: reviews\r\n    version: v2\r\nspec:\r\n  replicas: 1\r\n  selector:\r\n    matchLabels:\r\n      app: reviews\r\n      version: v2\r\n  template:\r\n    metadata:\r\n      labels:\r\n        app: reviews\r\n        version: v2\r\n    spec:\r\n      serviceAccountName: bookinfo-reviews\r\n      containers:\r\n      - name: reviews\r\n        image: docker.io/istio/examples-bookinfo-reviews-v2:1.17.0\r\n        imagePullPolicy: IfNotPresent\r\n        ports:\r\n        - containerPort: 9080\r\n",
            "yaml_body_parsed": "apiVersion: apps/v1\nkind: Deployment\nmetadata:\n  labels:\n    app: reviews\n    version: v2\n  name: reviews-v2\n  namespace: bookinfo\nspec:\n  replicas: 1\n  selector:\n    matchLabels:\n      app: reviews\n      version: v2\n  template:\n    metadata:\n      labels:\n        app: reviews\n        version: v2\n    spec:\n      containers:\n      - image: docker.io/istio/examples-bookinfo-reviews-v2:1.17.0\n        imagePullPolicy: IfNotPresent\n        name: reviews\n        ports:\n        - containerPort: 9080\n      serviceAccountName: bookinfo-reviews\n",
            "yaml_incluster": "add3716d418972cc66dcd8daed3b0fb0cf471ba0602dee84144e1459ec8f0f3a"
          },
          "sensitive_attributes": [
            [
              {
                "type": "get_attr",
                "value": "yaml_body"
              }
            ],
            [
              {
                "type": "get_attr",
                "value": "live_manifest_incluster"
              }
            ],
            [
              {
                "type": "get_attr",
                "value": "yaml_incluster"
              }
            ]
          ],
          "private": "eyJlMmJmYjczMC1lY2FhLTExZTYtOGY4OC0zNDM2M2JjN2M0YzAiOnsiY3JlYXRlIjo2MDAwMDAwMDAwMDB9LCJzY2hlbWFfdmVyc2lvbiI6IjEifQ==",
          "dependencies": [
            "helm_release.istio_base",
            "helm_release.istiod",
            "kind_cluster.istio_cluster",
            "kubectl_manifest.namespace_bookinfo",
            "kubectl_manifest.namespace_istio"
          ]
        }
      ]
    },
    {
      "mode": "managed",
      "type": "kubectl_manifest",
      "name": "bookinfo_virtualservice",
      "provider": "provider[\"registry.terraform.io/gavinbunney/kubectl\"]",
      "instances": [
        {
          "schema_version": 1,
          "attributes": {
            "api_version": "networking.istio.io/v1alpha3",
            "apply_only": false,
            "force_conflicts": false,
            "force_new": false,
            "id": "/apis/networking.istio.io/v1alpha3/namespaces/bookinfo/virtualservices/bookinfo",
            "ignore_fields": null,
            "kind": "VirtualService",
            "live_manifest_incluster": "63f93141a08bc9b8629a1221bf64a8d131b9f01085708ea7f712d388388340e1",
            "live_uid": "e3a5eab0-5001-4603-a91e-7f717661a710",
            "name": "bookinfo",
            "namespace": "bookinfo",
            "override_namespace": null,
            "sensitive_fields": null,
            "server_side_apply": false,
            "timeouts": null,
            "uid": "e3a5eab0-5001-4603-a91e-7f717661a710",
            "validate_schema": true,
            "wait": null,
            "wait_for_rollout": true,
            "yaml_body": "apiVersion: networking.istio.io/v1alpha3\r\nkind: VirtualService\r\nmetadata:\r\n  name: bookinfo\r\n  namespace: bookinfo\r\nspec:\r\n  hosts:\r\n  - \"*\"\r\n  gateways:\r\n  - bookinfo-gateway\r\n  http:\r\n  - match:\r\n    - uri:\r\n        exact: /productpage\r\n    - uri:\r\n        prefix: /static\r\n    - uri:\r\n        exact: /login\r\n    - uri:\r\n        exact: /logout\r\n    - uri:\r\n        prefix: /api/v1/products\r\n    route:\r\n    - destination:\r\n        host: productpage\r\n        port:\r\n          number: 9080\r\n",
            "yaml_body_parsed": "apiVersion: networking.istio.io/v1alpha3\nkind: VirtualService\nmetadata:\n  name: bookinfo\n  namespace: bookinfo\nspec:\n  gateways:\n  - bookinfo-gateway\n  hosts:\n  - '*'\n  http:\n  - match:\n    - uri:\n        exact: /productpage\n    - uri:\n        prefix: /static\n    - uri:\n        exact: /login\n    - uri:\n        exact: /logout\n    - uri:\n        prefix: /api/v1/products\n    route:\n    - destination:\n        host: productpage\n        port:\n          number: 9080\n",
            "yaml_incluster": "63f93141a08bc9b8629a1221bf64a8d131b9f01085708ea7f712d388388340e1"
          },
          "sensitive_attributes": [
            [
              {
                "type": "get_attr",
                "value": "live_manifest_incluster"
              }
            ],
            [
              {
                "type": "get_attr",
                "value": "yaml_incluster"
              }
            ],
            [
              {
                "type": "get_attr",
                "value": "yaml_body"
              }
            ]
          ],
          "private": "eyJlMmJmYjczMC1lY2FhLTExZTYtOGY4OC0zNDM2M2JjN2M0YzAiOnsiY3JlYXRlIjo2MDAwMDAwMDAwMDB9LCJzY2hlbWFfdmVyc2lvbiI6IjEifQ==",
          "dependencies": [
            "helm_release.istio_base",
            "helm_release.istio_ingress",
            "helm_release.istiod",
            "kind_cluster.istio_cluster",
            "kubectl_manifest.bookinfo_gateway",
            "kubectl_manifest.bookinfo_manifests",
            "kubectl_manifest.namespace_bookinfo",
            "kubectl_manifest.namespace_istio"
          ]
        }
      ]
    },
    {
      "mode": "managed",
      "type": "kubectl_manifest",
      "name": "namespace_bookinfo",
      "provider": "provider[\"registry.terraform.io/gavinbunney/kubectl\"]",
      "instances": [
        {
          "schema_version": 1,
          "attributes": {
            "api_version": "v1",
            "apply_only": false,
            "force_conflicts": false,
            "force_new": false,
            "id": "/api/v1/namespaces/bookinfo",
            "ignore_fields": null,
            "kind": "Namespace",
            "live_manifest_incluster": "de0ea709810ed1e84eeede439da6919d532e7f9b4f1e896bbbda2dfa7bae1701",
            "live_uid": "f99cb1f3-96c5-4269-befa-64db521188b1",
            "name": "bookinfo",
            "namespace": null,
            "override_namespace": null,
            "sensitive_fields": null,
            "server_side_apply": false,
            "timeouts": null,
            "uid": "f99cb1f3-96c5-4269-befa-64db521188b1",
            "validate_schema": true,
            "wait": null,
            "wait_for_rollout": true,
            "yaml_body": "apiVersion: v1\r\nkind: Namespace\r\nmetadata:\r\n  name: bookinfo\r\n  labels:\r\n    istio-injection: enabled\r\n",
            "yaml_body_parsed": "apiVersion: v1\nkind: Namespace\nmetadata:\n  labels:\n    istio-injection: enabled\n  name: bookinfo\n",
            "yaml_incluster": "de0ea709810ed1e84eeede439da6919d532e7f9b4f1e896bbbda2dfa7bae1701"
          },
          "sensitive_attributes": [
            [
              {
                "type": "get_attr",
                "value": "live_manifest_incluster"
              }
            ],
            [
              {
                "type": "get_attr",
                "value": "yaml_body"
              }
            ],
            [
              {
                "type": "get_attr",
                "value": "yaml_incluster"
              }
            ]
          ],
          "private": "eyJlMmJmYjczMC1lY2FhLTExZTYtOGY4OC0zNDM2M2JjN2M0YzAiOnsiY3JlYXRlIjo2MDAwMDAwMDAwMDB9LCJzY2hlbWFfdmVyc2lvbiI6IjEifQ==",
          "dependencies": [
            "kind_cluster.istio_cluster"
          ]
        }
      ]
    },
    {
      "mode": "managed",
      "type": "kubectl_manifest",
      "name": "namespace_istio",
      "provider": "provider[\"registry.terraform.io/gavinbunney/kubectl\"]",
      "instances": [
        {
          "schema_version": 1,
          "attributes": {
            "api_version": "v1",
            "apply_only": false,
            "force_conflicts": false,
            "force_new": false,
            "id": "/api/v1/namespaces/istio-system",
            "ignore_fields": null,
            "kind": "Namespace",
            "live_manifest_incluster": "45dee0a567fa7975e784a20b81102669c98fc9aaebe4463f59aceed9a59eda58",
            "live_uid": "2519ead5-45e4-405f-9768-1e2cad7d3135",
            "name": "istio-system",
            "namespace": null,
            "override_namespace": null,
            "sensitive_fields": null,
            "server_side_apply": false,
            "timeouts": null,
            "uid": "2519ead5-45e4-405f-9768-1e2cad7d3135",
            "validate_schema": true,
            "wait": null,
            "wait_for_rollout": true,
            "yaml_body": "apiVersion: v1\r\nkind: Namespace\r\nmetadata:\r\n  name: istio-system\r\n",
            "yaml_body_parsed": "apiVersion: v1\nkind: Namespace\nmetadata:\n  name: istio-system\n",
            "yaml_incluster": "45dee0a567fa7975e784a20b81102669c98fc9aaebe4463f59aceed9a59eda58"
          },
          "sensitive_attributes": [
            [
              {
                "type": "get_attr",
                "value": "live_manifest_incluster"
              }
            ],
            [
              {
                "type": "get_attr",
                "value": "yaml_incluster"
              }
            ],
            [
              {
                "type": "get_attr",
                "value": "yaml_body"
              }
            ]
          ],
          "private": "eyJlMmJmYjczMC1lY2FhLTExZTYtOGY4OC0zNDM2M2JjN2M0YzAiOnsiY3JlYXRlIjo2MDAwMDAwMDAwMDB9LCJzY2hlbWFfdmVyc2lvbiI6IjEifQ==",
          "dependencies": [
            "kind_cluster.istio_cluster"
          ]
        }
      ]
    },
    {
      "mode": "managed",
      "type": "kubectl_manifest",
      "name": "namespace_keycloak",
      "provider": "provider[\"registry.terraform.io/gavinbunney/kubectl\"]",
      "instances": [
        {
          "schema_version": 1,
          "attributes": {
            "api_version": "v1",
            "apply_only": false,
            "force_conflicts": false,
            "force_new": false,
            "id": "/api/v1/namespaces/keycloak",
            "ignore_fields": null,
            "kind": "Namespace",
            "live_manifest_incluster": "8cfcdafbc4fe761ba1df0261c3ecd53fc17e14cbef933e4807951bf9294193ab",
            "live_uid": "a8d319fe-ab24-47dc-b201-d088431b2aef",
            "name": "keycloak",
            "namespace": null,
            "override_namespace": null,
            "sensitive_fields": null,
            "server_side_apply": false,
            "timeouts": null,
            "uid": "a8d319fe-ab24-47dc-b201-d088431b2aef",
            "validate_schema": true,
            "wait": null,
            "wait_for_rollout": true,
            "yaml_body": "apiVersion: v1\r\nkind: Namespace\r\nmetadata:\r\n  name: keycloak\r\n",
            "yaml_body_parsed": "apiVersion: v1\nkind: Namespace\nmetadata:\n  name: keycloak\n",
            "yaml_incluster": "8cfcdafbc4fe761ba1df0261c3ecd53fc17e14cbef933e4807951bf9294193ab"
          },
          "sensitive_attributes": [
            [
              {
                "type": "get_attr",
                "value": "yaml_body"
              }
            ],
            [
              {
                "type": "get_attr",
                "value": "yaml_incluster"
              }
            ],
            [
              {
                "type": "get_attr",
                "value": "live_manifest_incluster"
              }
            ]
          ],
          "private": "eyJlMmJmYjczMC1lY2FhLTExZTYtOGY4OC0zNDM2M2JjN2M0YzAiOnsiY3JlYXRlIjo2MDAwMDAwMDAwMDB9LCJzY2hlbWFfdmVyc2lvbiI6IjEifQ==",
          "dependencies": [
            "kind_cluster.istio_cluster"
          ]
        }
      ]
    },
    {
      "mode": "managed",
      "type": "kubectl_manifest",
      "name": "request_authentication",
      "provider": "provider[\"registry.terraform.io/gavinbunney/kubectl\"]",
      "instances": [
        {
          "schema_version": 1,
          "attributes": {
            "api_version": "security.istio.io/v1beta1",
            "apply_only": false,
            "force_conflicts": false,
            "force_new": false,
            "id": "/apis/security.istio.io/v1beta1/namespaces/bookinfo/requestauthentications/jwt-auth",
            "ignore_fields": null,
            "kind": "RequestAuthentication",
            "live_manifest_incluster": "900101433faf80c92c1997b3c61920d85628670637bb9556fae6beefdc92df16",
            "live_uid": "052b39d1-6ef0-4bb0-889e-68ca11fc74ba",
            "name": "jwt-auth",
            "namespace": "bookinfo",
            "override_namespace": null,
            "sensitive_fields": null,
            "server_side_apply": false,
            "timeouts": null,
            "uid": "052b39d1-6ef0-4bb0-889e-68ca11fc74ba",
            "validate_schema": true,
            "wait": null,
            "wait_for_rollout": true,
            "yaml_body": "apiVersion: security.istio.io/v1beta1\r\nkind: RequestAuthentication\r\nmetadata:\r\n  name: jwt-auth\r\n  namespace: bookinfo\r\nspec:\r\n  selector:\r\n    matchLabels:\r\n      app: productpage\r\n  jwtRules:\r\n  - issuer: \"http://localhost:30002/realms/bookinfo\"\r\n    jwksUri: \"http://keycloak.keycloak.svc.cluster.local:80/realms/bookinfo/protocol/openid-connect/certs\"\r\n    forwardOriginalToken: true\r\n",
            "yaml_body_parsed": "apiVersion: security.istio.io/v1beta1\nkind: RequestAuthentication\nmetadata:\n  name: jwt-auth\n  namespace: bookinfo\nspec:\n  jwtRules:\n  - forwardOriginalToken: true\n    issuer: http://localhost:30002/realms/bookinfo\n    jwksUri: http://keycloak.keycloak.svc.cluster.local:80/realms/bookinfo/protocol/openid-connect/certs\n  selector:\n    matchLabels:\n      app: productpage\n",
            "yaml_incluster": "900101433faf80c92c1997b3c61920d85628670637bb9556fae6beefdc92df16"
          },
          "sensitive_attributes": [
            [
              {
                "type": "get_attr",
                "value": "yaml_body"
              }
            ],
            [
              {
                "type": "get_attr",
                "value": "yaml_incluster"
              }
            ],
            [
              {
                "type": "get_attr",
                "value": "live_manifest_incluster"
              }
            ]
          ],
          "private": "eyJlMmJmYjczMC1lY2FhLTExZTYtOGY4OC0zNDM2M2JjN2M0YzAiOnsiY3JlYXRlIjo2MDAwMDAwMDAwMDB9LCJzY2hlbWFfdmVyc2lvbiI6IjEifQ==",
          "dependencies": [
            "helm_release.istio_base",
            "helm_release.istiod",
            "helm_release.keycloak",
            "kind_cluster.istio_cluster",
            "kubectl_manifest.bookinfo_manifests",
            "kubectl_manifest.namespace_bookinfo",
            "kubectl_manifest.namespace_istio",
            "kubectl_manifest.namespace_keycloak"
          ]
        }
      ]
    }
  ],
  "check_results": null
}
